{
  "version": 4,
  "terraform_version": "1.10.5",
  "serial": 661,
  "lineage": "72410ad1-7f0d-c66b-6dee-2960d79508df",
  "outputs": {},
  "resources": [
    {
      "module": "module.eks_cluester",
      "mode": "data",
      "type": "aws_iam_policy",
      "name": "eks_cluster_master_policy",
      "provider": "provider[\"registry.terraform.io/hashicorp/aws\"]",
      "instances": [
        {
          "schema_version": 0,
          "attributes": {
            "arn": "arn:aws:iam::aws:policy/AmazonEKSClusterPolicy",
            "attachment_count": 1,
            "description": "This policy provides Kubernetes the permissions it requires to manage resources on your behalf. Kubernetes requires Ec2:CreateTags permissions to place identifying information on EC2 resources including but not limited to Instances, Security Groups, and Elastic Network Interfaces. ",
            "id": "arn:aws:iam::aws:policy/AmazonEKSClusterPolicy",
            "name": "AmazonEKSClusterPolicy",
            "path": "/",
            "path_prefix": null,
            "policy": "{\n\t\"Version\": \"2012-10-17\",\n\t\"Statement\": [\n\t\t{\n\t\t\t\"Sid\": \"AmazonEKSClusterPolicy\",\n\t\t\t\"Effect\": \"Allow\",\n\t\t\t\"Action\": [\n\t\t\t\t\"autoscaling:DescribeAutoScalingGroups\",\n\t\t\t\t\"autoscaling:UpdateAutoScalingGroup\",\n\t\t\t\t\"ec2:AttachVolume\",\n\t\t\t\t\"ec2:AuthorizeSecurityGroupIngress\",\n\t\t\t\t\"ec2:CreateRoute\",\n\t\t\t\t\"ec2:CreateSecurityGroup\",\n\t\t\t\t\"ec2:CreateTags\",\n\t\t\t\t\"ec2:CreateVolume\",\n\t\t\t\t\"ec2:DeleteRoute\",\n\t\t\t\t\"ec2:DeleteSecurityGroup\",\n\t\t\t\t\"ec2:DeleteVolume\",\n\t\t\t\t\"ec2:DescribeInstances\",\n\t\t\t\t\"ec2:DescribeRouteTables\",\n\t\t\t\t\"ec2:DescribeSecurityGroups\",\n\t\t\t\t\"ec2:DescribeSubnets\",\n\t\t\t\t\"ec2:DescribeVolumes\",\n\t\t\t\t\"ec2:DescribeVolumesModifications\",\n\t\t\t\t\"ec2:DescribeVpcs\",\n\t\t\t\t\"ec2:DescribeDhcpOptions\",\n\t\t\t\t\"ec2:DescribeNetworkInterfaces\",\n\t\t\t\t\"ec2:DescribeAvailabilityZones\",\n\t\t\t\t\"ec2:DetachVolume\",\n\t\t\t\t\"ec2:ModifyInstanceAttribute\",\n\t\t\t\t\"ec2:ModifyVolume\",\n\t\t\t\t\"ec2:RevokeSecurityGroupIngress\",\n\t\t\t\t\"ec2:DescribeAccountAttributes\",\n\t\t\t\t\"ec2:DescribeAddresses\",\n\t\t\t\t\"ec2:DescribeInternetGateways\",\n\t\t\t\t\"ec2:DescribeInstanceTopology\",\n\t\t\t\t\"elasticloadbalancing:AddTags\",\n\t\t\t\t\"elasticloadbalancing:ApplySecurityGroupsToLoadBalancer\",\n\t\t\t\t\"elasticloadbalancing:AttachLoadBalancerToSubnets\",\n\t\t\t\t\"elasticloadbalancing:ConfigureHealthCheck\",\n\t\t\t\t\"elasticloadbalancing:CreateListener\",\n\t\t\t\t\"elasticloadbalancing:CreateLoadBalancer\",\n\t\t\t\t\"elasticloadbalancing:CreateLoadBalancerListeners\",\n\t\t\t\t\"elasticloadbalancing:CreateLoadBalancerPolicy\",\n\t\t\t\t\"elasticloadbalancing:CreateTargetGroup\",\n\t\t\t\t\"elasticloadbalancing:DeleteListener\",\n\t\t\t\t\"elasticloadbalancing:DeleteLoadBalancer\",\n\t\t\t\t\"elasticloadbalancing:DeleteLoadBalancerListeners\",\n\t\t\t\t\"elasticloadbalancing:DeleteTargetGroup\",\n\t\t\t\t\"elasticloadbalancing:DeregisterInstancesFromLoadBalancer\",\n\t\t\t\t\"elasticloadbalancing:DeregisterTargets\",\n\t\t\t\t\"elasticloadbalancing:DescribeListeners\",\n\t\t\t\t\"elasticloadbalancing:DescribeLoadBalancerAttributes\",\n\t\t\t\t\"elasticloadbalancing:DescribeLoadBalancerPolicies\",\n\t\t\t\t\"elasticloadbalancing:DescribeLoadBalancers\",\n\t\t\t\t\"elasticloadbalancing:DescribeTargetGroupAttributes\",\n\t\t\t\t\"elasticloadbalancing:DescribeTargetGroups\",\n\t\t\t\t\"elasticloadbalancing:DescribeTargetHealth\",\n\t\t\t\t\"elasticloadbalancing:DetachLoadBalancerFromSubnets\",\n\t\t\t\t\"elasticloadbalancing:ModifyListener\",\n\t\t\t\t\"elasticloadbalancing:ModifyLoadBalancerAttributes\",\n\t\t\t\t\"elasticloadbalancing:ModifyTargetGroup\",\n\t\t\t\t\"elasticloadbalancing:ModifyTargetGroupAttributes\",\n\t\t\t\t\"elasticloadbalancing:RegisterInstancesWithLoadBalancer\",\n\t\t\t\t\"elasticloadbalancing:RegisterTargets\",\n\t\t\t\t\"elasticloadbalancing:SetLoadBalancerPoliciesForBackendServer\",\n\t\t\t\t\"elasticloadbalancing:SetLoadBalancerPoliciesOfListener\",\n\t\t\t\t\"kms:DescribeKey\"\n\t\t\t],\n\t\t\t\"Resource\": \"*\"\n\t\t},\n\t\t{\n\t\t\t\"Sid\": \"AmazonEKSClusterPolicySLRCreate\",\n\t\t\t\"Effect\": \"Allow\",\n\t\t\t\"Action\": \"iam:CreateServiceLinkedRole\",\n\t\t\t\"Resource\": \"*\",\n\t\t\t\"Condition\": {\n\t\t\t\t\"StringEquals\": {\n\t\t\t\t\t\"iam:AWSServiceName\": \"elasticloadbalancing.amazonaws.com\"\n\t\t\t\t}\n\t\t\t}\n\t\t},\n\t\t{\n\t\t\t\"Sid\": \"AmazonEKSClusterPolicyENIDelete\",\n\t\t\t\"Effect\": \"Allow\",\n\t\t\t\"Action\": \"ec2:DeleteNetworkInterface\",\n\t\t\t\"Resource\": \"*\",\n\t\t\t\"Condition\": {\n\t\t\t\t\"StringEquals\": {\n\t\t\t\t\t\"ec2:ResourceTag/eks:eni:owner\": \"amazon-vpc-cni\"\n\t\t\t\t}\n\t\t\t}\n\t\t}\n\t]\n}",
            "policy_id": "ANPAIBTLDQMIC6UOIGFWA",
            "tags": {}
          },
          "sensitive_attributes": []
        }
      ]
    },
    {
      "module": "module.eks_cluester",
      "mode": "data",
      "type": "aws_iam_policy",
      "name": "eks_cluster_vpc_policy",
      "provider": "provider[\"registry.terraform.io/hashicorp/aws\"]",
      "instances": [
        {
          "schema_version": 0,
          "attributes": {
            "arn": "arn:aws:iam::aws:policy/AmazonEKSVPCResourceController",
            "attachment_count": 1,
            "description": "Policy used by VPC Resource Controller to manage ENI and IPs for worker nodes.",
            "id": "arn:aws:iam::aws:policy/AmazonEKSVPCResourceController",
            "name": "AmazonEKSVPCResourceController",
            "path": "/",
            "path_prefix": null,
            "policy": "{\n\t\"Version\": \"2012-10-17\",\n\t\"Statement\": [\n\t\t{\n\t\t\t\"Effect\": \"Allow\",\n\t\t\t\"Action\": \"ec2:CreateNetworkInterfacePermission\",\n\t\t\t\"Resource\": \"*\",\n\t\t\t\"Condition\": {\n\t\t\t\t\"ForAnyValue:StringEquals\": {\n\t\t\t\t\t\"ec2:ResourceTag/eks:eni:owner\": \"eks-vpc-resource-controller\"\n\t\t\t\t}\n\t\t\t}\n\t\t},\n\t\t{\n\t\t\t\"Effect\": \"Allow\",\n\t\t\t\"Action\": [\n\t\t\t\t\"ec2:CreateNetworkInterface\",\n\t\t\t\t\"ec2:DetachNetworkInterface\",\n\t\t\t\t\"ec2:ModifyNetworkInterfaceAttribute\",\n\t\t\t\t\"ec2:DeleteNetworkInterface\",\n\t\t\t\t\"ec2:AttachNetworkInterface\",\n\t\t\t\t\"ec2:UnassignPrivateIpAddresses\",\n\t\t\t\t\"ec2:AssignPrivateIpAddresses\"\n\t\t\t],\n\t\t\t\"Resource\": \"*\"\n\t\t}\n\t]\n}",
            "policy_id": "ANPAZKAPJZG4PBOFT2NNA",
            "tags": {}
          },
          "sensitive_attributes": []
        }
      ]
    },
    {
      "module": "module.eks_cluester",
      "mode": "data",
      "type": "aws_iam_policy_document",
      "name": "iam_policy_document",
      "provider": "provider[\"registry.terraform.io/hashicorp/aws\"]",
      "instances": [
        {
          "schema_version": 0,
          "attributes": {
            "id": "3552664922",
            "json": "{\n  \"Version\": \"2012-10-17\",\n  \"Statement\": [\n    {\n      \"Effect\": \"Allow\",\n      \"Action\": \"sts:AssumeRole\",\n      \"Principal\": {\n        \"Service\": \"eks.amazonaws.com\"\n      }\n    }\n  ]\n}",
            "minified_json": "{\"Version\":\"2012-10-17\",\"Statement\":[{\"Effect\":\"Allow\",\"Action\":\"sts:AssumeRole\",\"Principal\":{\"Service\":\"eks.amazonaws.com\"}}]}",
            "override_json": null,
            "override_policy_documents": null,
            "policy_id": null,
            "source_json": null,
            "source_policy_documents": null,
            "statement": [
              {
                "actions": [
                  "sts:AssumeRole"
                ],
                "condition": [],
                "effect": "Allow",
                "not_actions": [],
                "not_principals": [],
                "not_resources": [],
                "principals": [
                  {
                    "identifiers": [
                      "eks.amazonaws.com"
                    ],
                    "type": "Service"
                  }
                ],
                "resources": [],
                "sid": ""
              }
            ],
            "version": "2012-10-17"
          },
          "sensitive_attributes": []
        }
      ]
    },
    {
      "module": "module.eks_cluester",
      "mode": "managed",
      "type": "aws_eks_cluster",
      "name": "eks_cluester",
      "provider": "provider[\"registry.terraform.io/hashicorp/aws\"]",
      "instances": [
        {
          "schema_version": 1,
          "attributes": {
            "access_config": [
              {
                "authentication_mode": "CONFIG_MAP",
                "bootstrap_cluster_creator_admin_permissions": true
              }
            ],
            "arn": "arn:aws:eks:us-east-1:466649784722:cluster/demo-eks",
            "bootstrap_self_managed_addons": true,
            "certificate_authority": [
              {
                "data": "LS0tLS1CRUdJTiBDRVJUSUZJQ0FURS0tLS0tCk1JSURCVENDQWUyZ0F3SUJBZ0lJWGdVYlpFeGFjZll3RFFZSktvWklodmNOQVFFTEJRQXdGVEVUTUJFR0ExVUUKQXhNS2EzVmlaWEp1WlhSbGN6QWVGdzB5TlRBMU16QXdOak0xTUROYUZ3MHpOVEExTWpnd05qUXdNRE5hTUJVeApFekFSQmdOVkJBTVRDbXQxWW1WeWJtVjBaWE13Z2dFaU1BMEdDU3FHU0liM0RRRUJBUVVBQTRJQkR3QXdnZ0VLCkFvSUJBUUN6dDlXZ2tscG5wSFEwcHlzZlJRRkJvM1ZHb1RNTXFWR1JsTjhOaDRrOGRnWU1lWUp1WC9odmMvZkcKYWxaeTBBdXE4NmVGbUE5Qzl1U1BYSDA5dmk4VnBMVEl4VWF4azc1T25QRXU3MHVzQm1oclcrL1BxRXkrdWUrYwpIUWhDV09ENWZQemVpcHFKalZ5VDF3cTV1NnNFS2lRUWRFb3BucXJUOWRZVkZia1p1c3FkQVpzY2FwUjZHYVJDCjk0UkczSlBpQ2lSdGJCVXlQalBPRHpNeU1QWE0rTzA1bnd6Y2hXQ2JHU3c5UGhtOUM3bzB2V3ZsaFlraFcwVUsKendROU13cWNsRStmVXlDbHFEYkFoRkJqbktMYzljVExrQTIxVUE1VkxmV1FwZGhGRmpWTlpTUHVmdkxNNzJ1RgpmTTZxOFlTR2lwdjEzVERYbXRVbmRpQkUrd0RsQWdNQkFBR2pXVEJYTUE0R0ExVWREd0VCL3dRRUF3SUNwREFQCkJnTlZIUk1CQWY4RUJUQURBUUgvTUIwR0ExVWREZ1FXQkJTczFGYk5MV0ZpZWx0WHpoRUlhc1VRTldEY2RqQVYKQmdOVkhSRUVEakFNZ2dwcmRXSmxjbTVsZEdWek1BMEdDU3FHU0liM0RRRUJDd1VBQTRJQkFRQVNjYTdxYVk3QwpPNEMwMFZsbmFLWUtDRXg2TUYxZVpPVnZyVU5FQ3VhTmM0K3d6OHZBMitjUjQ1YVVaQzFTZXBmUm5Ib1hHNTZoCnVsaVJlQ0lneHJqRm00d1g2S2k3UnpxckpjRHhFS1Y2UHNmaHNTanlYVUZTZllrc1RQWVFicUlTejRFRVdpV1UKOTRDMDQrMHRpd3AzdUdtNXBlRTRyeDNCN0NqOGFVYndnSDVKQThPcDFKeXoxNDcvWTdNQUx4NzBBRkhNQ2lNcApmQjJ6NHNGUEROT3V4eGh4WGFEUDdIQzlyQXFhN052TkJHZk5YYlNhN2EvRnBHL3dWcGZSRlB1d3NUa3hFaE9rCmc0OFdxWFpncWNScEt4SFVrVWJpd0dSd0ZJVGlwYzYyZEJCejNJb0VPYnBMYzdhbnltWmZESWZpTkxaZlNrWU0KMWtCRW1MdzlkakN6Ci0tLS0tRU5EIENFUlRJRklDQVRFLS0tLS0K"
              }
            ],
            "cluster_id": null,
            "compute_config": [],
            "created_at": "2025-05-30T06:35:22Z",
            "enabled_cluster_log_types": [
              "api",
              "audit",
              "authenticator",
              "controllerManager",
              "scheduler"
            ],
            "encryption_config": [],
            "endpoint": "https://DD0EDDE2A972B3F0B566D163F972A435.gr7.us-east-1.eks.amazonaws.com",
            "force_update_version": null,
            "id": "demo-eks",
            "identity": [
              {
                "oidc": [
                  {
                    "issuer": "https://oidc.eks.us-east-1.amazonaws.com/id/DD0EDDE2A972B3F0B566D163F972A435"
                  }
                ]
              }
            ],
            "kubernetes_network_config": [
              {
                "elastic_load_balancing": [
                  {
                    "enabled": false
                  }
                ],
                "ip_family": "ipv4",
                "service_ipv4_cidr": "172.20.0.0/16",
                "service_ipv6_cidr": ""
              }
            ],
            "name": "demo-eks",
            "outpost_config": [],
            "platform_version": "eks.11",
            "remote_network_config": [],
            "role_arn": "arn:aws:iam::466649784722:role/eks_cluster_master_role",
            "status": "ACTIVE",
            "storage_config": [],
            "tags": {
              "Name": "demo-dev-demo-eks",
              "company": "CT",
              "createdBy": "Terraform",
              "environment": "dev",
              "project": "CT-Project"
            },
            "tags_all": {
              "Name": "demo-dev-demo-eks",
              "company": "CT",
              "createdBy": "Terraform",
              "environment": "dev",
              "project": "CT-Project"
            },
            "timeouts": null,
            "upgrade_policy": [
              {
                "support_type": "EXTENDED"
              }
            ],
            "version": "1.32",
            "vpc_config": [
              {
                "cluster_security_group_id": "sg-0192406a996550fac",
                "endpoint_private_access": false,
                "endpoint_public_access": true,
                "public_access_cidrs": [
                  "0.0.0.0/0"
                ],
                "security_group_ids": [],
                "subnet_ids": [
                  "subnet-09d576b10e86707f2",
                  "subnet-0cfac3878d4af6646"
                ],
                "vpc_id": "vpc-0bcf2885b88deea92"
              }
            ],
            "zonal_shift_config": []
          },
          "sensitive_attributes": [],
          "private": "eyJlMmJmYjczMC1lY2FhLTExZTYtOGY4OC0zNDM2M2JjN2M0YzAiOnsiY3JlYXRlIjoxODAwMDAwMDAwMDAwLCJkZWxldGUiOjkwMDAwMDAwMDAwMCwidXBkYXRlIjozNjAwMDAwMDAwMDAwfSwic2NoZW1hX3ZlcnNpb24iOiIxIn0=",
          "dependencies": [
            "module.eks_cluester.aws_iam_role.eks_cluster_master_role",
            "module.eks_cluester.aws_iam_role_policy_attachment.iam_role_eks_vpc_policy_attachment",
            "module.eks_cluester.aws_iam_role_policy_attachment.iam_role_policy_attachment",
            "module.eks_cluester.data.aws_iam_policy.eks_cluster_master_policy",
            "module.eks_cluester.data.aws_iam_policy.eks_cluster_vpc_policy",
            "module.eks_cluester.data.aws_iam_policy_document.iam_policy_document",
            "module.vpc.aws_eip.eip",
            "module.vpc.aws_internet_gateway.igw",
            "module.vpc.aws_nat_gateway.public",
            "module.vpc.aws_route_table.private_route_table",
            "module.vpc.aws_route_table.public_route_table",
            "module.vpc.aws_route_table_association.private_rt_asso",
            "module.vpc.aws_route_table_association.public_rt_asso",
            "module.vpc.aws_subnet.private_subnet",
            "module.vpc.aws_subnet.public_subnet",
            "module.vpc.aws_vpc.this",
            "module.vpc.data.aws_availability_zones.azs"
          ]
        }
      ]
    },
    {
      "module": "module.eks_cluester",
      "mode": "managed",
      "type": "aws_iam_role",
      "name": "eks_cluster_master_role",
      "provider": "provider[\"registry.terraform.io/hashicorp/aws\"]",
      "instances": [
        {
          "schema_version": 0,
          "attributes": {
            "arn": "arn:aws:iam::466649784722:role/eks_cluster_master_role",
            "assume_role_policy": "{\"Statement\":[{\"Action\":\"sts:AssumeRole\",\"Effect\":\"Allow\",\"Principal\":{\"Service\":\"eks.amazonaws.com\"}}],\"Version\":\"2012-10-17\"}",
            "create_date": "2025-05-30T06:35:18Z",
            "description": "",
            "force_detach_policies": false,
            "id": "eks_cluster_master_role",
            "inline_policy": [],
            "managed_policy_arns": [
              "arn:aws:iam::aws:policy/AmazonEKSClusterPolicy",
              "arn:aws:iam::aws:policy/AmazonEKSVPCResourceController"
            ],
            "max_session_duration": 3600,
            "name": "eks_cluster_master_role",
            "name_prefix": "",
            "path": "/",
            "permissions_boundary": "",
            "tags": {
              "Name": "demo-dev-eks-master-role",
              "company": "CT",
              "createdBy": "Terraform",
              "environment": "dev",
              "project": "CT-Project"
            },
            "tags_all": {
              "Name": "demo-dev-eks-master-role",
              "company": "CT",
              "createdBy": "Terraform",
              "environment": "dev",
              "project": "CT-Project"
            },
            "unique_id": "AROAWZJT6UGJJ4LXAWRCO"
          },
          "sensitive_attributes": [],
          "private": "bnVsbA==",
          "dependencies": [
            "module.eks_cluester.data.aws_iam_policy_document.iam_policy_document",
            "module.vpc.aws_eip.eip",
            "module.vpc.aws_internet_gateway.igw",
            "module.vpc.aws_nat_gateway.public",
            "module.vpc.aws_route_table.private_route_table",
            "module.vpc.aws_route_table.public_route_table",
            "module.vpc.aws_route_table_association.private_rt_asso",
            "module.vpc.aws_route_table_association.public_rt_asso",
            "module.vpc.aws_subnet.private_subnet",
            "module.vpc.aws_subnet.public_subnet",
            "module.vpc.aws_vpc.this",
            "module.vpc.data.aws_availability_zones.azs"
          ]
        }
      ]
    },
    {
      "module": "module.eks_cluester",
      "mode": "managed",
      "type": "aws_iam_role_policy_attachment",
      "name": "iam_role_eks_vpc_policy_attachment",
      "provider": "provider[\"registry.terraform.io/hashicorp/aws\"]",
      "instances": [
        {
          "schema_version": 0,
          "attributes": {
            "id": "eks_cluster_master_role-20250530063519573400000005",
            "policy_arn": "arn:aws:iam::aws:policy/AmazonEKSVPCResourceController",
            "role": "eks_cluster_master_role"
          },
          "sensitive_attributes": [],
          "private": "bnVsbA==",
          "dependencies": [
            "module.eks_cluester.aws_iam_role.eks_cluster_master_role",
            "module.eks_cluester.data.aws_iam_policy.eks_cluster_vpc_policy",
            "module.eks_cluester.data.aws_iam_policy_document.iam_policy_document",
            "module.vpc.aws_eip.eip",
            "module.vpc.aws_internet_gateway.igw",
            "module.vpc.aws_nat_gateway.public",
            "module.vpc.aws_route_table.private_route_table",
            "module.vpc.aws_route_table.public_route_table",
            "module.vpc.aws_route_table_association.private_rt_asso",
            "module.vpc.aws_route_table_association.public_rt_asso",
            "module.vpc.aws_subnet.private_subnet",
            "module.vpc.aws_subnet.public_subnet",
            "module.vpc.aws_vpc.this",
            "module.vpc.data.aws_availability_zones.azs"
          ]
        }
      ]
    },
    {
      "module": "module.eks_cluester",
      "mode": "managed",
      "type": "aws_iam_role_policy_attachment",
      "name": "iam_role_policy_attachment",
      "provider": "provider[\"registry.terraform.io/hashicorp/aws\"]",
      "instances": [
        {
          "schema_version": 0,
          "attributes": {
            "id": "eks_cluster_master_role-20250530063519530800000004",
            "policy_arn": "arn:aws:iam::aws:policy/AmazonEKSClusterPolicy",
            "role": "eks_cluster_master_role"
          },
          "sensitive_attributes": [],
          "private": "bnVsbA==",
          "dependencies": [
            "module.eks_cluester.aws_iam_role.eks_cluster_master_role",
            "module.eks_cluester.data.aws_iam_policy.eks_cluster_master_policy",
            "module.eks_cluester.data.aws_iam_policy_document.iam_policy_document",
            "module.vpc.aws_eip.eip",
            "module.vpc.aws_internet_gateway.igw",
            "module.vpc.aws_nat_gateway.public",
            "module.vpc.aws_route_table.private_route_table",
            "module.vpc.aws_route_table.public_route_table",
            "module.vpc.aws_route_table_association.private_rt_asso",
            "module.vpc.aws_route_table_association.public_rt_asso",
            "module.vpc.aws_subnet.private_subnet",
            "module.vpc.aws_subnet.public_subnet",
            "module.vpc.aws_vpc.this",
            "module.vpc.data.aws_availability_zones.azs"
          ]
        }
      ]
    },
    {
      "module": "module.eks_cluster_admin_with_role",
      "mode": "data",
      "type": "aws_caller_identity",
      "name": "caller_identity",
      "provider": "module.eks_cluster_admin_with_role.provider[\"registry.terraform.io/hashicorp/aws\"]",
      "instances": [
        {
          "schema_version": 0,
          "attributes": {
            "account_id": "466649784722",
            "arn": "arn:aws:iam::466649784722:user/iamadmin",
            "id": "466649784722",
            "user_id": "AIDAWZJT6UGJASQAH6H7T"
          },
          "sensitive_attributes": []
        }
      ]
    },
    {
      "module": "module.eks_cluster_admin_with_role",
      "mode": "data",
      "type": "aws_caller_identity",
      "name": "current",
      "provider": "module.eks_cluster_admin_with_role.provider[\"registry.terraform.io/hashicorp/aws\"]",
      "instances": [
        {
          "schema_version": 0,
          "attributes": {
            "account_id": "466649784722",
            "arn": "arn:aws:iam::466649784722:user/iamadmin",
            "id": "466649784722",
            "user_id": "AIDAWZJT6UGJASQAH6H7T"
          },
          "sensitive_attributes": []
        }
      ]
    },
    {
      "module": "module.eks_cluster_admin_with_role",
      "mode": "data",
      "type": "aws_eks_cluster",
      "name": "cluster_name",
      "provider": "module.eks_cluster_admin_with_role.provider[\"registry.terraform.io/hashicorp/aws\"]",
      "instances": [
        {
          "schema_version": 0,
          "attributes": {
            "access_config": [
              {
                "authentication_mode": "CONFIG_MAP",
                "bootstrap_cluster_creator_admin_permissions": true
              }
            ],
            "arn": "arn:aws:eks:us-east-1:466649784722:cluster/demo-eks",
            "certificate_authority": [
              {
                "data": "LS0tLS1CRUdJTiBDRVJUSUZJQ0FURS0tLS0tCk1JSURCVENDQWUyZ0F3SUJBZ0lJWGdVYlpFeGFjZll3RFFZSktvWklodmNOQVFFTEJRQXdGVEVUTUJFR0ExVUUKQXhNS2EzVmlaWEp1WlhSbGN6QWVGdzB5TlRBMU16QXdOak0xTUROYUZ3MHpOVEExTWpnd05qUXdNRE5hTUJVeApFekFSQmdOVkJBTVRDbXQxWW1WeWJtVjBaWE13Z2dFaU1BMEdDU3FHU0liM0RRRUJBUVVBQTRJQkR3QXdnZ0VLCkFvSUJBUUN6dDlXZ2tscG5wSFEwcHlzZlJRRkJvM1ZHb1RNTXFWR1JsTjhOaDRrOGRnWU1lWUp1WC9odmMvZkcKYWxaeTBBdXE4NmVGbUE5Qzl1U1BYSDA5dmk4VnBMVEl4VWF4azc1T25QRXU3MHVzQm1oclcrL1BxRXkrdWUrYwpIUWhDV09ENWZQemVpcHFKalZ5VDF3cTV1NnNFS2lRUWRFb3BucXJUOWRZVkZia1p1c3FkQVpzY2FwUjZHYVJDCjk0UkczSlBpQ2lSdGJCVXlQalBPRHpNeU1QWE0rTzA1bnd6Y2hXQ2JHU3c5UGhtOUM3bzB2V3ZsaFlraFcwVUsKendROU13cWNsRStmVXlDbHFEYkFoRkJqbktMYzljVExrQTIxVUE1VkxmV1FwZGhGRmpWTlpTUHVmdkxNNzJ1RgpmTTZxOFlTR2lwdjEzVERYbXRVbmRpQkUrd0RsQWdNQkFBR2pXVEJYTUE0R0ExVWREd0VCL3dRRUF3SUNwREFQCkJnTlZIUk1CQWY4RUJUQURBUUgvTUIwR0ExVWREZ1FXQkJTczFGYk5MV0ZpZWx0WHpoRUlhc1VRTldEY2RqQVYKQmdOVkhSRUVEakFNZ2dwcmRXSmxjbTVsZEdWek1BMEdDU3FHU0liM0RRRUJDd1VBQTRJQkFRQVNjYTdxYVk3QwpPNEMwMFZsbmFLWUtDRXg2TUYxZVpPVnZyVU5FQ3VhTmM0K3d6OHZBMitjUjQ1YVVaQzFTZXBmUm5Ib1hHNTZoCnVsaVJlQ0lneHJqRm00d1g2S2k3UnpxckpjRHhFS1Y2UHNmaHNTanlYVUZTZllrc1RQWVFicUlTejRFRVdpV1UKOTRDMDQrMHRpd3AzdUdtNXBlRTRyeDNCN0NqOGFVYndnSDVKQThPcDFKeXoxNDcvWTdNQUx4NzBBRkhNQ2lNcApmQjJ6NHNGUEROT3V4eGh4WGFEUDdIQzlyQXFhN052TkJHZk5YYlNhN2EvRnBHL3dWcGZSRlB1d3NUa3hFaE9rCmc0OFdxWFpncWNScEt4SFVrVWJpd0dSd0ZJVGlwYzYyZEJCejNJb0VPYnBMYzdhbnltWmZESWZpTkxaZlNrWU0KMWtCRW1MdzlkakN6Ci0tLS0tRU5EIENFUlRJRklDQVRFLS0tLS0K"
              }
            ],
            "cluster_id": null,
            "compute_config": [],
            "created_at": "2025-05-30T06:35:22Z",
            "enabled_cluster_log_types": [
              "api",
              "audit",
              "authenticator",
              "controllerManager",
              "scheduler"
            ],
            "endpoint": "https://DD0EDDE2A972B3F0B566D163F972A435.gr7.us-east-1.eks.amazonaws.com",
            "id": "demo-eks",
            "identity": [
              {
                "oidc": [
                  {
                    "issuer": "https://oidc.eks.us-east-1.amazonaws.com/id/DD0EDDE2A972B3F0B566D163F972A435"
                  }
                ]
              }
            ],
            "kubernetes_network_config": [
              {
                "elastic_load_balancing": [
                  {
                    "enabled": false
                  }
                ],
                "ip_family": "ipv4",
                "service_ipv4_cidr": "172.20.0.0/16",
                "service_ipv6_cidr": ""
              }
            ],
            "name": "demo-eks",
            "outpost_config": [],
            "platform_version": "eks.11",
            "remote_network_config": [],
            "role_arn": "arn:aws:iam::466649784722:role/eks_cluster_master_role",
            "status": "ACTIVE",
            "storage_config": [],
            "tags": {
              "Name": "demo-dev-demo-eks",
              "company": "CT",
              "createdBy": "Terraform",
              "environment": "dev",
              "project": "CT-Project"
            },
            "upgrade_policy": [
              {
                "support_type": "EXTENDED"
              }
            ],
            "version": "1.32",
            "vpc_config": [
              {
                "cluster_security_group_id": "sg-0192406a996550fac",
                "endpoint_private_access": false,
                "endpoint_public_access": true,
                "public_access_cidrs": [
                  "0.0.0.0/0"
                ],
                "security_group_ids": [],
                "subnet_ids": [
                  "subnet-09d576b10e86707f2",
                  "subnet-0cfac3878d4af6646"
                ],
                "vpc_id": "vpc-0bcf2885b88deea92"
              }
            ],
            "zonal_shift_config": []
          },
          "sensitive_attributes": []
        }
      ]
    },
    {
      "module": "module.eks_cluster_admin_with_role",
      "mode": "data",
      "type": "aws_eks_cluster_auth",
      "name": "cluster_auth",
      "provider": "module.eks_cluster_admin_with_role.provider[\"registry.terraform.io/hashicorp/aws\"]",
      "instances": [
        {
          "schema_version": 0,
          "attributes": {
            "id": "demo-eks",
            "name": "demo-eks",
            "token": "k8s-aws-v1.aHR0cHM6Ly9zdHMudXMtZWFzdC0xLmFtYXpvbmF3cy5jb20vP0FjdGlvbj1HZXRDYWxsZXJJZGVudGl0eSZWZXJzaW9uPTIwMTEtMDYtMTUmWC1BbXotQWxnb3JpdGhtPUFXUzQtSE1BQy1TSEEyNTYmWC1BbXotQ3JlZGVudGlhbD1BS0lBV1pKVDZVR0pHWEpQUVg2MyUyRjIwMjUwNTMwJTJGdXMtZWFzdC0xJTJGc3RzJTJGYXdzNF9yZXF1ZXN0JlgtQW16LURhdGU9MjAyNTA1MzBUMTQyNTIwWiZYLUFtei1FeHBpcmVzPTAmWC1BbXotU2lnbmVkSGVhZGVycz1ob3N0JTNCeC1rOHMtYXdzLWlkJlgtQW16LVNpZ25hdHVyZT0wZWU5ZmE3NDg4MmUxOWU1M2I1MjJjZmJhNjcwZDlkM2UxMmEyZjNlYjg3NjY3MjFiODAyNGQzNGI3NDk4MjMz"
          },
          "sensitive_attributes": [
            [
              {
                "type": "get_attr",
                "value": "token"
              }
            ]
          ]
        }
      ]
    },
    {
      "module": "module.eks_cluster_admin_with_role",
      "mode": "data",
      "type": "aws_iam_policy",
      "name": "administrator_policy",
      "provider": "module.eks_cluster_admin_with_role.provider[\"registry.terraform.io/hashicorp/aws\"]",
      "instances": [
        {
          "schema_version": 0,
          "attributes": {
            "arn": "arn:aws:iam::aws:policy/AdministratorAccess",
            "attachment_count": 3,
            "description": "Provides full access to AWS services and resources.",
            "id": "arn:aws:iam::aws:policy/AdministratorAccess",
            "name": "AdministratorAccess",
            "path": "/",
            "path_prefix": null,
            "policy": "{\n  \"Version\": \"2012-10-17\",\n  \"Statement\": [\n    {\n      \"Effect\": \"Allow\",\n      \"Action\": \"*\",\n      \"Resource\": \"*\"\n    }\n  ]\n}",
            "policy_id": "ANPAIWMBCKSKIEE64ZLYK",
            "tags": {}
          },
          "sensitive_attributes": []
        }
      ]
    },
    {
      "module": "module.eks_cluster_admin_with_role",
      "mode": "data",
      "type": "aws_iam_policy_document",
      "name": "eks_admin_policy_document",
      "provider": "module.eks_cluster_admin_with_role.provider[\"registry.terraform.io/hashicorp/aws\"]",
      "instances": [
        {
          "schema_version": 0,
          "attributes": {
            "id": "2032579442",
            "json": "{\n  \"Version\": \"2012-10-17\",\n  \"Statement\": [\n    {\n      \"Effect\": \"Allow\",\n      \"Action\": [\n        \"ssm:GetParameter\",\n        \"iam:ListRoles\",\n        \"eks:*\"\n      ],\n      \"Resource\": \"*\"\n    }\n  ]\n}",
            "minified_json": "{\"Version\":\"2012-10-17\",\"Statement\":[{\"Effect\":\"Allow\",\"Action\":[\"ssm:GetParameter\",\"iam:ListRoles\",\"eks:*\"],\"Resource\":\"*\"}]}",
            "override_json": null,
            "override_policy_documents": null,
            "policy_id": null,
            "source_json": null,
            "source_policy_documents": null,
            "statement": [
              {
                "actions": [
                  "eks:*",
                  "iam:ListRoles",
                  "ssm:GetParameter"
                ],
                "condition": [],
                "effect": "Allow",
                "not_actions": [],
                "not_principals": [],
                "not_resources": [],
                "principals": [],
                "resources": [
                  "*"
                ],
                "sid": ""
              }
            ],
            "version": "2012-10-17"
          },
          "sensitive_attributes": []
        }
      ]
    },
    {
      "module": "module.eks_cluster_admin_with_role",
      "mode": "data",
      "type": "aws_iam_policy_document",
      "name": "iam_trust_policy_document",
      "provider": "module.eks_cluster_admin_with_role.provider[\"registry.terraform.io/hashicorp/aws\"]",
      "instances": [
        {
          "schema_version": 0,
          "attributes": {
            "id": "2433635106",
            "json": "{\n  \"Version\": \"2012-10-17\",\n  \"Statement\": [\n    {\n      \"Effect\": \"Allow\",\n      \"Action\": \"sts:AssumeRole\",\n      \"Principal\": {\n        \"AWS\": \"arn:aws:iam::466649784722:root\"\n      }\n    }\n  ]\n}",
            "minified_json": "{\"Version\":\"2012-10-17\",\"Statement\":[{\"Effect\":\"Allow\",\"Action\":\"sts:AssumeRole\",\"Principal\":{\"AWS\":\"arn:aws:iam::466649784722:root\"}}]}",
            "override_json": null,
            "override_policy_documents": null,
            "policy_id": null,
            "source_json": null,
            "source_policy_documents": null,
            "statement": [
              {
                "actions": [
                  "sts:AssumeRole"
                ],
                "condition": [],
                "effect": "Allow",
                "not_actions": [],
                "not_principals": [],
                "not_resources": [],
                "principals": [
                  {
                    "identifiers": [
                      "arn:aws:iam::466649784722:root"
                    ],
                    "type": "AWS"
                  }
                ],
                "resources": [],
                "sid": ""
              }
            ],
            "version": "2012-10-17"
          },
          "sensitive_attributes": []
        }
      ]
    },
    {
      "module": "module.eks_cluster_admin_with_role",
      "mode": "managed",
      "type": "aws_iam_group",
      "name": "eks_admin_group",
      "provider": "module.eks_cluster_admin_with_role.provider[\"registry.terraform.io/hashicorp/aws\"]",
      "instances": [
        {
          "schema_version": 0,
          "attributes": {
            "arn": "arn:aws:iam::466649784722:group/eksadmins",
            "id": "eksadmins",
            "name": "eksadmins",
            "path": "/",
            "unique_id": "AGPAWZJT6UGJHZW2VED5L"
          },
          "sensitive_attributes": [],
          "private": "bnVsbA=="
        }
      ]
    },
    {
      "module": "module.eks_cluster_admin_with_role",
      "mode": "managed",
      "type": "aws_iam_group",
      "name": "eksreadonly_iam_group",
      "provider": "module.eks_cluster_admin_with_role.provider[\"registry.terraform.io/hashicorp/aws\"]",
      "instances": [
        {
          "schema_version": 0,
          "attributes": {
            "arn": "arn:aws:iam::466649784722:group/eksreadonly",
            "id": "eksreadonly",
            "name": "eksreadonly",
            "path": "/",
            "unique_id": "AGPAWZJT6UGJMXZZWBBIW"
          },
          "sensitive_attributes": [],
          "private": "bnVsbA=="
        }
      ]
    },
    {
      "module": "module.eks_cluster_admin_with_role",
      "mode": "managed",
      "type": "aws_iam_group_membership",
      "name": "eksadmins",
      "provider": "module.eks_cluster_admin_with_role.provider[\"registry.terraform.io/hashicorp/aws\"]",
      "instances": [
        {
          "schema_version": 0,
          "attributes": {
            "group": "eksadmins",
            "id": "eksadmins-group-membership",
            "name": "eksadmins-group-membership",
            "users": [
              "eksadmin2"
            ]
          },
          "sensitive_attributes": [],
          "private": "bnVsbA==",
          "dependencies": [
            "module.eks_cluster_admin_with_role.aws_iam_group.eks_admin_group",
            "module.eks_cluster_admin_with_role.aws_iam_user.eks_role_admin_user"
          ]
        }
      ]
    },
    {
      "module": "module.eks_cluster_admin_with_role",
      "mode": "managed",
      "type": "aws_iam_group_membership",
      "name": "eksreadonly",
      "provider": "module.eks_cluster_admin_with_role.provider[\"registry.terraform.io/hashicorp/aws\"]",
      "instances": [
        {
          "schema_version": 0,
          "attributes": {
            "group": "eksreadonly",
            "id": "eksreadonly-group-membership",
            "name": "eksreadonly-group-membership",
            "users": [
              "eksdeveloper1",
              "eksreadonly1"
            ]
          },
          "sensitive_attributes": [],
          "private": "bnVsbA==",
          "dependencies": [
            "module.eks_cluster_admin_with_role.aws_iam_group.eksreadonly_iam_group",
            "module.eks_cluster_admin_with_role.aws_iam_user.eks_developer_user",
            "module.eks_cluster_admin_with_role.aws_iam_user.eksreadonly_user"
          ]
        }
      ]
    },
    {
      "module": "module.eks_cluster_admin_with_role",
      "mode": "managed",
      "type": "aws_iam_group_policy",
      "name": "eksadmins_iam_group_assumerole_policy",
      "provider": "module.eks_cluster_admin_with_role.provider[\"registry.terraform.io/hashicorp/aws\"]",
      "instances": [
        {
          "schema_version": 0,
          "attributes": {
            "group": "eksadmins",
            "id": "eksadmins:eksadmins-group-policy",
            "name": "eksadmins-group-policy",
            "name_prefix": "",
            "policy": "{\"Version\":\"2012-10-17\",\"Statement\":[{\"Action\":[\"sts:AssumeRole\"],\"Effect\":\"Allow\",\"Resource\":\"arn:aws:iam::466649784722:role/eks-admin-role\",\"Sid\":\"AllowAssumeOrganizationAccountRole\"}]}"
          },
          "sensitive_attributes": [],
          "private": "bnVsbA==",
          "dependencies": [
            "module.eks_cluster_admin_with_role.aws_iam_group.eks_admin_group",
            "module.eks_cluster_admin_with_role.aws_iam_role.eks_admin_role",
            "module.eks_cluster_admin_with_role.data.aws_caller_identity.current",
            "module.eks_cluster_admin_with_role.data.aws_iam_policy_document.iam_trust_policy_document"
          ]
        }
      ]
    },
    {
      "module": "module.eks_cluster_admin_with_role",
      "mode": "managed",
      "type": "aws_iam_group_policy",
      "name": "eksreadonly_iam_group_assumerole_policy",
      "provider": "module.eks_cluster_admin_with_role.provider[\"registry.terraform.io/hashicorp/aws\"]",
      "instances": [
        {
          "schema_version": 0,
          "attributes": {
            "group": "eksreadonly",
            "id": "eksreadonly:eksreadonly-group-policy",
            "name": "eksreadonly-group-policy",
            "name_prefix": "",
            "policy": "{\"Version\":\"2012-10-17\",\"Statement\":[{\"Action\":[\"sts:AssumeRole\"],\"Effect\":\"Allow\",\"Resource\":\"arn:aws:iam::466649784722:role/eks_readonly_role\",\"Sid\":\"AllowAssumeOrganizationAccountRole\"}]}"
          },
          "sensitive_attributes": [],
          "private": "bnVsbA==",
          "dependencies": [
            "module.eks_cluster_admin_with_role.aws_iam_group.eksreadonly_iam_group",
            "module.eks_cluster_admin_with_role.aws_iam_role.eks_readonly_role",
            "module.eks_cluster_admin_with_role.data.aws_caller_identity.current"
          ]
        }
      ]
    },
    {
      "module": "module.eks_cluster_admin_with_role",
      "mode": "managed",
      "type": "aws_iam_policy",
      "name": "eks_admin_policy",
      "provider": "module.eks_cluster_admin_with_role.provider[\"registry.terraform.io/hashicorp/aws\"]",
      "instances": [
        {
          "schema_version": 0,
          "attributes": {
            "arn": "arn:aws:iam::466649784722:policy/eks-admin-policy",
            "attachment_count": 1,
            "description": "eks admin policy",
            "id": "arn:aws:iam::466649784722:policy/eks-admin-policy",
            "name": "eks-admin-policy",
            "name_prefix": "",
            "path": "/",
            "policy": "{\"Statement\":[{\"Action\":[\"ssm:GetParameter\",\"iam:ListRoles\",\"eks:*\"],\"Effect\":\"Allow\",\"Resource\":\"*\"}],\"Version\":\"2012-10-17\"}",
            "policy_id": "ANPAWZJT6UGJJDGJWHGLV",
            "tags": {},
            "tags_all": {}
          },
          "sensitive_attributes": [],
          "private": "bnVsbA==",
          "dependencies": [
            "module.eks_cluster_admin_with_role.data.aws_iam_policy_document.eks_admin_policy_document"
          ]
        }
      ]
    },
    {
      "module": "module.eks_cluster_admin_with_role",
      "mode": "managed",
      "type": "aws_iam_role",
      "name": "eks_admin_role",
      "provider": "module.eks_cluster_admin_with_role.provider[\"registry.terraform.io/hashicorp/aws\"]",
      "instances": [
        {
          "schema_version": 0,
          "attributes": {
            "arn": "arn:aws:iam::466649784722:role/eks-admin-role",
            "assume_role_policy": "{\"Statement\":[{\"Action\":\"sts:AssumeRole\",\"Effect\":\"Allow\",\"Principal\":{\"AWS\":\"arn:aws:iam::466649784722:root\"}}],\"Version\":\"2012-10-17\"}",
            "create_date": "2025-05-30T06:32:24Z",
            "description": "",
            "force_detach_policies": false,
            "id": "eks-admin-role",
            "inline_policy": [],
            "managed_policy_arns": [
              "arn:aws:iam::466649784722:policy/eks-admin-policy"
            ],
            "max_session_duration": 3600,
            "name": "eks-admin-role",
            "name_prefix": "",
            "path": "/",
            "permissions_boundary": "",
            "tags": {
              "Name": "demo-dev-eks-admin-role",
              "company": "CT",
              "createdBy": "Terraform",
              "environment": "dev",
              "project": "CT-Project"
            },
            "tags_all": {
              "Name": "demo-dev-eks-admin-role",
              "company": "CT",
              "createdBy": "Terraform",
              "environment": "dev",
              "project": "CT-Project"
            },
            "unique_id": "AROAWZJT6UGJPC26NSRXB"
          },
          "sensitive_attributes": [],
          "private": "bnVsbA==",
          "dependencies": [
            "module.eks_cluster_admin_with_role.data.aws_caller_identity.current",
            "module.eks_cluster_admin_with_role.data.aws_iam_policy_document.iam_trust_policy_document"
          ]
        }
      ]
    },
    {
      "module": "module.eks_cluster_admin_with_role",
      "mode": "managed",
      "type": "aws_iam_role",
      "name": "eks_readonly_role",
      "provider": "module.eks_cluster_admin_with_role.provider[\"registry.terraform.io/hashicorp/aws\"]",
      "instances": [
        {
          "schema_version": 0,
          "attributes": {
            "arn": "arn:aws:iam::466649784722:role/eks_readonly_role",
            "assume_role_policy": "{\"Statement\":[{\"Action\":\"sts:AssumeRole\",\"Effect\":\"Allow\",\"Principal\":{\"AWS\":\"arn:aws:iam::466649784722:root\"},\"Sid\":\"\"}],\"Version\":\"2012-10-17\"}",
            "create_date": "2025-05-30T06:32:24Z",
            "description": "",
            "force_detach_policies": false,
            "id": "eks_readonly_role",
            "inline_policy": [
              {
                "name": "eks-readonly-access-policy",
                "policy": "{\"Version\":\"2012-10-17\",\"Statement\":[{\"Action\":[\"iam:ListRoles\",\"ssm:GetParameter\",\"eks:DescribeNodegroup\",\"eks:ListNodegroups\",\"eks:DescribeCluster\",\"eks:ListClusters\",\"eks:AccessKubernetesApi\",\"eks:ListUpdates\",\"eks:ListFargateProfiles\",\"eks:ListIdentityProviderConfigs\",\"eks:ListAddons\",\"eks:DescribeAddonVersions\"],\"Effect\":\"Allow\",\"Resource\":\"*\"}]}"
              }
            ],
            "managed_policy_arns": [],
            "max_session_duration": 3600,
            "name": "eks_readonly_role",
            "name_prefix": "",
            "path": "/",
            "permissions_boundary": "",
            "tags": {
              "Name": "eks_readonly_role",
              "company": "CT",
              "createdBy": "Terraform",
              "environment": "dev",
              "project": "CT-Project"
            },
            "tags_all": {
              "Name": "eks_readonly_role",
              "company": "CT",
              "createdBy": "Terraform",
              "environment": "dev",
              "project": "CT-Project"
            },
            "unique_id": "AROAWZJT6UGJPUL6NOL6M"
          },
          "sensitive_attributes": [],
          "private": "bnVsbA==",
          "dependencies": [
            "module.eks_cluster_admin_with_role.data.aws_caller_identity.current"
          ]
        }
      ]
    },
    {
      "module": "module.eks_cluster_admin_with_role",
      "mode": "managed",
      "type": "aws_iam_role_policy_attachment",
      "name": "eks_admin_role_attachment",
      "provider": "module.eks_cluster_admin_with_role.provider[\"registry.terraform.io/hashicorp/aws\"]",
      "instances": [
        {
          "schema_version": 0,
          "attributes": {
            "id": "eks-admin-role-20250530063225676100000002",
            "policy_arn": "arn:aws:iam::466649784722:policy/eks-admin-policy",
            "role": "eks-admin-role"
          },
          "sensitive_attributes": [],
          "private": "bnVsbA==",
          "dependencies": [
            "module.eks_cluster_admin_with_role.aws_iam_policy.eks_admin_policy",
            "module.eks_cluster_admin_with_role.aws_iam_role.eks_admin_role",
            "module.eks_cluster_admin_with_role.data.aws_caller_identity.current",
            "module.eks_cluster_admin_with_role.data.aws_iam_policy_document.eks_admin_policy_document",
            "module.eks_cluster_admin_with_role.data.aws_iam_policy_document.iam_trust_policy_document"
          ]
        }
      ]
    },
    {
      "module": "module.eks_cluster_admin_with_role",
      "mode": "managed",
      "type": "aws_iam_user",
      "name": "admin_user",
      "provider": "module.eks_cluster_admin_with_role.provider[\"registry.terraform.io/hashicorp/aws\"]",
      "instances": [
        {
          "schema_version": 0,
          "attributes": {
            "arn": "arn:aws:iam::466649784722:user/eksadmin",
            "force_destroy": true,
            "id": "eksadmin",
            "name": "eksadmin",
            "path": "/",
            "permissions_boundary": "",
            "tags": {
              "Name": "demo-dev-eksadmin",
              "company": "CT",
              "createdBy": "Terraform",
              "environment": "dev",
              "project": "CT-Project"
            },
            "tags_all": {
              "Name": "demo-dev-eksadmin",
              "company": "CT",
              "createdBy": "Terraform",
              "environment": "dev",
              "project": "CT-Project"
            },
            "unique_id": "AIDAWZJT6UGJJBBSKGSWL"
          },
          "sensitive_attributes": [],
          "private": "bnVsbA=="
        }
      ]
    },
    {
      "module": "module.eks_cluster_admin_with_role",
      "mode": "managed",
      "type": "aws_iam_user",
      "name": "basic_user",
      "provider": "module.eks_cluster_admin_with_role.provider[\"registry.terraform.io/hashicorp/aws\"]",
      "instances": [
        {
          "schema_version": 0,
          "attributes": {
            "arn": "arn:aws:iam::466649784722:user/eksadmin1",
            "force_destroy": true,
            "id": "eksadmin1",
            "name": "eksadmin1",
            "path": "/",
            "permissions_boundary": "",
            "tags": {
              "Name": "demo-dev-eksadmin1",
              "company": "CT",
              "createdBy": "Terraform",
              "environment": "dev",
              "project": "CT-Project"
            },
            "tags_all": {
              "Name": "demo-dev-eksadmin1",
              "company": "CT",
              "createdBy": "Terraform",
              "environment": "dev",
              "project": "CT-Project"
            },
            "unique_id": "AIDAWZJT6UGJG6ET6AWVA"
          },
          "sensitive_attributes": [],
          "private": "bnVsbA=="
        }
      ]
    },
    {
      "module": "module.eks_cluster_admin_with_role",
      "mode": "managed",
      "type": "aws_iam_user",
      "name": "eks_developer_user",
      "provider": "module.eks_cluster_admin_with_role.provider[\"registry.terraform.io/hashicorp/aws\"]",
      "instances": [
        {
          "schema_version": 0,
          "attributes": {
            "arn": "arn:aws:iam::466649784722:user/eksdeveloper1",
            "force_destroy": true,
            "id": "eksdeveloper1",
            "name": "eksdeveloper1",
            "path": "/",
            "permissions_boundary": "",
            "tags": {
              "Name": "eksdeveloper1",
              "company": "CT",
              "createdBy": "Terraform",
              "environment": "dev",
              "project": "CT-Project"
            },
            "tags_all": {
              "Name": "eksdeveloper1",
              "company": "CT",
              "createdBy": "Terraform",
              "environment": "dev",
              "project": "CT-Project"
            },
            "unique_id": "AIDAWZJT6UGJBYZG5RJWN"
          },
          "sensitive_attributes": [],
          "private": "bnVsbA=="
        }
      ]
    },
    {
      "module": "module.eks_cluster_admin_with_role",
      "mode": "managed",
      "type": "aws_iam_user",
      "name": "eks_role_admin_user",
      "provider": "module.eks_cluster_admin_with_role.provider[\"registry.terraform.io/hashicorp/aws\"]",
      "instances": [
        {
          "schema_version": 0,
          "attributes": {
            "arn": "arn:aws:iam::466649784722:user/eksadmin2",
            "force_destroy": true,
            "id": "eksadmin2",
            "name": "eksadmin2",
            "path": "/",
            "permissions_boundary": "",
            "tags": {
              "Name": "eksadmin2",
              "company": "CT",
              "createdBy": "Terraform",
              "environment": "dev",
              "project": "CT-Project"
            },
            "tags_all": {
              "Name": "eksadmin2",
              "company": "CT",
              "createdBy": "Terraform",
              "environment": "dev",
              "project": "CT-Project"
            },
            "unique_id": "AIDAWZJT6UGJBO2JLZWEN"
          },
          "sensitive_attributes": [],
          "private": "bnVsbA=="
        }
      ]
    },
    {
      "module": "module.eks_cluster_admin_with_role",
      "mode": "managed",
      "type": "aws_iam_user",
      "name": "eksreadonly_user",
      "provider": "module.eks_cluster_admin_with_role.provider[\"registry.terraform.io/hashicorp/aws\"]",
      "instances": [
        {
          "schema_version": 0,
          "attributes": {
            "arn": "arn:aws:iam::466649784722:user/eksreadonly1",
            "force_destroy": true,
            "id": "eksreadonly1",
            "name": "eksreadonly1",
            "path": "/",
            "permissions_boundary": "",
            "tags": {
              "Name": "eksreadonly1",
              "company": "CT",
              "createdBy": "Terraform",
              "environment": "dev",
              "project": "CT-Project"
            },
            "tags_all": {
              "Name": "eksreadonly1",
              "company": "CT",
              "createdBy": "Terraform",
              "environment": "dev",
              "project": "CT-Project"
            },
            "unique_id": "AIDAWZJT6UGJJMNESI7QQ"
          },
          "sensitive_attributes": [],
          "private": "bnVsbA=="
        }
      ]
    },
    {
      "module": "module.eks_cluster_admin_with_role",
      "mode": "managed",
      "type": "aws_iam_user_policy",
      "name": "basic_user_eks_policy",
      "provider": "module.eks_cluster_admin_with_role.provider[\"registry.terraform.io/hashicorp/aws\"]",
      "instances": [
        {
          "schema_version": 0,
          "attributes": {
            "id": "eksadmin1:demo-dev-eks-full-access-policy",
            "name": "demo-dev-eks-full-access-policy",
            "name_prefix": "",
            "policy": "{\"Version\":\"2012-10-17\",\"Statement\":[{\"Action\":[\"iam:ListRoles\",\"eks:*\",\"ssm:GetParameter\"],\"Effect\":\"Allow\",\"Resource\":\"*\"}]}",
            "user": "eksadmin1"
          },
          "sensitive_attributes": [],
          "private": "bnVsbA==",
          "dependencies": [
            "module.eks_cluster_admin_with_role.aws_iam_user.basic_user"
          ]
        }
      ]
    },
    {
      "module": "module.eks_cluster_admin_with_role",
      "mode": "managed",
      "type": "aws_iam_user_policy_attachment",
      "name": "admin_user_policy",
      "provider": "module.eks_cluster_admin_with_role.provider[\"registry.terraform.io/hashicorp/aws\"]",
      "instances": [
        {
          "schema_version": 0,
          "attributes": {
            "id": "eksadmin-20250530063225024400000001",
            "policy_arn": "arn:aws:iam::aws:policy/AdministratorAccess",
            "user": "eksadmin"
          },
          "sensitive_attributes": [],
          "private": "bnVsbA==",
          "dependencies": [
            "module.eks_cluster_admin_with_role.aws_iam_user.admin_user",
            "module.eks_cluster_admin_with_role.data.aws_iam_policy.administrator_policy"
          ]
        }
      ]
    },
    {
      "module": "module.eks_cluster_admin_with_role",
      "mode": "managed",
      "type": "kubernetes_cluster_role_binding_v1",
      "name": "eksreadonly_clusterrolebinding",
      "provider": "module.eks_cluster_admin_with_role.provider[\"registry.terraform.io/hashicorp/kubernetes\"]",
      "instances": [
        {
          "schema_version": 0,
          "attributes": {
            "id": "eksreadonly-clusterrolebinding",
            "metadata": [
              {
                "annotations": {},
                "generate_name": "",
                "generation": 0,
                "labels": {},
                "name": "eksreadonly-clusterrolebinding",
                "resource_version": "686",
                "uid": "5d05dc08-0b95-4900-b401-7254d2fd5970"
              }
            ],
            "role_ref": [
              {
                "api_group": "rbac.authorization.k8s.io",
                "kind": "ClusterRole",
                "name": "eksreadonly-clusterrole"
              }
            ],
            "subject": [
              {
                "api_group": "rbac.authorization.k8s.io",
                "kind": "Group",
                "name": "eks-readonly-group",
                "namespace": "default"
              }
            ]
          },
          "sensitive_attributes": [],
          "private": "bnVsbA==",
          "dependencies": [
            "module.eks_cluester.aws_eks_cluster.eks_cluester",
            "module.eks_cluester.aws_iam_role.eks_cluster_master_role",
            "module.eks_cluester.aws_iam_role_policy_attachment.iam_role_eks_vpc_policy_attachment",
            "module.eks_cluester.aws_iam_role_policy_attachment.iam_role_policy_attachment",
            "module.eks_cluester.data.aws_iam_policy.eks_cluster_master_policy",
            "module.eks_cluester.data.aws_iam_policy.eks_cluster_vpc_policy",
            "module.eks_cluester.data.aws_iam_policy_document.iam_policy_document",
            "module.eks_cluster_admin_with_role.data.aws_eks_cluster_auth.cluster_auth",
            "module.eks_cluster_admin_with_role.kubernetes_cluster_role_v1.eksreadonly_clusterrole",
            "module.vpc.aws_eip.eip",
            "module.vpc.aws_internet_gateway.igw",
            "module.vpc.aws_nat_gateway.public",
            "module.vpc.aws_route_table.private_route_table",
            "module.vpc.aws_route_table.public_route_table",
            "module.vpc.aws_route_table_association.private_rt_asso",
            "module.vpc.aws_route_table_association.public_rt_asso",
            "module.vpc.aws_subnet.private_subnet",
            "module.vpc.aws_subnet.public_subnet",
            "module.vpc.aws_vpc.this",
            "module.vpc.data.aws_availability_zones.azs"
          ]
        }
      ]
    },
    {
      "module": "module.eks_cluster_admin_with_role",
      "mode": "managed",
      "type": "kubernetes_cluster_role_v1",
      "name": "eksreadonly_clusterrole",
      "provider": "module.eks_cluster_admin_with_role.provider[\"registry.terraform.io/hashicorp/kubernetes\"]",
      "instances": [
        {
          "schema_version": 0,
          "attributes": {
            "aggregation_rule": [],
            "id": "eksreadonly-clusterrole",
            "metadata": [
              {
                "annotations": {},
                "generate_name": "",
                "generation": 0,
                "labels": {},
                "name": "eksreadonly-clusterrole",
                "resource_version": "681",
                "uid": "e94476c6-4024-4a9a-802d-0d6f199b8eb0"
              }
            ],
            "rule": [
              {
                "api_groups": [
                  ""
                ],
                "non_resource_urls": [],
                "resource_names": [],
                "resources": [
                  "nodes",
                  "namespaces",
                  "pods",
                  "events",
                  "services"
                ],
                "verbs": [
                  "get",
                  "list"
                ]
              },
              {
                "api_groups": [
                  "apps"
                ],
                "non_resource_urls": [],
                "resource_names": [],
                "resources": [
                  "deployments",
                  "daemonsets",
                  "statefulsets",
                  "replicasets"
                ],
                "verbs": [
                  "get",
                  "list"
                ]
              },
              {
                "api_groups": [
                  "batch"
                ],
                "non_resource_urls": [],
                "resource_names": [],
                "resources": [
                  "jobs"
                ],
                "verbs": [
                  "get",
                  "list"
                ]
              }
            ]
          },
          "sensitive_attributes": [],
          "private": "bnVsbA==",
          "dependencies": [
            "module.eks_cluester.aws_eks_cluster.eks_cluester",
            "module.eks_cluester.aws_iam_role.eks_cluster_master_role",
            "module.eks_cluester.aws_iam_role_policy_attachment.iam_role_eks_vpc_policy_attachment",
            "module.eks_cluester.aws_iam_role_policy_attachment.iam_role_policy_attachment",
            "module.eks_cluester.data.aws_iam_policy.eks_cluster_master_policy",
            "module.eks_cluester.data.aws_iam_policy.eks_cluster_vpc_policy",
            "module.eks_cluester.data.aws_iam_policy_document.iam_policy_document",
            "module.eks_cluster_admin_with_role.data.aws_eks_cluster_auth.cluster_auth",
            "module.vpc.aws_eip.eip",
            "module.vpc.aws_internet_gateway.igw",
            "module.vpc.aws_nat_gateway.public",
            "module.vpc.aws_route_table.private_route_table",
            "module.vpc.aws_route_table.public_route_table",
            "module.vpc.aws_route_table_association.private_rt_asso",
            "module.vpc.aws_route_table_association.public_rt_asso",
            "module.vpc.aws_subnet.private_subnet",
            "module.vpc.aws_subnet.public_subnet",
            "module.vpc.aws_vpc.this",
            "module.vpc.data.aws_availability_zones.azs"
          ]
        }
      ]
    },
    {
      "module": "module.eks_cluster_admin_with_role",
      "mode": "managed",
      "type": "kubernetes_config_map_v1",
      "name": "aws_auth_config_map",
      "provider": "module.eks_cluster_admin_with_role.provider[\"registry.terraform.io/hashicorp/kubernetes\"]",
      "instances": [
        {
          "schema_version": 0,
          "attributes": {
            "binary_data": {},
            "data": {
              "mapRoles": "- \"groups\":\n  - \"system:bootstrappers\"\n  - \"system:nodes\"\n  \"rolearn\": \"arn:aws:iam::466649784722:role/eks_worker_node_role\"\n  \"username\": \"system:node:{{EC2PrivateDNSName}}\"\n- \"groups\":\n  - \"system:masters\"\n  \"rolearn\": \"arn:aws:iam::466649784722:role/eks-admin-role\"\n  \"username\": \"eks-admin\"\n- \"groups\":\n  - \"eks-readonly-group\"\n  - \"eks-readonly-group\"\n  \"rolearn\": \"arn:aws:iam::466649784722:role/eks_readonly_role\"\n  \"username\": \"eks-readonly\"\n",
              "mapUsers": "- \"groups\":\n  - \"system:masters\"\n  \"userarn\": \"arn:aws:iam::466649784722:user/eksadmin\"\n  \"username\": \"eksadmin\"\n- \"groups\":\n  - \"system:masters\"\n  \"userarn\": \"arn:aws:iam::466649784722:user/eksadmin1\"\n  \"username\": \"eksadmin1\"\n"
            },
            "id": "kube-system/aws-auth",
            "immutable": false,
            "metadata": [
              {
                "annotations": {},
                "generate_name": "",
                "generation": 0,
                "labels": {},
                "name": "aws-auth",
                "namespace": "kube-system",
                "resource_version": "692",
                "uid": "6075fff2-1cf8-4b59-bd25-2048bc61834d"
              }
            ]
          },
          "sensitive_attributes": [],
          "private": "bnVsbA==",
          "dependencies": [
            "module.eks_cluester.aws_eks_cluster.eks_cluester",
            "module.eks_cluester.aws_iam_role.eks_cluster_master_role",
            "module.eks_cluester.aws_iam_role_policy_attachment.iam_role_eks_vpc_policy_attachment",
            "module.eks_cluester.aws_iam_role_policy_attachment.iam_role_policy_attachment",
            "module.eks_cluester.data.aws_iam_policy.eks_cluster_master_policy",
            "module.eks_cluester.data.aws_iam_policy.eks_cluster_vpc_policy",
            "module.eks_cluester.data.aws_iam_policy_document.iam_policy_document",
            "module.eks_cluster_admin_with_role.aws_iam_role.eks_admin_role",
            "module.eks_cluster_admin_with_role.aws_iam_role.eks_readonly_role",
            "module.eks_cluster_admin_with_role.aws_iam_user.admin_user",
            "module.eks_cluster_admin_with_role.aws_iam_user.basic_user",
            "module.eks_cluster_admin_with_role.data.aws_caller_identity.caller_identity",
            "module.eks_cluster_admin_with_role.data.aws_caller_identity.current",
            "module.eks_cluster_admin_with_role.data.aws_eks_cluster_auth.cluster_auth",
            "module.eks_cluster_admin_with_role.data.aws_iam_policy_document.iam_trust_policy_document",
            "module.eks_cluster_admin_with_role.kubernetes_cluster_role_binding_v1.eksreadonly_clusterrolebinding",
            "module.eks_cluster_admin_with_role.kubernetes_cluster_role_v1.eksreadonly_clusterrole",
            "module.eks_cluster_admin_with_role.kubernetes_namespace_v1.k8s_dev",
            "module.eks_cluster_admin_with_role.kubernetes_role_binding_v1.eksdeveloper_rolebinding",
            "module.vpc.aws_eip.eip",
            "module.vpc.aws_internet_gateway.igw",
            "module.vpc.aws_nat_gateway.public",
            "module.vpc.aws_route_table.private_route_table",
            "module.vpc.aws_route_table.public_route_table",
            "module.vpc.aws_route_table_association.private_rt_asso",
            "module.vpc.aws_route_table_association.public_rt_asso",
            "module.vpc.aws_subnet.private_subnet",
            "module.vpc.aws_subnet.public_subnet",
            "module.vpc.aws_vpc.this",
            "module.vpc.data.aws_availability_zones.azs"
          ]
        }
      ]
    },
    {
      "module": "module.eks_cluster_admin_with_role",
      "mode": "managed",
      "type": "kubernetes_namespace_v1",
      "name": "k8s_dev",
      "provider": "module.eks_cluster_admin_with_role.provider[\"registry.terraform.io/hashicorp/kubernetes\"]",
      "instances": [
        {
          "schema_version": 0,
          "attributes": {
            "id": "dev",
            "metadata": [
              {
                "annotations": {},
                "generate_name": "",
                "generation": 0,
                "labels": {},
                "name": "dev",
                "resource_version": "680",
                "uid": "edb67b6a-e898-417b-b7e5-381fbd592172"
              }
            ],
            "timeouts": null,
            "wait_for_default_service_account": false
          },
          "sensitive_attributes": [],
          "private": "eyJlMmJmYjczMC1lY2FhLTExZTYtOGY4OC0zNDM2M2JjN2M0YzAiOnsiZGVsZXRlIjozMDAwMDAwMDAwMDB9fQ==",
          "dependencies": [
            "module.eks_cluester.aws_eks_cluster.eks_cluester",
            "module.eks_cluester.aws_iam_role.eks_cluster_master_role",
            "module.eks_cluester.aws_iam_role_policy_attachment.iam_role_eks_vpc_policy_attachment",
            "module.eks_cluester.aws_iam_role_policy_attachment.iam_role_policy_attachment",
            "module.eks_cluester.data.aws_iam_policy.eks_cluster_master_policy",
            "module.eks_cluester.data.aws_iam_policy.eks_cluster_vpc_policy",
            "module.eks_cluester.data.aws_iam_policy_document.iam_policy_document",
            "module.eks_cluster_admin_with_role.data.aws_eks_cluster_auth.cluster_auth",
            "module.vpc.aws_eip.eip",
            "module.vpc.aws_internet_gateway.igw",
            "module.vpc.aws_nat_gateway.public",
            "module.vpc.aws_route_table.private_route_table",
            "module.vpc.aws_route_table.public_route_table",
            "module.vpc.aws_route_table_association.private_rt_asso",
            "module.vpc.aws_route_table_association.public_rt_asso",
            "module.vpc.aws_subnet.private_subnet",
            "module.vpc.aws_subnet.public_subnet",
            "module.vpc.aws_vpc.this",
            "module.vpc.data.aws_availability_zones.azs"
          ]
        }
      ]
    },
    {
      "module": "module.eks_cluster_admin_with_role",
      "mode": "managed",
      "type": "kubernetes_role_binding_v1",
      "name": "eksdeveloper_rolebinding",
      "provider": "module.eks_cluster_admin_with_role.provider[\"registry.terraform.io/hashicorp/kubernetes\"]",
      "instances": [
        {
          "schema_version": 0,
          "attributes": {
            "id": "dev/eksdeveloper-rolebinding",
            "metadata": [
              {
                "annotations": {},
                "generate_name": "",
                "generation": 0,
                "labels": {},
                "name": "eksdeveloper-rolebinding",
                "namespace": "dev",
                "resource_version": "688",
                "uid": "89150589-33ee-4156-9ee6-516954716e2c"
              }
            ],
            "role_ref": [
              {
                "api_group": "rbac.authorization.k8s.io",
                "kind": "Role",
                "name": "eksreadonly-clusterrole"
              }
            ],
            "subject": [
              {
                "api_group": "rbac.authorization.k8s.io",
                "kind": "Group",
                "name": "eks-readonly-group",
                "namespace": "default"
              }
            ]
          },
          "sensitive_attributes": [],
          "private": "bnVsbA==",
          "dependencies": [
            "module.eks_cluester.aws_eks_cluster.eks_cluester",
            "module.eks_cluester.aws_iam_role.eks_cluster_master_role",
            "module.eks_cluester.aws_iam_role_policy_attachment.iam_role_eks_vpc_policy_attachment",
            "module.eks_cluester.aws_iam_role_policy_attachment.iam_role_policy_attachment",
            "module.eks_cluester.data.aws_iam_policy.eks_cluster_master_policy",
            "module.eks_cluester.data.aws_iam_policy.eks_cluster_vpc_policy",
            "module.eks_cluester.data.aws_iam_policy_document.iam_policy_document",
            "module.eks_cluster_admin_with_role.data.aws_eks_cluster_auth.cluster_auth",
            "module.eks_cluster_admin_with_role.kubernetes_cluster_role_v1.eksreadonly_clusterrole",
            "module.eks_cluster_admin_with_role.kubernetes_namespace_v1.k8s_dev",
            "module.vpc.aws_eip.eip",
            "module.vpc.aws_internet_gateway.igw",
            "module.vpc.aws_nat_gateway.public",
            "module.vpc.aws_route_table.private_route_table",
            "module.vpc.aws_route_table.public_route_table",
            "module.vpc.aws_route_table_association.private_rt_asso",
            "module.vpc.aws_route_table_association.public_rt_asso",
            "module.vpc.aws_subnet.private_subnet",
            "module.vpc.aws_subnet.public_subnet",
            "module.vpc.aws_vpc.this",
            "module.vpc.data.aws_availability_zones.azs"
          ]
        }
      ]
    },
    {
      "module": "module.eks_cluster_admin_with_role",
      "mode": "managed",
      "type": "kubernetes_role_v1",
      "name": "eksdeveloper_role",
      "provider": "module.eks_cluster_admin_with_role.provider[\"registry.terraform.io/hashicorp/kubernetes\"]",
      "instances": [
        {
          "schema_version": 0,
          "attributes": {
            "id": "dev/eksdeveloper-role",
            "metadata": [
              {
                "annotations": {},
                "generate_name": "",
                "generation": 0,
                "labels": {},
                "name": "eksdeveloper-role",
                "namespace": "dev",
                "resource_version": "687",
                "uid": "1080338c-7d4d-4432-956a-d474d4d6ab8b"
              }
            ],
            "rule": [
              {
                "api_groups": [
                  "",
                  "apps",
                  "extensions"
                ],
                "resource_names": [],
                "resources": [
                  "*"
                ],
                "verbs": [
                  "*"
                ]
              },
              {
                "api_groups": [
                  "batch"
                ],
                "resource_names": [],
                "resources": [
                  "cronjobs",
                  "jobs"
                ],
                "verbs": [
                  "*"
                ]
              }
            ]
          },
          "sensitive_attributes": [],
          "private": "bnVsbA==",
          "dependencies": [
            "module.eks_cluester.aws_eks_cluster.eks_cluester",
            "module.eks_cluester.aws_iam_role.eks_cluster_master_role",
            "module.eks_cluester.aws_iam_role_policy_attachment.iam_role_eks_vpc_policy_attachment",
            "module.eks_cluester.aws_iam_role_policy_attachment.iam_role_policy_attachment",
            "module.eks_cluester.data.aws_iam_policy.eks_cluster_master_policy",
            "module.eks_cluester.data.aws_iam_policy.eks_cluster_vpc_policy",
            "module.eks_cluester.data.aws_iam_policy_document.iam_policy_document",
            "module.eks_cluster_admin_with_role.data.aws_eks_cluster_auth.cluster_auth",
            "module.eks_cluster_admin_with_role.kubernetes_namespace_v1.k8s_dev",
            "module.vpc.aws_eip.eip",
            "module.vpc.aws_internet_gateway.igw",
            "module.vpc.aws_nat_gateway.public",
            "module.vpc.aws_route_table.private_route_table",
            "module.vpc.aws_route_table.public_route_table",
            "module.vpc.aws_route_table_association.private_rt_asso",
            "module.vpc.aws_route_table_association.public_rt_asso",
            "module.vpc.aws_subnet.private_subnet",
            "module.vpc.aws_subnet.public_subnet",
            "module.vpc.aws_vpc.this",
            "module.vpc.data.aws_availability_zones.azs"
          ]
        }
      ]
    },
    {
      "module": "module.eks_node_group_public_private",
      "mode": "data",
      "type": "aws_iam_policy_document",
      "name": "eks_worker_node_policy_doc",
      "provider": "provider[\"registry.terraform.io/hashicorp/aws\"]",
      "instances": [
        {
          "schema_version": 0,
          "attributes": {
            "id": "2851119427",
            "json": "{\n  \"Version\": \"2012-10-17\",\n  \"Statement\": [\n    {\n      \"Effect\": \"Allow\",\n      \"Action\": \"sts:AssumeRole\",\n      \"Principal\": {\n        \"Service\": \"ec2.amazonaws.com\"\n      }\n    }\n  ]\n}",
            "minified_json": "{\"Version\":\"2012-10-17\",\"Statement\":[{\"Effect\":\"Allow\",\"Action\":\"sts:AssumeRole\",\"Principal\":{\"Service\":\"ec2.amazonaws.com\"}}]}",
            "override_json": null,
            "override_policy_documents": null,
            "policy_id": null,
            "source_json": null,
            "source_policy_documents": null,
            "statement": [
              {
                "actions": [
                  "sts:AssumeRole"
                ],
                "condition": [],
                "effect": "Allow",
                "not_actions": [],
                "not_principals": [],
                "not_resources": [],
                "principals": [
                  {
                    "identifiers": [
                      "ec2.amazonaws.com"
                    ],
                    "type": "Service"
                  }
                ],
                "resources": [],
                "sid": ""
              }
            ],
            "version": "2012-10-17"
          },
          "sensitive_attributes": []
        }
      ]
    },
    {
      "module": "module.eks_node_group_public_private",
      "mode": "managed",
      "type": "aws_eks_node_group",
      "name": "eks_private_node_group",
      "provider": "provider[\"registry.terraform.io/hashicorp/aws\"]",
      "instances": [
        {
          "schema_version": 0,
          "attributes": {
            "ami_type": "AL2_x86_64",
            "arn": "arn:aws:eks:us-east-1:466649784722:nodegroup/demo-eks/demo-dev-demo-eks-private-node-group/4ccb8ff6-d8c7-3390-8936-5aaa268cee29",
            "capacity_type": "ON_DEMAND",
            "cluster_name": "demo-eks",
            "disk_size": 20,
            "force_update_version": null,
            "id": "demo-eks:demo-dev-demo-eks-private-node-group",
            "instance_types": [
              "t3.medium"
            ],
            "labels": {},
            "launch_template": [],
            "node_group_name": "demo-dev-demo-eks-private-node-group",
            "node_group_name_prefix": "",
            "node_repair_config": [],
            "node_role_arn": "arn:aws:iam::466649784722:role/eks_worker_node_role",
            "release_version": "1.32.3-20250519",
            "remote_access": [
              {
                "ec2_ssh_key": "tf-key",
                "source_security_group_ids": []
              }
            ],
            "resources": [
              {
                "autoscaling_groups": [
                  {
                    "name": "eks-demo-dev-demo-eks-private-node-group-4ccb8ff6-d8c7-3390-8936-5aaa268cee29"
                  }
                ],
                "remote_access_security_group_id": "sg-0ad69bf1f009713e3"
              }
            ],
            "scaling_config": [
              {
                "desired_size": 1,
                "max_size": 2,
                "min_size": 1
              }
            ],
            "status": "ACTIVE",
            "subnet_ids": [
              "subnet-00a99af98cd3a493c",
              "subnet-0b9221fe572a4f78c"
            ],
            "tags": {
              "Name": "demo-dev-demo-eks-private-node-group",
              "company": "CT",
              "createdBy": "Terraform",
              "environment": "dev",
              "project": "CT-Project"
            },
            "tags_all": {
              "Name": "demo-dev-demo-eks-private-node-group",
              "company": "CT",
              "createdBy": "Terraform",
              "environment": "dev",
              "project": "CT-Project"
            },
            "taint": [],
            "timeouts": null,
            "update_config": [
              {
                "max_unavailable": 1,
                "max_unavailable_percentage": 0
              }
            ],
            "version": "1.32"
          },
          "sensitive_attributes": [],
          "private": "eyJlMmJmYjczMC1lY2FhLTExZTYtOGY4OC0zNDM2M2JjN2M0YzAiOnsiY3JlYXRlIjozNjAwMDAwMDAwMDAwLCJkZWxldGUiOjM2MDAwMDAwMDAwMDAsInVwZGF0ZSI6MzYwMDAwMDAwMDAwMH19",
          "dependencies": [
            "module.eks_cluester.aws_eks_cluster.eks_cluester",
            "module.eks_cluester.aws_iam_role.eks_cluster_master_role",
            "module.eks_cluester.aws_iam_role_policy_attachment.iam_role_eks_vpc_policy_attachment",
            "module.eks_cluester.aws_iam_role_policy_attachment.iam_role_policy_attachment",
            "module.eks_cluester.data.aws_iam_policy.eks_cluster_master_policy",
            "module.eks_cluester.data.aws_iam_policy.eks_cluster_vpc_policy",
            "module.eks_cluester.data.aws_iam_policy_document.iam_policy_document",
            "module.eks_cluster_admin_with_role.aws_iam_group.eks_admin_group",
            "module.eks_cluster_admin_with_role.aws_iam_group.eksreadonly_iam_group",
            "module.eks_cluster_admin_with_role.aws_iam_group_membership.eksadmins",
            "module.eks_cluster_admin_with_role.aws_iam_group_membership.eksreadonly",
            "module.eks_cluster_admin_with_role.aws_iam_group_policy.eksadmins_iam_group_assumerole_policy",
            "module.eks_cluster_admin_with_role.aws_iam_group_policy.eksreadonly_iam_group_assumerole_policy",
            "module.eks_cluster_admin_with_role.aws_iam_policy.eks_admin_policy",
            "module.eks_cluster_admin_with_role.aws_iam_role.eks_admin_role",
            "module.eks_cluster_admin_with_role.aws_iam_role.eks_readonly_role",
            "module.eks_cluster_admin_with_role.aws_iam_role_policy_attachment.eks_admin_role_attachment",
            "module.eks_cluster_admin_with_role.aws_iam_user.admin_user",
            "module.eks_cluster_admin_with_role.aws_iam_user.basic_user",
            "module.eks_cluster_admin_with_role.aws_iam_user.eks_developer_user",
            "module.eks_cluster_admin_with_role.aws_iam_user.eks_role_admin_user",
            "module.eks_cluster_admin_with_role.aws_iam_user.eksreadonly_user",
            "module.eks_cluster_admin_with_role.aws_iam_user_policy.basic_user_eks_policy",
            "module.eks_cluster_admin_with_role.aws_iam_user_policy_attachment.admin_user_policy",
            "module.eks_cluster_admin_with_role.data.aws_caller_identity.caller_identity",
            "module.eks_cluster_admin_with_role.data.aws_caller_identity.current",
            "module.eks_cluster_admin_with_role.data.aws_eks_cluster.cluster_name",
            "module.eks_cluster_admin_with_role.data.aws_eks_cluster_auth.cluster_auth",
            "module.eks_cluster_admin_with_role.data.aws_iam_policy.administrator_policy",
            "module.eks_cluster_admin_with_role.data.aws_iam_policy_document.eks_admin_policy_document",
            "module.eks_cluster_admin_with_role.data.aws_iam_policy_document.iam_trust_policy_document",
            "module.eks_cluster_admin_with_role.kubernetes_cluster_role_binding_v1.eksreadonly_clusterrolebinding",
            "module.eks_cluster_admin_with_role.kubernetes_cluster_role_v1.eksreadonly_clusterrole",
            "module.eks_cluster_admin_with_role.kubernetes_config_map_v1.aws_auth_config_map",
            "module.eks_cluster_admin_with_role.kubernetes_namespace_v1.k8s_dev",
            "module.eks_cluster_admin_with_role.kubernetes_role_binding_v1.eksdeveloper_rolebinding",
            "module.eks_cluster_admin_with_role.kubernetes_role_v1.eksdeveloper_role",
            "module.eks_node_group_public_private.aws_iam_role.eks_worker_node_role",
            "module.eks_node_group_public_private.data.aws_iam_policy_document.eks_worker_node_policy_doc",
            "module.vpc.aws_eip.eip",
            "module.vpc.aws_internet_gateway.igw",
            "module.vpc.aws_nat_gateway.public",
            "module.vpc.aws_route_table.private_route_table",
            "module.vpc.aws_route_table.public_route_table",
            "module.vpc.aws_route_table_association.private_rt_asso",
            "module.vpc.aws_route_table_association.public_rt_asso",
            "module.vpc.aws_subnet.private_subnet",
            "module.vpc.aws_subnet.public_subnet",
            "module.vpc.aws_vpc.this",
            "module.vpc.data.aws_availability_zones.azs"
          ]
        }
      ]
    },
    {
      "module": "module.eks_node_group_public_private",
      "mode": "managed",
      "type": "aws_iam_role",
      "name": "eks_worker_node_role",
      "provider": "provider[\"registry.terraform.io/hashicorp/aws\"]",
      "instances": [
        {
          "schema_version": 0,
          "attributes": {
            "arn": "arn:aws:iam::466649784722:role/eks_worker_node_role",
            "assume_role_policy": "{\"Statement\":[{\"Action\":\"sts:AssumeRole\",\"Effect\":\"Allow\",\"Principal\":{\"Service\":\"ec2.amazonaws.com\"}}],\"Version\":\"2012-10-17\"}",
            "create_date": "2025-05-30T06:42:39Z",
            "description": "",
            "force_detach_policies": false,
            "id": "eks_worker_node_role",
            "inline_policy": [],
            "managed_policy_arns": [
              "arn:aws:iam::aws:policy/AmazonEC2ContainerRegistryReadOnly",
              "arn:aws:iam::aws:policy/AmazonEKSWorkerNodePolicy",
              "arn:aws:iam::aws:policy/AmazonEKS_CNI_Policy"
            ],
            "max_session_duration": 3600,
            "name": "eks_worker_node_role",
            "name_prefix": "",
            "path": "/",
            "permissions_boundary": "",
            "tags": {
              "Name": "demo-dev-eks-worker-node-role",
              "company": "CT",
              "createdBy": "Terraform",
              "environment": "dev",
              "project": "CT-Project"
            },
            "tags_all": {
              "Name": "demo-dev-eks-worker-node-role",
              "company": "CT",
              "createdBy": "Terraform",
              "environment": "dev",
              "project": "CT-Project"
            },
            "unique_id": "AROAWZJT6UGJKP5XWLFFF"
          },
          "sensitive_attributes": [],
          "private": "bnVsbA==",
          "dependencies": [
            "module.eks_cluester.aws_eks_cluster.eks_cluester",
            "module.eks_cluester.aws_iam_role.eks_cluster_master_role",
            "module.eks_cluester.aws_iam_role_policy_attachment.iam_role_eks_vpc_policy_attachment",
            "module.eks_cluester.aws_iam_role_policy_attachment.iam_role_policy_attachment",
            "module.eks_cluester.data.aws_iam_policy.eks_cluster_master_policy",
            "module.eks_cluester.data.aws_iam_policy.eks_cluster_vpc_policy",
            "module.eks_cluester.data.aws_iam_policy_document.iam_policy_document",
            "module.eks_cluster_admin_with_role.aws_iam_group.eks_admin_group",
            "module.eks_cluster_admin_with_role.aws_iam_group.eksreadonly_iam_group",
            "module.eks_cluster_admin_with_role.aws_iam_group_membership.eksadmins",
            "module.eks_cluster_admin_with_role.aws_iam_group_membership.eksreadonly",
            "module.eks_cluster_admin_with_role.aws_iam_group_policy.eksadmins_iam_group_assumerole_policy",
            "module.eks_cluster_admin_with_role.aws_iam_group_policy.eksreadonly_iam_group_assumerole_policy",
            "module.eks_cluster_admin_with_role.aws_iam_policy.eks_admin_policy",
            "module.eks_cluster_admin_with_role.aws_iam_role.eks_admin_role",
            "module.eks_cluster_admin_with_role.aws_iam_role.eks_readonly_role",
            "module.eks_cluster_admin_with_role.aws_iam_role_policy_attachment.eks_admin_role_attachment",
            "module.eks_cluster_admin_with_role.aws_iam_user.admin_user",
            "module.eks_cluster_admin_with_role.aws_iam_user.basic_user",
            "module.eks_cluster_admin_with_role.aws_iam_user.eks_developer_user",
            "module.eks_cluster_admin_with_role.aws_iam_user.eks_role_admin_user",
            "module.eks_cluster_admin_with_role.aws_iam_user.eksreadonly_user",
            "module.eks_cluster_admin_with_role.aws_iam_user_policy.basic_user_eks_policy",
            "module.eks_cluster_admin_with_role.aws_iam_user_policy_attachment.admin_user_policy",
            "module.eks_cluster_admin_with_role.data.aws_caller_identity.caller_identity",
            "module.eks_cluster_admin_with_role.data.aws_caller_identity.current",
            "module.eks_cluster_admin_with_role.data.aws_eks_cluster.cluster_name",
            "module.eks_cluster_admin_with_role.data.aws_eks_cluster_auth.cluster_auth",
            "module.eks_cluster_admin_with_role.data.aws_iam_policy.administrator_policy",
            "module.eks_cluster_admin_with_role.data.aws_iam_policy_document.eks_admin_policy_document",
            "module.eks_cluster_admin_with_role.data.aws_iam_policy_document.iam_trust_policy_document",
            "module.eks_cluster_admin_with_role.kubernetes_cluster_role_binding_v1.eksreadonly_clusterrolebinding",
            "module.eks_cluster_admin_with_role.kubernetes_cluster_role_v1.eksreadonly_clusterrole",
            "module.eks_cluster_admin_with_role.kubernetes_config_map_v1.aws_auth_config_map",
            "module.eks_cluster_admin_with_role.kubernetes_namespace_v1.k8s_dev",
            "module.eks_cluster_admin_with_role.kubernetes_role_binding_v1.eksdeveloper_rolebinding",
            "module.eks_cluster_admin_with_role.kubernetes_role_v1.eksdeveloper_role",
            "module.eks_node_group_public_private.data.aws_iam_policy_document.eks_worker_node_policy_doc",
            "module.vpc.aws_eip.eip",
            "module.vpc.aws_internet_gateway.igw",
            "module.vpc.aws_nat_gateway.public",
            "module.vpc.aws_route_table.private_route_table",
            "module.vpc.aws_route_table.public_route_table",
            "module.vpc.aws_route_table_association.private_rt_asso",
            "module.vpc.aws_route_table_association.public_rt_asso",
            "module.vpc.aws_subnet.private_subnet",
            "module.vpc.aws_subnet.public_subnet",
            "module.vpc.aws_vpc.this",
            "module.vpc.data.aws_availability_zones.azs"
          ]
        }
      ]
    },
    {
      "module": "module.vpc",
      "mode": "data",
      "type": "aws_availability_zones",
      "name": "azs",
      "provider": "provider[\"registry.terraform.io/hashicorp/aws\"]",
      "instances": [
        {
          "schema_version": 0,
          "attributes": {
            "all_availability_zones": null,
            "exclude_names": null,
            "exclude_zone_ids": null,
            "filter": null,
            "group_names": [
              "us-east-1-zg-1"
            ],
            "id": "us-east-1",
            "names": [
              "us-east-1a",
              "us-east-1b",
              "us-east-1c",
              "us-east-1d",
              "us-east-1e",
              "us-east-1f"
            ],
            "state": "available",
            "timeouts": null,
            "zone_ids": [
              "use1-az2",
              "use1-az4",
              "use1-az6",
              "use1-az1",
              "use1-az3",
              "use1-az5"
            ]
          },
          "sensitive_attributes": []
        }
      ]
    },
    {
      "module": "module.vpc",
      "mode": "managed",
      "type": "aws_eip",
      "name": "eip",
      "provider": "provider[\"registry.terraform.io/hashicorp/aws\"]",
      "instances": [
        {
          "schema_version": 0,
          "attributes": {
            "address": null,
            "allocation_id": "eipalloc-0ed3743548fc70d2c",
            "arn": "arn:aws:ec2:us-east-1:466649784722:elastic-ip/eipalloc-0ed3743548fc70d2c",
            "associate_with_private_ip": null,
            "association_id": "eipassoc-0742ea1accbc57f6f",
            "carrier_ip": "",
            "customer_owned_ip": "",
            "customer_owned_ipv4_pool": "",
            "domain": "vpc",
            "id": "eipalloc-0ed3743548fc70d2c",
            "instance": "",
            "ipam_pool_id": null,
            "network_border_group": "us-east-1",
            "network_interface": "eni-0b8cb42f30393268e",
            "private_dns": "ip-10-0-0-42.ec2.internal",
            "private_ip": "10.0.0.42",
            "ptr_record": "",
            "public_dns": "ec2-3-216-87-209.compute-1.amazonaws.com",
            "public_ip": "3.216.87.209",
            "public_ipv4_pool": "amazon",
            "tags": {},
            "tags_all": {},
            "timeouts": null,
            "vpc": true
          },
          "sensitive_attributes": [],
          "private": "eyJlMmJmYjczMC1lY2FhLTExZTYtOGY4OC0zNDM2M2JjN2M0YzAiOnsiZGVsZXRlIjoxODAwMDAwMDAwMDAsInJlYWQiOjkwMDAwMDAwMDAwMCwidXBkYXRlIjozMDAwMDAwMDAwMDB9fQ==",
          "dependencies": [
            "module.vpc.aws_internet_gateway.igw",
            "module.vpc.aws_vpc.this"
          ]
        }
      ]
    },
    {
      "module": "module.vpc",
      "mode": "managed",
      "type": "aws_internet_gateway",
      "name": "igw",
      "provider": "provider[\"registry.terraform.io/hashicorp/aws\"]",
      "instances": [
        {
          "schema_version": 0,
          "attributes": {
            "arn": "arn:aws:ec2:us-east-1:466649784722:internet-gateway/igw-07a605567d6e1072f",
            "id": "igw-07a605567d6e1072f",
            "owner_id": "466649784722",
            "tags": {
              "Name": "demo-dev-igw",
              "company": "CT",
              "createdBy": "Terraform",
              "environment": "dev",
              "project": "CT-Project"
            },
            "tags_all": {
              "Name": "demo-dev-igw",
              "company": "CT",
              "createdBy": "Terraform",
              "environment": "dev",
              "project": "CT-Project"
            },
            "timeouts": null,
            "vpc_id": "vpc-0bcf2885b88deea92"
          },
          "sensitive_attributes": [],
          "private": "eyJlMmJmYjczMC1lY2FhLTExZTYtOGY4OC0zNDM2M2JjN2M0YzAiOnsiY3JlYXRlIjoxMjAwMDAwMDAwMDAwLCJkZWxldGUiOjEyMDAwMDAwMDAwMDAsInVwZGF0ZSI6MTIwMDAwMDAwMDAwMH19",
          "dependencies": [
            "module.vpc.aws_vpc.this"
          ]
        }
      ]
    },
    {
      "module": "module.vpc",
      "mode": "managed",
      "type": "aws_nat_gateway",
      "name": "public",
      "provider": "provider[\"registry.terraform.io/hashicorp/aws\"]",
      "instances": [
        {
          "schema_version": 0,
          "attributes": {
            "allocation_id": "eipalloc-0ed3743548fc70d2c",
            "association_id": "eipassoc-0742ea1accbc57f6f",
            "connectivity_type": "public",
            "id": "nat-0e258ed6e3e98d921",
            "network_interface_id": "eni-0b8cb42f30393268e",
            "private_ip": "10.0.0.42",
            "public_ip": "3.216.87.209",
            "secondary_allocation_ids": [],
            "secondary_private_ip_address_count": 0,
            "secondary_private_ip_addresses": [],
            "subnet_id": "subnet-09d576b10e86707f2",
            "tags": {
              "Name": "demo-dev-natgw",
              "company": "CT",
              "createdBy": "Terraform",
              "environment": "dev",
              "project": "CT-Project"
            },
            "tags_all": {
              "Name": "demo-dev-natgw",
              "company": "CT",
              "createdBy": "Terraform",
              "environment": "dev",
              "project": "CT-Project"
            },
            "timeouts": null
          },
          "sensitive_attributes": [],
          "private": "eyJlMmJmYjczMC1lY2FhLTExZTYtOGY4OC0zNDM2M2JjN2M0YzAiOnsiY3JlYXRlIjo2MDAwMDAwMDAwMDAsImRlbGV0ZSI6MTgwMDAwMDAwMDAwMCwidXBkYXRlIjo2MDAwMDAwMDAwMDB9fQ==",
          "dependencies": [
            "module.vpc.aws_eip.eip",
            "module.vpc.aws_internet_gateway.igw",
            "module.vpc.aws_subnet.public_subnet",
            "module.vpc.aws_vpc.this",
            "module.vpc.data.aws_availability_zones.azs"
          ]
        }
      ]
    },
    {
      "module": "module.vpc",
      "mode": "managed",
      "type": "aws_route_table",
      "name": "private_route_table",
      "provider": "provider[\"registry.terraform.io/hashicorp/aws\"]",
      "instances": [
        {
          "schema_version": 0,
          "attributes": {
            "arn": "arn:aws:ec2:us-east-1:466649784722:route-table/rtb-0acb94735e4cef0fb",
            "id": "rtb-0acb94735e4cef0fb",
            "owner_id": "466649784722",
            "propagating_vgws": [],
            "route": [
              {
                "carrier_gateway_id": "",
                "cidr_block": "0.0.0.0/0",
                "core_network_arn": "",
                "destination_prefix_list_id": "",
                "egress_only_gateway_id": "",
                "gateway_id": "",
                "ipv6_cidr_block": "",
                "local_gateway_id": "",
                "nat_gateway_id": "nat-0e258ed6e3e98d921",
                "network_interface_id": "",
                "transit_gateway_id": "",
                "vpc_endpoint_id": "",
                "vpc_peering_connection_id": ""
              }
            ],
            "tags": {
              "Name": "demo-dev-priv-rtable",
              "company": "CT",
              "createdBy": "Terraform",
              "environment": "dev",
              "project": "CT-Project"
            },
            "tags_all": {
              "Name": "demo-dev-priv-rtable",
              "company": "CT",
              "createdBy": "Terraform",
              "environment": "dev",
              "project": "CT-Project"
            },
            "timeouts": null,
            "vpc_id": "vpc-0bcf2885b88deea92"
          },
          "sensitive_attributes": [],
          "private": "eyJlMmJmYjczMC1lY2FhLTExZTYtOGY4OC0zNDM2M2JjN2M0YzAiOnsiY3JlYXRlIjozMDAwMDAwMDAwMDAsImRlbGV0ZSI6MzAwMDAwMDAwMDAwLCJ1cGRhdGUiOjEyMDAwMDAwMDAwMH19",
          "dependencies": [
            "module.vpc.aws_eip.eip",
            "module.vpc.aws_internet_gateway.igw",
            "module.vpc.aws_nat_gateway.public",
            "module.vpc.aws_subnet.public_subnet",
            "module.vpc.aws_vpc.this",
            "module.vpc.data.aws_availability_zones.azs"
          ]
        }
      ]
    },
    {
      "module": "module.vpc",
      "mode": "managed",
      "type": "aws_route_table",
      "name": "public_route_table",
      "provider": "provider[\"registry.terraform.io/hashicorp/aws\"]",
      "instances": [
        {
          "schema_version": 0,
          "attributes": {
            "arn": "arn:aws:ec2:us-east-1:466649784722:route-table/rtb-0232570d5473aa6c0",
            "id": "rtb-0232570d5473aa6c0",
            "owner_id": "466649784722",
            "propagating_vgws": [],
            "route": [
              {
                "carrier_gateway_id": "",
                "cidr_block": "0.0.0.0/0",
                "core_network_arn": "",
                "destination_prefix_list_id": "",
                "egress_only_gateway_id": "",
                "gateway_id": "igw-07a605567d6e1072f",
                "ipv6_cidr_block": "",
                "local_gateway_id": "",
                "nat_gateway_id": "",
                "network_interface_id": "",
                "transit_gateway_id": "",
                "vpc_endpoint_id": "",
                "vpc_peering_connection_id": ""
              }
            ],
            "tags": {
              "Name": "demo-dev-public-rt",
              "company": "CT",
              "createdBy": "Terraform",
              "environment": "dev",
              "project": "CT-Project"
            },
            "tags_all": {
              "Name": "demo-dev-public-rt",
              "company": "CT",
              "createdBy": "Terraform",
              "environment": "dev",
              "project": "CT-Project"
            },
            "timeouts": null,
            "vpc_id": "vpc-0bcf2885b88deea92"
          },
          "sensitive_attributes": [],
          "private": "eyJlMmJmYjczMC1lY2FhLTExZTYtOGY4OC0zNDM2M2JjN2M0YzAiOnsiY3JlYXRlIjozMDAwMDAwMDAwMDAsImRlbGV0ZSI6MzAwMDAwMDAwMDAwLCJ1cGRhdGUiOjEyMDAwMDAwMDAwMH19",
          "dependencies": [
            "module.vpc.aws_internet_gateway.igw",
            "module.vpc.aws_vpc.this"
          ]
        }
      ]
    },
    {
      "module": "module.vpc",
      "mode": "managed",
      "type": "aws_route_table_association",
      "name": "private_rt_asso",
      "provider": "provider[\"registry.terraform.io/hashicorp/aws\"]",
      "instances": [
        {
          "index_key": 0,
          "schema_version": 0,
          "attributes": {
            "gateway_id": "",
            "id": "rtbassoc-098a07d555a06f3e5",
            "route_table_id": "rtb-0acb94735e4cef0fb",
            "subnet_id": "subnet-00a99af98cd3a493c",
            "timeouts": null
          },
          "sensitive_attributes": [],
          "private": "eyJlMmJmYjczMC1lY2FhLTExZTYtOGY4OC0zNDM2M2JjN2M0YzAiOnsiY3JlYXRlIjozMDAwMDAwMDAwMDAsImRlbGV0ZSI6MzAwMDAwMDAwMDAwLCJ1cGRhdGUiOjEyMDAwMDAwMDAwMH19",
          "dependencies": [
            "module.vpc.aws_eip.eip",
            "module.vpc.aws_internet_gateway.igw",
            "module.vpc.aws_nat_gateway.public",
            "module.vpc.aws_route_table.private_route_table",
            "module.vpc.aws_subnet.private_subnet",
            "module.vpc.aws_subnet.public_subnet",
            "module.vpc.aws_vpc.this",
            "module.vpc.data.aws_availability_zones.azs"
          ]
        },
        {
          "index_key": 1,
          "schema_version": 0,
          "attributes": {
            "gateway_id": "",
            "id": "rtbassoc-07933c5c44f92404c",
            "route_table_id": "rtb-0acb94735e4cef0fb",
            "subnet_id": "subnet-0b9221fe572a4f78c",
            "timeouts": null
          },
          "sensitive_attributes": [],
          "private": "eyJlMmJmYjczMC1lY2FhLTExZTYtOGY4OC0zNDM2M2JjN2M0YzAiOnsiY3JlYXRlIjozMDAwMDAwMDAwMDAsImRlbGV0ZSI6MzAwMDAwMDAwMDAwLCJ1cGRhdGUiOjEyMDAwMDAwMDAwMH19",
          "dependencies": [
            "module.vpc.aws_eip.eip",
            "module.vpc.aws_internet_gateway.igw",
            "module.vpc.aws_nat_gateway.public",
            "module.vpc.aws_route_table.private_route_table",
            "module.vpc.aws_subnet.private_subnet",
            "module.vpc.aws_subnet.public_subnet",
            "module.vpc.aws_vpc.this",
            "module.vpc.data.aws_availability_zones.azs"
          ]
        }
      ]
    },
    {
      "module": "module.vpc",
      "mode": "managed",
      "type": "aws_route_table_association",
      "name": "public_rt_asso",
      "provider": "provider[\"registry.terraform.io/hashicorp/aws\"]",
      "instances": [
        {
          "index_key": 0,
          "schema_version": 0,
          "attributes": {
            "gateway_id": "",
            "id": "rtbassoc-0628900748fbc0a90",
            "route_table_id": "rtb-0232570d5473aa6c0",
            "subnet_id": "subnet-09d576b10e86707f2",
            "timeouts": null
          },
          "sensitive_attributes": [],
          "private": "eyJlMmJmYjczMC1lY2FhLTExZTYtOGY4OC0zNDM2M2JjN2M0YzAiOnsiY3JlYXRlIjozMDAwMDAwMDAwMDAsImRlbGV0ZSI6MzAwMDAwMDAwMDAwLCJ1cGRhdGUiOjEyMDAwMDAwMDAwMH19",
          "dependencies": [
            "module.vpc.aws_internet_gateway.igw",
            "module.vpc.aws_route_table.public_route_table",
            "module.vpc.aws_subnet.public_subnet",
            "module.vpc.aws_vpc.this",
            "module.vpc.data.aws_availability_zones.azs"
          ]
        },
        {
          "index_key": 1,
          "schema_version": 0,
          "attributes": {
            "gateway_id": "",
            "id": "rtbassoc-0c1d4861dceda1712",
            "route_table_id": "rtb-0232570d5473aa6c0",
            "subnet_id": "subnet-0cfac3878d4af6646",
            "timeouts": null
          },
          "sensitive_attributes": [],
          "private": "eyJlMmJmYjczMC1lY2FhLTExZTYtOGY4OC0zNDM2M2JjN2M0YzAiOnsiY3JlYXRlIjozMDAwMDAwMDAwMDAsImRlbGV0ZSI6MzAwMDAwMDAwMDAwLCJ1cGRhdGUiOjEyMDAwMDAwMDAwMH19",
          "dependencies": [
            "module.vpc.aws_internet_gateway.igw",
            "module.vpc.aws_route_table.public_route_table",
            "module.vpc.aws_subnet.public_subnet",
            "module.vpc.aws_vpc.this",
            "module.vpc.data.aws_availability_zones.azs"
          ]
        }
      ]
    },
    {
      "module": "module.vpc",
      "mode": "managed",
      "type": "aws_subnet",
      "name": "private_subnet",
      "provider": "provider[\"registry.terraform.io/hashicorp/aws\"]",
      "instances": [
        {
          "index_key": 0,
          "schema_version": 1,
          "attributes": {
            "arn": "arn:aws:ec2:us-east-1:466649784722:subnet/subnet-00a99af98cd3a493c",
            "assign_ipv6_address_on_creation": false,
            "availability_zone": "us-east-1a",
            "availability_zone_id": "use1-az2",
            "cidr_block": "10.0.2.0/24",
            "customer_owned_ipv4_pool": "",
            "enable_dns64": false,
            "enable_lni_at_device_index": 0,
            "enable_resource_name_dns_a_record_on_launch": false,
            "enable_resource_name_dns_aaaa_record_on_launch": false,
            "id": "subnet-00a99af98cd3a493c",
            "ipv6_cidr_block": "",
            "ipv6_cidr_block_association_id": "",
            "ipv6_native": false,
            "map_customer_owned_ip_on_launch": false,
            "map_public_ip_on_launch": false,
            "outpost_arn": "",
            "owner_id": "466649784722",
            "private_dns_hostname_type_on_launch": "ip-name",
            "tags": {
              "Name": "demo-dev-private-1",
              "company": "CT",
              "createdBy": "Terraform",
              "environment": "dev",
              "project": "CT-Project"
            },
            "tags_all": {
              "Name": "demo-dev-private-1",
              "company": "CT",
              "createdBy": "Terraform",
              "environment": "dev",
              "project": "CT-Project"
            },
            "timeouts": null,
            "vpc_id": "vpc-0bcf2885b88deea92"
          },
          "sensitive_attributes": [],
          "private": "eyJlMmJmYjczMC1lY2FhLTExZTYtOGY4OC0zNDM2M2JjN2M0YzAiOnsiY3JlYXRlIjo2MDAwMDAwMDAwMDAsImRlbGV0ZSI6MTIwMDAwMDAwMDAwMH0sInNjaGVtYV92ZXJzaW9uIjoiMSJ9",
          "dependencies": [
            "module.vpc.aws_vpc.this",
            "module.vpc.data.aws_availability_zones.azs"
          ]
        },
        {
          "index_key": 1,
          "schema_version": 1,
          "attributes": {
            "arn": "arn:aws:ec2:us-east-1:466649784722:subnet/subnet-0b9221fe572a4f78c",
            "assign_ipv6_address_on_creation": false,
            "availability_zone": "us-east-1b",
            "availability_zone_id": "use1-az4",
            "cidr_block": "10.0.3.0/24",
            "customer_owned_ipv4_pool": "",
            "enable_dns64": false,
            "enable_lni_at_device_index": 0,
            "enable_resource_name_dns_a_record_on_launch": false,
            "enable_resource_name_dns_aaaa_record_on_launch": false,
            "id": "subnet-0b9221fe572a4f78c",
            "ipv6_cidr_block": "",
            "ipv6_cidr_block_association_id": "",
            "ipv6_native": false,
            "map_customer_owned_ip_on_launch": false,
            "map_public_ip_on_launch": false,
            "outpost_arn": "",
            "owner_id": "466649784722",
            "private_dns_hostname_type_on_launch": "ip-name",
            "tags": {
              "Name": "demo-dev-private-2",
              "company": "CT",
              "createdBy": "Terraform",
              "environment": "dev",
              "project": "CT-Project"
            },
            "tags_all": {
              "Name": "demo-dev-private-2",
              "company": "CT",
              "createdBy": "Terraform",
              "environment": "dev",
              "project": "CT-Project"
            },
            "timeouts": null,
            "vpc_id": "vpc-0bcf2885b88deea92"
          },
          "sensitive_attributes": [],
          "private": "eyJlMmJmYjczMC1lY2FhLTExZTYtOGY4OC0zNDM2M2JjN2M0YzAiOnsiY3JlYXRlIjo2MDAwMDAwMDAwMDAsImRlbGV0ZSI6MTIwMDAwMDAwMDAwMH0sInNjaGVtYV92ZXJzaW9uIjoiMSJ9",
          "dependencies": [
            "module.vpc.aws_vpc.this",
            "module.vpc.data.aws_availability_zones.azs"
          ]
        }
      ]
    },
    {
      "module": "module.vpc",
      "mode": "managed",
      "type": "aws_subnet",
      "name": "public_subnet",
      "provider": "provider[\"registry.terraform.io/hashicorp/aws\"]",
      "instances": [
        {
          "index_key": 0,
          "schema_version": 1,
          "attributes": {
            "arn": "arn:aws:ec2:us-east-1:466649784722:subnet/subnet-09d576b10e86707f2",
            "assign_ipv6_address_on_creation": false,
            "availability_zone": "us-east-1a",
            "availability_zone_id": "use1-az2",
            "cidr_block": "10.0.0.0/24",
            "customer_owned_ipv4_pool": "",
            "enable_dns64": false,
            "enable_lni_at_device_index": 0,
            "enable_resource_name_dns_a_record_on_launch": false,
            "enable_resource_name_dns_aaaa_record_on_launch": false,
            "id": "subnet-09d576b10e86707f2",
            "ipv6_cidr_block": "",
            "ipv6_cidr_block_association_id": "",
            "ipv6_native": false,
            "map_customer_owned_ip_on_launch": false,
            "map_public_ip_on_launch": true,
            "outpost_arn": "",
            "owner_id": "466649784722",
            "private_dns_hostname_type_on_launch": "ip-name",
            "tags": {
              "Name": "demo-dev-public-1",
              "company": "CT",
              "createdBy": "Terraform",
              "environment": "dev",
              "project": "CT-Project"
            },
            "tags_all": {
              "Name": "demo-dev-public-1",
              "company": "CT",
              "createdBy": "Terraform",
              "environment": "dev",
              "project": "CT-Project"
            },
            "timeouts": null,
            "vpc_id": "vpc-0bcf2885b88deea92"
          },
          "sensitive_attributes": [],
          "private": "eyJlMmJmYjczMC1lY2FhLTExZTYtOGY4OC0zNDM2M2JjN2M0YzAiOnsiY3JlYXRlIjo2MDAwMDAwMDAwMDAsImRlbGV0ZSI6MTIwMDAwMDAwMDAwMH0sInNjaGVtYV92ZXJzaW9uIjoiMSJ9",
          "dependencies": [
            "module.vpc.aws_vpc.this",
            "module.vpc.data.aws_availability_zones.azs"
          ]
        },
        {
          "index_key": 1,
          "schema_version": 1,
          "attributes": {
            "arn": "arn:aws:ec2:us-east-1:466649784722:subnet/subnet-0cfac3878d4af6646",
            "assign_ipv6_address_on_creation": false,
            "availability_zone": "us-east-1b",
            "availability_zone_id": "use1-az4",
            "cidr_block": "10.0.1.0/24",
            "customer_owned_ipv4_pool": "",
            "enable_dns64": false,
            "enable_lni_at_device_index": 0,
            "enable_resource_name_dns_a_record_on_launch": false,
            "enable_resource_name_dns_aaaa_record_on_launch": false,
            "id": "subnet-0cfac3878d4af6646",
            "ipv6_cidr_block": "",
            "ipv6_cidr_block_association_id": "",
            "ipv6_native": false,
            "map_customer_owned_ip_on_launch": false,
            "map_public_ip_on_launch": true,
            "outpost_arn": "",
            "owner_id": "466649784722",
            "private_dns_hostname_type_on_launch": "ip-name",
            "tags": {
              "Name": "demo-dev-public-2",
              "company": "CT",
              "createdBy": "Terraform",
              "environment": "dev",
              "project": "CT-Project"
            },
            "tags_all": {
              "Name": "demo-dev-public-2",
              "company": "CT",
              "createdBy": "Terraform",
              "environment": "dev",
              "project": "CT-Project"
            },
            "timeouts": null,
            "vpc_id": "vpc-0bcf2885b88deea92"
          },
          "sensitive_attributes": [],
          "private": "eyJlMmJmYjczMC1lY2FhLTExZTYtOGY4OC0zNDM2M2JjN2M0YzAiOnsiY3JlYXRlIjo2MDAwMDAwMDAwMDAsImRlbGV0ZSI6MTIwMDAwMDAwMDAwMH0sInNjaGVtYV92ZXJzaW9uIjoiMSJ9",
          "dependencies": [
            "module.vpc.aws_vpc.this",
            "module.vpc.data.aws_availability_zones.azs"
          ]
        }
      ]
    },
    {
      "module": "module.vpc",
      "mode": "managed",
      "type": "aws_vpc",
      "name": "this",
      "provider": "provider[\"registry.terraform.io/hashicorp/aws\"]",
      "instances": [
        {
          "schema_version": 1,
          "attributes": {
            "arn": "arn:aws:ec2:us-east-1:466649784722:vpc/vpc-0bcf2885b88deea92",
            "assign_generated_ipv6_cidr_block": false,
            "cidr_block": "10.0.0.0/16",
            "default_network_acl_id": "acl-07e7fa75db8ba96d4",
            "default_route_table_id": "rtb-0d45656007366cf88",
            "default_security_group_id": "sg-0e5da7941c7e156eb",
            "dhcp_options_id": "dopt-06107f0c754d77483",
            "enable_dns_hostnames": true,
            "enable_dns_support": true,
            "enable_network_address_usage_metrics": false,
            "id": "vpc-0bcf2885b88deea92",
            "instance_tenancy": "default",
            "ipv4_ipam_pool_id": null,
            "ipv4_netmask_length": null,
            "ipv6_association_id": "",
            "ipv6_cidr_block": "",
            "ipv6_cidr_block_network_border_group": "",
            "ipv6_ipam_pool_id": "",
            "ipv6_netmask_length": 0,
            "main_route_table_id": "rtb-0d45656007366cf88",
            "owner_id": "466649784722",
            "tags": {
              "Name": "demo-dev-vpc-ecs",
              "company": "CT",
              "createdBy": "Terraform",
              "environment": "dev",
              "project": "CT-Project"
            },
            "tags_all": {
              "Name": "demo-dev-vpc-ecs",
              "company": "CT",
              "createdBy": "Terraform",
              "environment": "dev",
              "project": "CT-Project"
            }
          },
          "sensitive_attributes": [],
          "private": "eyJzY2hlbWFfdmVyc2lvbiI6IjEifQ=="
        }
      ]
    }
  ],
  "check_results": null
}
