{
  "version": 4,
  "terraform_version": "1.10.5",
  "serial": 1021,
  "lineage": "72410ad1-7f0d-c66b-6dee-2960d79508df",
  "outputs": {
    "aws_iam_openid_connect_provider_arn": {
      "value": "arn:aws:iam::466649784722:oidc-provider/oidc.eks.us-east-1.amazonaws.com/id/91A5C9F17B3E8873E8E39923ADFA41ED",
      "type": "string"
    },
    "aws_iam_openid_connect_provider_extract_from_arn": {
      "value": "oidc.eks.us-east-1.amazonaws.com/id/91A5C9F17B3E8873E8E39923ADFA41ED",
      "type": "string"
    },
    "cluster_certificate_authority_data": {
      "value": "LS0tLS1CRUdJTiBDRVJUSUZJQ0FURS0tLS0tCk1JSURCVENDQWUyZ0F3SUJBZ0lJYU1PV2o2bFdLYm93RFFZSktvWklodmNOQVFFTEJRQXdGVEVUTUJFR0ExVUUKQXhNS2EzVmlaWEp1WlhSbGN6QWVGdzB5TlRBMk1ERXdOREU0TXpoYUZ3MHpOVEExTXpBd05ESXpNemhhTUJVeApFekFSQmdOVkJBTVRDbXQxWW1WeWJtVjBaWE13Z2dFaU1BMEdDU3FHU0liM0RRRUJBUVVBQTRJQkR3QXdnZ0VLCkFvSUJBUUM1cERhdzFDbS9Jc1BpMDFLeDJ2MTkwcUlWNEFUT2ZGRzRuN0RydWMyRmgyRmZnREJhZEZRZmtrZVkKVGs1ZkFzNjNOeVlKVUYyTlF6eGJPS09FNUQvVW5LeDV3MVlMV3NubVpodjkvbFg0TWl2SDlMRjlWaGg4dkFqeQp3eG56Tk16djZsYUd3NDJmOExqVzM0bFJwa1drZ2x3enBBMnBlbm02V2t4aEVnYnlYd0MvTC9PbGZBSDFRbmhFClhUcW5sOXZmOEpIenU0WHZSdlFMcCtjeTRMdGJQNnY3bmtJNmd3VS9HaHQyV3FwUFgwc2U5R0diSzhQZjIzcHEKOVdBVFR6Y2d0K2w4SmdmenZDMHJpOE85Q2NFWFllU1pWa3RvWHBKT0RsUU9zTitiWlVNdmd3MkcwRkdBWFhXRQp3T1FDTk4vSzdtU2IvczkvM1o0UXljemVmNEF0QWdNQkFBR2pXVEJYTUE0R0ExVWREd0VCL3dRRUF3SUNwREFQCkJnTlZIUk1CQWY4RUJUQURBUUgvTUIwR0ExVWREZ1FXQkJSRVEzYlVCWUFuNm5Wd0tiUjVZT3J0ZkNZbUVEQVYKQmdOVkhSRUVEakFNZ2dwcmRXSmxjbTVsZEdWek1BMEdDU3FHU0liM0RRRUJDd1VBQTRJQkFRQ29vWTU1cEd2UgpLWGNpUjk3ZVFuQy90aVRXMWVnZVBWRmRVNkR2STFTU05aY0FMZFM2QXoraDhEOUZ1aU9CKy8rclRxZkttYXVCCkpjRmg0Q09vSDhkU2NHbldjTlNub0tIL2Yya0NVcVZJVFZEejFXa2RhaHVORlhhdld4cTk0bDRQdWJKMlRMV0MKYTR4MURsRzRFaEgyamxPMTM4QnNieVkrVkZZQUFmSXNnd3VVRnpZbC90OUM1MVJhSkRTbWlGM2JmcWQrZk4yTgpLSDQxZFpqQUcvRWsrQjhzMGFiTUNnS2d2d3FiUWw5K05oc2EwVytWWnZHSTBMd3d6dUhoVVhNUlhtakJ5amRlCkpvUmtydzNtMERzSUljY08vNENtbitHYUtwRTA2MTJKR0lTSWxETmE0a2ZndGUwSkZBQnExazdoeFJyVWt0bHEKaWpnYWpWT0ZEbzVjCi0tLS0tRU5EIENFUlRJRklDQVRFLS0tLS0K",
      "type": "string"
    },
    "cluster_endpoint": {
      "value": "https://91A5C9F17B3E8873E8E39923ADFA41ED.gr7.us-east-1.eks.amazonaws.com",
      "type": "string"
    },
    "cluster_id": {
      "value": "demo-eks",
      "type": "string"
    },
    "cluster_name": {
      "value": "demo-eks",
      "type": "string"
    },
    "cluster_oidc_issuer_url": {
      "value": "https://oidc.eks.us-east-1.amazonaws.com/id/91A5C9F17B3E8873E8E39923ADFA41ED",
      "type": "string"
    },
    "eks_nodegroup_role_arn": {
      "value": "arn:aws:iam::466649784722:role/eks_worker_node_role",
      "type": "string"
    },
    "vpc_id": {
      "value": "vpc-0781eb576b2de18c3",
      "type": "string"
    }
  },
  "resources": [
    {
      "module": "module.eks_cluester",
      "mode": "data",
      "type": "aws_iam_policy",
      "name": "eks_cluster_master_policy",
      "provider": "provider[\"registry.terraform.io/hashicorp/aws\"]",
      "instances": [
        {
          "schema_version": 0,
          "attributes": {
            "arn": "arn:aws:iam::aws:policy/AmazonEKSClusterPolicy",
            "attachment_count": 0,
            "description": "This policy provides Kubernetes the permissions it requires to manage resources on your behalf. Kubernetes requires Ec2:CreateTags permissions to place identifying information on EC2 resources including but not limited to Instances, Security Groups, and Elastic Network Interfaces. ",
            "id": "arn:aws:iam::aws:policy/AmazonEKSClusterPolicy",
            "name": "AmazonEKSClusterPolicy",
            "path": "/",
            "path_prefix": null,
            "policy": "{\n\t\"Version\": \"2012-10-17\",\n\t\"Statement\": [\n\t\t{\n\t\t\t\"Sid\": \"AmazonEKSClusterPolicy\",\n\t\t\t\"Effect\": \"Allow\",\n\t\t\t\"Action\": [\n\t\t\t\t\"autoscaling:DescribeAutoScalingGroups\",\n\t\t\t\t\"autoscaling:UpdateAutoScalingGroup\",\n\t\t\t\t\"ec2:AttachVolume\",\n\t\t\t\t\"ec2:AuthorizeSecurityGroupIngress\",\n\t\t\t\t\"ec2:CreateRoute\",\n\t\t\t\t\"ec2:CreateSecurityGroup\",\n\t\t\t\t\"ec2:CreateTags\",\n\t\t\t\t\"ec2:CreateVolume\",\n\t\t\t\t\"ec2:DeleteRoute\",\n\t\t\t\t\"ec2:DeleteSecurityGroup\",\n\t\t\t\t\"ec2:DeleteVolume\",\n\t\t\t\t\"ec2:DescribeInstances\",\n\t\t\t\t\"ec2:DescribeRouteTables\",\n\t\t\t\t\"ec2:DescribeSecurityGroups\",\n\t\t\t\t\"ec2:DescribeSubnets\",\n\t\t\t\t\"ec2:DescribeVolumes\",\n\t\t\t\t\"ec2:DescribeVolumesModifications\",\n\t\t\t\t\"ec2:DescribeVpcs\",\n\t\t\t\t\"ec2:DescribeDhcpOptions\",\n\t\t\t\t\"ec2:DescribeNetworkInterfaces\",\n\t\t\t\t\"ec2:DescribeAvailabilityZones\",\n\t\t\t\t\"ec2:DetachVolume\",\n\t\t\t\t\"ec2:ModifyInstanceAttribute\",\n\t\t\t\t\"ec2:ModifyVolume\",\n\t\t\t\t\"ec2:RevokeSecurityGroupIngress\",\n\t\t\t\t\"ec2:DescribeAccountAttributes\",\n\t\t\t\t\"ec2:DescribeAddresses\",\n\t\t\t\t\"ec2:DescribeInternetGateways\",\n\t\t\t\t\"ec2:DescribeInstanceTopology\",\n\t\t\t\t\"elasticloadbalancing:AddTags\",\n\t\t\t\t\"elasticloadbalancing:ApplySecurityGroupsToLoadBalancer\",\n\t\t\t\t\"elasticloadbalancing:AttachLoadBalancerToSubnets\",\n\t\t\t\t\"elasticloadbalancing:ConfigureHealthCheck\",\n\t\t\t\t\"elasticloadbalancing:CreateListener\",\n\t\t\t\t\"elasticloadbalancing:CreateLoadBalancer\",\n\t\t\t\t\"elasticloadbalancing:CreateLoadBalancerListeners\",\n\t\t\t\t\"elasticloadbalancing:CreateLoadBalancerPolicy\",\n\t\t\t\t\"elasticloadbalancing:CreateTargetGroup\",\n\t\t\t\t\"elasticloadbalancing:DeleteListener\",\n\t\t\t\t\"elasticloadbalancing:DeleteLoadBalancer\",\n\t\t\t\t\"elasticloadbalancing:DeleteLoadBalancerListeners\",\n\t\t\t\t\"elasticloadbalancing:DeleteTargetGroup\",\n\t\t\t\t\"elasticloadbalancing:DeregisterInstancesFromLoadBalancer\",\n\t\t\t\t\"elasticloadbalancing:DeregisterTargets\",\n\t\t\t\t\"elasticloadbalancing:DescribeListeners\",\n\t\t\t\t\"elasticloadbalancing:DescribeLoadBalancerAttributes\",\n\t\t\t\t\"elasticloadbalancing:DescribeLoadBalancerPolicies\",\n\t\t\t\t\"elasticloadbalancing:DescribeLoadBalancers\",\n\t\t\t\t\"elasticloadbalancing:DescribeTargetGroupAttributes\",\n\t\t\t\t\"elasticloadbalancing:DescribeTargetGroups\",\n\t\t\t\t\"elasticloadbalancing:DescribeTargetHealth\",\n\t\t\t\t\"elasticloadbalancing:DetachLoadBalancerFromSubnets\",\n\t\t\t\t\"elasticloadbalancing:ModifyListener\",\n\t\t\t\t\"elasticloadbalancing:ModifyLoadBalancerAttributes\",\n\t\t\t\t\"elasticloadbalancing:ModifyTargetGroup\",\n\t\t\t\t\"elasticloadbalancing:ModifyTargetGroupAttributes\",\n\t\t\t\t\"elasticloadbalancing:RegisterInstancesWithLoadBalancer\",\n\t\t\t\t\"elasticloadbalancing:RegisterTargets\",\n\t\t\t\t\"elasticloadbalancing:SetLoadBalancerPoliciesForBackendServer\",\n\t\t\t\t\"elasticloadbalancing:SetLoadBalancerPoliciesOfListener\",\n\t\t\t\t\"kms:DescribeKey\"\n\t\t\t],\n\t\t\t\"Resource\": \"*\"\n\t\t},\n\t\t{\n\t\t\t\"Sid\": \"AmazonEKSClusterPolicySLRCreate\",\n\t\t\t\"Effect\": \"Allow\",\n\t\t\t\"Action\": \"iam:CreateServiceLinkedRole\",\n\t\t\t\"Resource\": \"*\",\n\t\t\t\"Condition\": {\n\t\t\t\t\"StringEquals\": {\n\t\t\t\t\t\"iam:AWSServiceName\": \"elasticloadbalancing.amazonaws.com\"\n\t\t\t\t}\n\t\t\t}\n\t\t},\n\t\t{\n\t\t\t\"Sid\": \"AmazonEKSClusterPolicyENIDelete\",\n\t\t\t\"Effect\": \"Allow\",\n\t\t\t\"Action\": \"ec2:DeleteNetworkInterface\",\n\t\t\t\"Resource\": \"*\",\n\t\t\t\"Condition\": {\n\t\t\t\t\"StringEquals\": {\n\t\t\t\t\t\"ec2:ResourceTag/eks:eni:owner\": \"amazon-vpc-cni\"\n\t\t\t\t}\n\t\t\t}\n\t\t}\n\t]\n}",
            "policy_id": "ANPAIBTLDQMIC6UOIGFWA",
            "tags": {}
          },
          "sensitive_attributes": []
        }
      ]
    },
    {
      "module": "module.eks_cluester",
      "mode": "data",
      "type": "aws_iam_policy",
      "name": "eks_cluster_vpc_policy",
      "provider": "provider[\"registry.terraform.io/hashicorp/aws\"]",
      "instances": [
        {
          "schema_version": 0,
          "attributes": {
            "arn": "arn:aws:iam::aws:policy/AmazonEKSVPCResourceController",
            "attachment_count": 0,
            "description": "Policy used by VPC Resource Controller to manage ENI and IPs for worker nodes.",
            "id": "arn:aws:iam::aws:policy/AmazonEKSVPCResourceController",
            "name": "AmazonEKSVPCResourceController",
            "path": "/",
            "path_prefix": null,
            "policy": "{\n\t\"Version\": \"2012-10-17\",\n\t\"Statement\": [\n\t\t{\n\t\t\t\"Effect\": \"Allow\",\n\t\t\t\"Action\": \"ec2:CreateNetworkInterfacePermission\",\n\t\t\t\"Resource\": \"*\",\n\t\t\t\"Condition\": {\n\t\t\t\t\"ForAnyValue:StringEquals\": {\n\t\t\t\t\t\"ec2:ResourceTag/eks:eni:owner\": \"eks-vpc-resource-controller\"\n\t\t\t\t}\n\t\t\t}\n\t\t},\n\t\t{\n\t\t\t\"Effect\": \"Allow\",\n\t\t\t\"Action\": [\n\t\t\t\t\"ec2:CreateNetworkInterface\",\n\t\t\t\t\"ec2:DetachNetworkInterface\",\n\t\t\t\t\"ec2:ModifyNetworkInterfaceAttribute\",\n\t\t\t\t\"ec2:DeleteNetworkInterface\",\n\t\t\t\t\"ec2:AttachNetworkInterface\",\n\t\t\t\t\"ec2:UnassignPrivateIpAddresses\",\n\t\t\t\t\"ec2:AssignPrivateIpAddresses\"\n\t\t\t],\n\t\t\t\"Resource\": \"*\"\n\t\t}\n\t]\n}",
            "policy_id": "ANPAZKAPJZG4PBOFT2NNA",
            "tags": {}
          },
          "sensitive_attributes": []
        }
      ]
    },
    {
      "module": "module.eks_cluester",
      "mode": "data",
      "type": "aws_iam_policy_document",
      "name": "iam_policy_document",
      "provider": "provider[\"registry.terraform.io/hashicorp/aws\"]",
      "instances": [
        {
          "schema_version": 0,
          "attributes": {
            "id": "3552664922",
            "json": "{\n  \"Version\": \"2012-10-17\",\n  \"Statement\": [\n    {\n      \"Effect\": \"Allow\",\n      \"Action\": \"sts:AssumeRole\",\n      \"Principal\": {\n        \"Service\": \"eks.amazonaws.com\"\n      }\n    }\n  ]\n}",
            "minified_json": "{\"Version\":\"2012-10-17\",\"Statement\":[{\"Effect\":\"Allow\",\"Action\":\"sts:AssumeRole\",\"Principal\":{\"Service\":\"eks.amazonaws.com\"}}]}",
            "override_json": null,
            "override_policy_documents": null,
            "policy_id": null,
            "source_json": null,
            "source_policy_documents": null,
            "statement": [
              {
                "actions": [
                  "sts:AssumeRole"
                ],
                "condition": [],
                "effect": "Allow",
                "not_actions": [],
                "not_principals": [],
                "not_resources": [],
                "principals": [
                  {
                    "identifiers": [
                      "eks.amazonaws.com"
                    ],
                    "type": "Service"
                  }
                ],
                "resources": [],
                "sid": ""
              }
            ],
            "version": "2012-10-17"
          },
          "sensitive_attributes": []
        }
      ]
    },
    {
      "module": "module.eks_cluester",
      "mode": "data",
      "type": "aws_partition",
      "name": "current",
      "provider": "provider[\"registry.terraform.io/hashicorp/aws\"]",
      "instances": [
        {
          "schema_version": 0,
          "attributes": {
            "dns_suffix": "amazonaws.com",
            "id": "aws",
            "partition": "aws",
            "reverse_dns_prefix": "com.amazonaws"
          },
          "sensitive_attributes": []
        }
      ]
    },
    {
      "module": "module.eks_cluester",
      "mode": "managed",
      "type": "aws_eks_cluster",
      "name": "eks_cluester",
      "provider": "provider[\"registry.terraform.io/hashicorp/aws\"]",
      "instances": [
        {
          "schema_version": 1,
          "attributes": {
            "access_config": [
              {
                "authentication_mode": "CONFIG_MAP",
                "bootstrap_cluster_creator_admin_permissions": true
              }
            ],
            "arn": "arn:aws:eks:us-east-1:466649784722:cluster/demo-eks",
            "bootstrap_self_managed_addons": true,
            "certificate_authority": [
              {
                "data": "LS0tLS1CRUdJTiBDRVJUSUZJQ0FURS0tLS0tCk1JSURCVENDQWUyZ0F3SUJBZ0lJYU1PV2o2bFdLYm93RFFZSktvWklodmNOQVFFTEJRQXdGVEVUTUJFR0ExVUUKQXhNS2EzVmlaWEp1WlhSbGN6QWVGdzB5TlRBMk1ERXdOREU0TXpoYUZ3MHpOVEExTXpBd05ESXpNemhhTUJVeApFekFSQmdOVkJBTVRDbXQxWW1WeWJtVjBaWE13Z2dFaU1BMEdDU3FHU0liM0RRRUJBUVVBQTRJQkR3QXdnZ0VLCkFvSUJBUUM1cERhdzFDbS9Jc1BpMDFLeDJ2MTkwcUlWNEFUT2ZGRzRuN0RydWMyRmgyRmZnREJhZEZRZmtrZVkKVGs1ZkFzNjNOeVlKVUYyTlF6eGJPS09FNUQvVW5LeDV3MVlMV3NubVpodjkvbFg0TWl2SDlMRjlWaGg4dkFqeQp3eG56Tk16djZsYUd3NDJmOExqVzM0bFJwa1drZ2x3enBBMnBlbm02V2t4aEVnYnlYd0MvTC9PbGZBSDFRbmhFClhUcW5sOXZmOEpIenU0WHZSdlFMcCtjeTRMdGJQNnY3bmtJNmd3VS9HaHQyV3FwUFgwc2U5R0diSzhQZjIzcHEKOVdBVFR6Y2d0K2w4SmdmenZDMHJpOE85Q2NFWFllU1pWa3RvWHBKT0RsUU9zTitiWlVNdmd3MkcwRkdBWFhXRQp3T1FDTk4vSzdtU2IvczkvM1o0UXljemVmNEF0QWdNQkFBR2pXVEJYTUE0R0ExVWREd0VCL3dRRUF3SUNwREFQCkJnTlZIUk1CQWY4RUJUQURBUUgvTUIwR0ExVWREZ1FXQkJSRVEzYlVCWUFuNm5Wd0tiUjVZT3J0ZkNZbUVEQVYKQmdOVkhSRUVEakFNZ2dwcmRXSmxjbTVsZEdWek1BMEdDU3FHU0liM0RRRUJDd1VBQTRJQkFRQ29vWTU1cEd2UgpLWGNpUjk3ZVFuQy90aVRXMWVnZVBWRmRVNkR2STFTU05aY0FMZFM2QXoraDhEOUZ1aU9CKy8rclRxZkttYXVCCkpjRmg0Q09vSDhkU2NHbldjTlNub0tIL2Yya0NVcVZJVFZEejFXa2RhaHVORlhhdld4cTk0bDRQdWJKMlRMV0MKYTR4MURsRzRFaEgyamxPMTM4QnNieVkrVkZZQUFmSXNnd3VVRnpZbC90OUM1MVJhSkRTbWlGM2JmcWQrZk4yTgpLSDQxZFpqQUcvRWsrQjhzMGFiTUNnS2d2d3FiUWw5K05oc2EwVytWWnZHSTBMd3d6dUhoVVhNUlhtakJ5amRlCkpvUmtydzNtMERzSUljY08vNENtbitHYUtwRTA2MTJKR0lTSWxETmE0a2ZndGUwSkZBQnExazdoeFJyVWt0bHEKaWpnYWpWT0ZEbzVjCi0tLS0tRU5EIENFUlRJRklDQVRFLS0tLS0K"
              }
            ],
            "cluster_id": null,
            "compute_config": [],
            "created_at": "2025-06-01T04:19:15Z",
            "enabled_cluster_log_types": [
              "api",
              "audit",
              "authenticator",
              "controllerManager",
              "scheduler"
            ],
            "encryption_config": [],
            "endpoint": "https://91A5C9F17B3E8873E8E39923ADFA41ED.gr7.us-east-1.eks.amazonaws.com",
            "force_update_version": null,
            "id": "demo-eks",
            "identity": [
              {
                "oidc": [
                  {
                    "issuer": "https://oidc.eks.us-east-1.amazonaws.com/id/91A5C9F17B3E8873E8E39923ADFA41ED"
                  }
                ]
              }
            ],
            "kubernetes_network_config": [
              {
                "elastic_load_balancing": [
                  {
                    "enabled": false
                  }
                ],
                "ip_family": "ipv4",
                "service_ipv4_cidr": "172.20.0.0/16",
                "service_ipv6_cidr": ""
              }
            ],
            "name": "demo-eks",
            "outpost_config": [],
            "platform_version": "eks.11",
            "remote_network_config": [],
            "role_arn": "arn:aws:iam::466649784722:role/eks_cluster_master_role",
            "status": "ACTIVE",
            "storage_config": [],
            "tags": {
              "Name": "demo-dev-demo-eks",
              "company": "CT",
              "createdBy": "Terraform",
              "environment": "dev",
              "project": "CT-Project"
            },
            "tags_all": {
              "Name": "demo-dev-demo-eks",
              "company": "CT",
              "createdBy": "Terraform",
              "environment": "dev",
              "project": "CT-Project"
            },
            "timeouts": null,
            "upgrade_policy": [
              {
                "support_type": "EXTENDED"
              }
            ],
            "version": "1.32",
            "vpc_config": [
              {
                "cluster_security_group_id": "sg-0c38b8ebf6958078f",
                "endpoint_private_access": false,
                "endpoint_public_access": true,
                "public_access_cidrs": [
                  "0.0.0.0/0"
                ],
                "security_group_ids": null,
                "subnet_ids": [
                  "subnet-0d5251fa6b5be92cc",
                  "subnet-0fb73c5332edb2962"
                ],
                "vpc_id": "vpc-0781eb576b2de18c3"
              }
            ],
            "zonal_shift_config": []
          },
          "sensitive_attributes": [],
          "private": "eyJlMmJmYjczMC1lY2FhLTExZTYtOGY4OC0zNDM2M2JjN2M0YzAiOnsiY3JlYXRlIjoxODAwMDAwMDAwMDAwLCJkZWxldGUiOjkwMDAwMDAwMDAwMCwidXBkYXRlIjozNjAwMDAwMDAwMDAwfSwic2NoZW1hX3ZlcnNpb24iOiIxIn0=",
          "dependencies": [
            "module.eks_cluester.aws_iam_role.eks_cluster_master_role",
            "module.eks_cluester.aws_iam_role_policy_attachment.iam_role_eks_vpc_policy_attachment",
            "module.eks_cluester.aws_iam_role_policy_attachment.iam_role_policy_attachment",
            "module.eks_cluester.data.aws_iam_policy.eks_cluster_master_policy",
            "module.eks_cluester.data.aws_iam_policy.eks_cluster_vpc_policy",
            "module.eks_cluester.data.aws_iam_policy_document.iam_policy_document",
            "module.vpc.aws_eip.eip",
            "module.vpc.aws_internet_gateway.igw",
            "module.vpc.aws_nat_gateway.public",
            "module.vpc.aws_route_table.private_route_table",
            "module.vpc.aws_route_table.public_route_table",
            "module.vpc.aws_route_table_association.private_rt_asso",
            "module.vpc.aws_route_table_association.public_rt_asso",
            "module.vpc.aws_subnet.private_subnet",
            "module.vpc.aws_subnet.public_subnet",
            "module.vpc.aws_vpc.this",
            "module.vpc.data.aws_availability_zones.azs"
          ]
        }
      ]
    },
    {
      "module": "module.eks_cluester",
      "mode": "managed",
      "type": "aws_iam_openid_connect_provider",
      "name": "oidc_provider",
      "provider": "provider[\"registry.terraform.io/hashicorp/aws\"]",
      "instances": [
        {
          "schema_version": 0,
          "attributes": {
            "arn": "arn:aws:iam::466649784722:oidc-provider/oidc.eks.us-east-1.amazonaws.com/id/91A5C9F17B3E8873E8E39923ADFA41ED",
            "client_id_list": [
              "sts.amazonaws.com"
            ],
            "id": "arn:aws:iam::466649784722:oidc-provider/oidc.eks.us-east-1.amazonaws.com/id/91A5C9F17B3E8873E8E39923ADFA41ED",
            "tags": {
              "Name": "demo-eks-eks-rsa",
              "company": "CT",
              "createdBy": "Terraform",
              "environment": "dev",
              "project": "CT-Project"
            },
            "tags_all": {
              "Name": "demo-eks-eks-rsa",
              "company": "CT",
              "createdBy": "Terraform",
              "environment": "dev",
              "project": "CT-Project"
            },
            "thumbprint_list": [
              "9e99a48a9960b14926bb7f3b02e22da2b0ab7280"
            ],
            "url": "oidc.eks.us-east-1.amazonaws.com/id/91A5C9F17B3E8873E8E39923ADFA41ED"
          },
          "sensitive_attributes": [],
          "private": "bnVsbA==",
          "dependencies": [
            "module.eks_cluester.aws_eks_cluster.eks_cluester",
            "module.eks_cluester.aws_iam_role.eks_cluster_master_role",
            "module.eks_cluester.aws_iam_role_policy_attachment.iam_role_eks_vpc_policy_attachment",
            "module.eks_cluester.aws_iam_role_policy_attachment.iam_role_policy_attachment",
            "module.eks_cluester.data.aws_iam_policy.eks_cluster_master_policy",
            "module.eks_cluester.data.aws_iam_policy.eks_cluster_vpc_policy",
            "module.eks_cluester.data.aws_iam_policy_document.iam_policy_document",
            "module.eks_cluester.data.aws_partition.current",
            "module.vpc.aws_eip.eip",
            "module.vpc.aws_internet_gateway.igw",
            "module.vpc.aws_nat_gateway.public",
            "module.vpc.aws_route_table.private_route_table",
            "module.vpc.aws_route_table.public_route_table",
            "module.vpc.aws_route_table_association.private_rt_asso",
            "module.vpc.aws_route_table_association.public_rt_asso",
            "module.vpc.aws_subnet.private_subnet",
            "module.vpc.aws_subnet.public_subnet",
            "module.vpc.aws_vpc.this",
            "module.vpc.data.aws_availability_zones.azs"
          ]
        }
      ]
    },
    {
      "module": "module.eks_cluester",
      "mode": "managed",
      "type": "aws_iam_role",
      "name": "eks_cluster_master_role",
      "provider": "provider[\"registry.terraform.io/hashicorp/aws\"]",
      "instances": [
        {
          "schema_version": 0,
          "attributes": {
            "arn": "arn:aws:iam::466649784722:role/eks_cluster_master_role",
            "assume_role_policy": "{\"Statement\":[{\"Action\":\"sts:AssumeRole\",\"Effect\":\"Allow\",\"Principal\":{\"Service\":\"eks.amazonaws.com\"}}],\"Version\":\"2012-10-17\"}",
            "create_date": "2025-06-01T04:19:09Z",
            "description": "",
            "force_detach_policies": false,
            "id": "eks_cluster_master_role",
            "inline_policy": [],
            "managed_policy_arns": [],
            "max_session_duration": 3600,
            "name": "eks_cluster_master_role",
            "name_prefix": "",
            "path": "/",
            "permissions_boundary": "",
            "tags": {
              "Name": "demo-dev-eks-master-role",
              "company": "CT",
              "createdBy": "Terraform",
              "environment": "dev",
              "project": "CT-Project"
            },
            "tags_all": {
              "Name": "demo-dev-eks-master-role",
              "company": "CT",
              "createdBy": "Terraform",
              "environment": "dev",
              "project": "CT-Project"
            },
            "unique_id": "AROAWZJT6UGJOF7AXQ7IR"
          },
          "sensitive_attributes": [],
          "private": "bnVsbA==",
          "dependencies": [
            "module.eks_cluester.data.aws_iam_policy_document.iam_policy_document",
            "module.vpc.aws_eip.eip",
            "module.vpc.aws_internet_gateway.igw",
            "module.vpc.aws_nat_gateway.public",
            "module.vpc.aws_route_table.private_route_table",
            "module.vpc.aws_route_table.public_route_table",
            "module.vpc.aws_route_table_association.private_rt_asso",
            "module.vpc.aws_route_table_association.public_rt_asso",
            "module.vpc.aws_subnet.private_subnet",
            "module.vpc.aws_subnet.public_subnet",
            "module.vpc.aws_vpc.this",
            "module.vpc.data.aws_availability_zones.azs"
          ]
        }
      ]
    },
    {
      "module": "module.eks_cluester",
      "mode": "managed",
      "type": "aws_iam_role_policy_attachment",
      "name": "iam_role_eks_vpc_policy_attachment",
      "provider": "provider[\"registry.terraform.io/hashicorp/aws\"]",
      "instances": [
        {
          "schema_version": 0,
          "attributes": {
            "id": "eks_cluster_master_role-20250601041910428200000002",
            "policy_arn": "arn:aws:iam::aws:policy/AmazonEKSVPCResourceController",
            "role": "eks_cluster_master_role"
          },
          "sensitive_attributes": [],
          "private": "bnVsbA==",
          "dependencies": [
            "module.eks_cluester.aws_iam_role.eks_cluster_master_role",
            "module.eks_cluester.data.aws_iam_policy.eks_cluster_vpc_policy",
            "module.eks_cluester.data.aws_iam_policy_document.iam_policy_document",
            "module.vpc.aws_eip.eip",
            "module.vpc.aws_internet_gateway.igw",
            "module.vpc.aws_nat_gateway.public",
            "module.vpc.aws_route_table.private_route_table",
            "module.vpc.aws_route_table.public_route_table",
            "module.vpc.aws_route_table_association.private_rt_asso",
            "module.vpc.aws_route_table_association.public_rt_asso",
            "module.vpc.aws_subnet.private_subnet",
            "module.vpc.aws_subnet.public_subnet",
            "module.vpc.aws_vpc.this",
            "module.vpc.data.aws_availability_zones.azs"
          ]
        }
      ]
    },
    {
      "module": "module.eks_cluester",
      "mode": "managed",
      "type": "aws_iam_role_policy_attachment",
      "name": "iam_role_policy_attachment",
      "provider": "provider[\"registry.terraform.io/hashicorp/aws\"]",
      "instances": [
        {
          "schema_version": 0,
          "attributes": {
            "id": "eks_cluster_master_role-20250601041910428200000001",
            "policy_arn": "arn:aws:iam::aws:policy/AmazonEKSClusterPolicy",
            "role": "eks_cluster_master_role"
          },
          "sensitive_attributes": [],
          "private": "bnVsbA==",
          "dependencies": [
            "module.eks_cluester.aws_iam_role.eks_cluster_master_role",
            "module.eks_cluester.data.aws_iam_policy.eks_cluster_master_policy",
            "module.eks_cluester.data.aws_iam_policy_document.iam_policy_document",
            "module.vpc.aws_eip.eip",
            "module.vpc.aws_internet_gateway.igw",
            "module.vpc.aws_nat_gateway.public",
            "module.vpc.aws_route_table.private_route_table",
            "module.vpc.aws_route_table.public_route_table",
            "module.vpc.aws_route_table_association.private_rt_asso",
            "module.vpc.aws_route_table_association.public_rt_asso",
            "module.vpc.aws_subnet.private_subnet",
            "module.vpc.aws_subnet.public_subnet",
            "module.vpc.aws_vpc.this",
            "module.vpc.data.aws_availability_zones.azs"
          ]
        }
      ]
    },
    {
      "module": "module.eks_cluster_admin_with_role",
      "mode": "data",
      "type": "aws_caller_identity",
      "name": "caller_identity",
      "provider": "module.eks_cluster_admin_with_role.provider[\"registry.terraform.io/hashicorp/aws\"]",
      "instances": [
        {
          "schema_version": 0,
          "attributes": {
            "account_id": "466649784722",
            "arn": "arn:aws:iam::466649784722:user/iamadmin",
            "id": "466649784722",
            "user_id": "AIDAWZJT6UGJASQAH6H7T"
          },
          "sensitive_attributes": []
        }
      ]
    },
    {
      "module": "module.eks_cluster_admin_with_role",
      "mode": "data",
      "type": "aws_caller_identity",
      "name": "current",
      "provider": "module.eks_cluster_admin_with_role.provider[\"registry.terraform.io/hashicorp/aws\"]",
      "instances": [
        {
          "schema_version": 0,
          "attributes": {
            "account_id": "466649784722",
            "arn": "arn:aws:iam::466649784722:user/iamadmin",
            "id": "466649784722",
            "user_id": "AIDAWZJT6UGJASQAH6H7T"
          },
          "sensitive_attributes": []
        }
      ]
    },
    {
      "module": "module.eks_cluster_admin_with_role",
      "mode": "data",
      "type": "aws_eks_cluster",
      "name": "cluster_name",
      "provider": "module.eks_cluster_admin_with_role.provider[\"registry.terraform.io/hashicorp/aws\"]",
      "instances": [
        {
          "schema_version": 0,
          "attributes": {
            "access_config": [
              {
                "authentication_mode": "CONFIG_MAP",
                "bootstrap_cluster_creator_admin_permissions": true
              }
            ],
            "arn": "arn:aws:eks:us-east-1:466649784722:cluster/demo-eks",
            "certificate_authority": [
              {
                "data": "LS0tLS1CRUdJTiBDRVJUSUZJQ0FURS0tLS0tCk1JSURCVENDQWUyZ0F3SUJBZ0lJYU1PV2o2bFdLYm93RFFZSktvWklodmNOQVFFTEJRQXdGVEVUTUJFR0ExVUUKQXhNS2EzVmlaWEp1WlhSbGN6QWVGdzB5TlRBMk1ERXdOREU0TXpoYUZ3MHpOVEExTXpBd05ESXpNemhhTUJVeApFekFSQmdOVkJBTVRDbXQxWW1WeWJtVjBaWE13Z2dFaU1BMEdDU3FHU0liM0RRRUJBUVVBQTRJQkR3QXdnZ0VLCkFvSUJBUUM1cERhdzFDbS9Jc1BpMDFLeDJ2MTkwcUlWNEFUT2ZGRzRuN0RydWMyRmgyRmZnREJhZEZRZmtrZVkKVGs1ZkFzNjNOeVlKVUYyTlF6eGJPS09FNUQvVW5LeDV3MVlMV3NubVpodjkvbFg0TWl2SDlMRjlWaGg4dkFqeQp3eG56Tk16djZsYUd3NDJmOExqVzM0bFJwa1drZ2x3enBBMnBlbm02V2t4aEVnYnlYd0MvTC9PbGZBSDFRbmhFClhUcW5sOXZmOEpIenU0WHZSdlFMcCtjeTRMdGJQNnY3bmtJNmd3VS9HaHQyV3FwUFgwc2U5R0diSzhQZjIzcHEKOVdBVFR6Y2d0K2w4SmdmenZDMHJpOE85Q2NFWFllU1pWa3RvWHBKT0RsUU9zTitiWlVNdmd3MkcwRkdBWFhXRQp3T1FDTk4vSzdtU2IvczkvM1o0UXljemVmNEF0QWdNQkFBR2pXVEJYTUE0R0ExVWREd0VCL3dRRUF3SUNwREFQCkJnTlZIUk1CQWY4RUJUQURBUUgvTUIwR0ExVWREZ1FXQkJSRVEzYlVCWUFuNm5Wd0tiUjVZT3J0ZkNZbUVEQVYKQmdOVkhSRUVEakFNZ2dwcmRXSmxjbTVsZEdWek1BMEdDU3FHU0liM0RRRUJDd1VBQTRJQkFRQ29vWTU1cEd2UgpLWGNpUjk3ZVFuQy90aVRXMWVnZVBWRmRVNkR2STFTU05aY0FMZFM2QXoraDhEOUZ1aU9CKy8rclRxZkttYXVCCkpjRmg0Q09vSDhkU2NHbldjTlNub0tIL2Yya0NVcVZJVFZEejFXa2RhaHVORlhhdld4cTk0bDRQdWJKMlRMV0MKYTR4MURsRzRFaEgyamxPMTM4QnNieVkrVkZZQUFmSXNnd3VVRnpZbC90OUM1MVJhSkRTbWlGM2JmcWQrZk4yTgpLSDQxZFpqQUcvRWsrQjhzMGFiTUNnS2d2d3FiUWw5K05oc2EwVytWWnZHSTBMd3d6dUhoVVhNUlhtakJ5amRlCkpvUmtydzNtMERzSUljY08vNENtbitHYUtwRTA2MTJKR0lTSWxETmE0a2ZndGUwSkZBQnExazdoeFJyVWt0bHEKaWpnYWpWT0ZEbzVjCi0tLS0tRU5EIENFUlRJRklDQVRFLS0tLS0K"
              }
            ],
            "cluster_id": null,
            "compute_config": [],
            "created_at": "2025-06-01T04:19:15Z",
            "enabled_cluster_log_types": [
              "api",
              "audit",
              "authenticator",
              "controllerManager",
              "scheduler"
            ],
            "endpoint": "https://91A5C9F17B3E8873E8E39923ADFA41ED.gr7.us-east-1.eks.amazonaws.com",
            "id": "demo-eks",
            "identity": [
              {
                "oidc": [
                  {
                    "issuer": "https://oidc.eks.us-east-1.amazonaws.com/id/91A5C9F17B3E8873E8E39923ADFA41ED"
                  }
                ]
              }
            ],
            "kubernetes_network_config": [
              {
                "elastic_load_balancing": [
                  {
                    "enabled": false
                  }
                ],
                "ip_family": "ipv4",
                "service_ipv4_cidr": "172.20.0.0/16",
                "service_ipv6_cidr": ""
              }
            ],
            "name": "demo-eks",
            "outpost_config": [],
            "platform_version": "eks.11",
            "remote_network_config": [],
            "role_arn": "arn:aws:iam::466649784722:role/eks_cluster_master_role",
            "status": "ACTIVE",
            "storage_config": [],
            "tags": {
              "Name": "demo-dev-demo-eks",
              "company": "CT",
              "createdBy": "Terraform",
              "environment": "dev",
              "project": "CT-Project"
            },
            "upgrade_policy": [
              {
                "support_type": "EXTENDED"
              }
            ],
            "version": "1.32",
            "vpc_config": [
              {
                "cluster_security_group_id": "sg-0c38b8ebf6958078f",
                "endpoint_private_access": false,
                "endpoint_public_access": true,
                "public_access_cidrs": [
                  "0.0.0.0/0"
                ],
                "security_group_ids": [],
                "subnet_ids": [
                  "subnet-0d5251fa6b5be92cc",
                  "subnet-0fb73c5332edb2962"
                ],
                "vpc_id": "vpc-0781eb576b2de18c3"
              }
            ],
            "zonal_shift_config": []
          },
          "sensitive_attributes": []
        }
      ]
    },
    {
      "module": "module.eks_cluster_admin_with_role",
      "mode": "data",
      "type": "aws_eks_cluster_auth",
      "name": "cluster_auth",
      "provider": "module.eks_cluster_admin_with_role.provider[\"registry.terraform.io/hashicorp/aws\"]",
      "instances": [
        {
          "schema_version": 0,
          "attributes": {
            "id": "demo-eks",
            "name": "demo-eks",
            "token": "k8s-aws-v1.aHR0cHM6Ly9zdHMudXMtZWFzdC0xLmFtYXpvbmF3cy5jb20vP0FjdGlvbj1HZXRDYWxsZXJJZGVudGl0eSZWZXJzaW9uPTIwMTEtMDYtMTUmWC1BbXotQWxnb3JpdGhtPUFXUzQtSE1BQy1TSEEyNTYmWC1BbXotQ3JlZGVudGlhbD1BS0lBV1pKVDZVR0pHWEpQUVg2MyUyRjIwMjUwNjAxJTJGdXMtZWFzdC0xJTJGc3RzJTJGYXdzNF9yZXF1ZXN0JlgtQW16LURhdGU9MjAyNTA2MDFUMDQyNTU1WiZYLUFtei1FeHBpcmVzPTAmWC1BbXotU2lnbmVkSGVhZGVycz1ob3N0JTNCeC1rOHMtYXdzLWlkJlgtQW16LVNpZ25hdHVyZT01Mjg3OWYxMjgwODVmMWY3ODg0MTg3NThlY2NiOWU3MTZjMmU0MWEzOTk3OTZjN2M4ZmNhY2EwM2U1NWM4MDVk"
          },
          "sensitive_attributes": [
            [
              {
                "type": "get_attr",
                "value": "token"
              }
            ]
          ]
        }
      ]
    },
    {
      "module": "module.eks_cluster_admin_with_role",
      "mode": "data",
      "type": "aws_iam_policy",
      "name": "administrator_policy",
      "provider": "module.eks_cluster_admin_with_role.provider[\"registry.terraform.io/hashicorp/aws\"]",
      "instances": [
        {
          "schema_version": 0,
          "attributes": {
            "arn": "arn:aws:iam::aws:policy/AdministratorAccess",
            "attachment_count": 3,
            "description": "Provides full access to AWS services and resources.",
            "id": "arn:aws:iam::aws:policy/AdministratorAccess",
            "name": "AdministratorAccess",
            "path": "/",
            "path_prefix": null,
            "policy": "{\n  \"Version\": \"2012-10-17\",\n  \"Statement\": [\n    {\n      \"Effect\": \"Allow\",\n      \"Action\": \"*\",\n      \"Resource\": \"*\"\n    }\n  ]\n}",
            "policy_id": "ANPAIWMBCKSKIEE64ZLYK",
            "tags": {}
          },
          "sensitive_attributes": []
        }
      ]
    },
    {
      "module": "module.eks_cluster_admin_with_role",
      "mode": "data",
      "type": "aws_iam_policy_document",
      "name": "eks_admin_policy_document",
      "provider": "module.eks_cluster_admin_with_role.provider[\"registry.terraform.io/hashicorp/aws\"]",
      "instances": [
        {
          "schema_version": 0,
          "attributes": {
            "id": "2032579442",
            "json": "{\n  \"Version\": \"2012-10-17\",\n  \"Statement\": [\n    {\n      \"Effect\": \"Allow\",\n      \"Action\": [\n        \"ssm:GetParameter\",\n        \"iam:ListRoles\",\n        \"eks:*\"\n      ],\n      \"Resource\": \"*\"\n    }\n  ]\n}",
            "minified_json": "{\"Version\":\"2012-10-17\",\"Statement\":[{\"Effect\":\"Allow\",\"Action\":[\"ssm:GetParameter\",\"iam:ListRoles\",\"eks:*\"],\"Resource\":\"*\"}]}",
            "override_json": null,
            "override_policy_documents": null,
            "policy_id": null,
            "source_json": null,
            "source_policy_documents": null,
            "statement": [
              {
                "actions": [
                  "eks:*",
                  "iam:ListRoles",
                  "ssm:GetParameter"
                ],
                "condition": [],
                "effect": "Allow",
                "not_actions": [],
                "not_principals": [],
                "not_resources": [],
                "principals": [],
                "resources": [
                  "*"
                ],
                "sid": ""
              }
            ],
            "version": "2012-10-17"
          },
          "sensitive_attributes": []
        }
      ]
    },
    {
      "module": "module.eks_cluster_admin_with_role",
      "mode": "data",
      "type": "aws_iam_policy_document",
      "name": "iam_trust_policy_document",
      "provider": "module.eks_cluster_admin_with_role.provider[\"registry.terraform.io/hashicorp/aws\"]",
      "instances": [
        {
          "schema_version": 0,
          "attributes": {
            "id": "2433635106",
            "json": "{\n  \"Version\": \"2012-10-17\",\n  \"Statement\": [\n    {\n      \"Effect\": \"Allow\",\n      \"Action\": \"sts:AssumeRole\",\n      \"Principal\": {\n        \"AWS\": \"arn:aws:iam::466649784722:root\"\n      }\n    }\n  ]\n}",
            "minified_json": "{\"Version\":\"2012-10-17\",\"Statement\":[{\"Effect\":\"Allow\",\"Action\":\"sts:AssumeRole\",\"Principal\":{\"AWS\":\"arn:aws:iam::466649784722:root\"}}]}",
            "override_json": null,
            "override_policy_documents": null,
            "policy_id": null,
            "source_json": null,
            "source_policy_documents": null,
            "statement": [
              {
                "actions": [
                  "sts:AssumeRole"
                ],
                "condition": [],
                "effect": "Allow",
                "not_actions": [],
                "not_principals": [],
                "not_resources": [],
                "principals": [
                  {
                    "identifiers": [
                      "arn:aws:iam::466649784722:root"
                    ],
                    "type": "AWS"
                  }
                ],
                "resources": [],
                "sid": ""
              }
            ],
            "version": "2012-10-17"
          },
          "sensitive_attributes": []
        }
      ]
    },
    {
      "module": "module.eks_cluster_admin_with_role",
      "mode": "managed",
      "type": "aws_iam_group",
      "name": "eks_admin_group",
      "provider": "module.eks_cluster_admin_with_role.provider[\"registry.terraform.io/hashicorp/aws\"]",
      "instances": [
        {
          "schema_version": 0,
          "attributes": {
            "arn": "arn:aws:iam::466649784722:group/eksadmins",
            "id": "eksadmins",
            "name": "eksadmins",
            "path": "/",
            "unique_id": "AGPAWZJT6UGJGBDFC3TA4"
          },
          "sensitive_attributes": [],
          "private": "bnVsbA=="
        }
      ]
    },
    {
      "module": "module.eks_cluster_admin_with_role",
      "mode": "managed",
      "type": "aws_iam_group",
      "name": "eksreadonly_iam_group",
      "provider": "module.eks_cluster_admin_with_role.provider[\"registry.terraform.io/hashicorp/aws\"]",
      "instances": [
        {
          "schema_version": 0,
          "attributes": {
            "arn": "arn:aws:iam::466649784722:group/eksreadonly",
            "id": "eksreadonly",
            "name": "eksreadonly",
            "path": "/",
            "unique_id": "AGPAWZJT6UGJKJNRT7KZG"
          },
          "sensitive_attributes": [],
          "private": "bnVsbA=="
        }
      ]
    },
    {
      "module": "module.eks_cluster_admin_with_role",
      "mode": "managed",
      "type": "aws_iam_group_membership",
      "name": "eksadmins",
      "provider": "module.eks_cluster_admin_with_role.provider[\"registry.terraform.io/hashicorp/aws\"]",
      "instances": [
        {
          "schema_version": 0,
          "attributes": {
            "group": "eksadmins",
            "id": "eksadmins-group-membership",
            "name": "eksadmins-group-membership",
            "users": [
              "eksadmin2"
            ]
          },
          "sensitive_attributes": [],
          "private": "bnVsbA==",
          "dependencies": [
            "module.eks_cluster_admin_with_role.aws_iam_group.eks_admin_group",
            "module.eks_cluster_admin_with_role.aws_iam_user.eks_role_admin_user"
          ]
        }
      ]
    },
    {
      "module": "module.eks_cluster_admin_with_role",
      "mode": "managed",
      "type": "aws_iam_group_membership",
      "name": "eksreadonly",
      "provider": "module.eks_cluster_admin_with_role.provider[\"registry.terraform.io/hashicorp/aws\"]",
      "instances": [
        {
          "schema_version": 0,
          "attributes": {
            "group": "eksreadonly",
            "id": "eksreadonly-group-membership",
            "name": "eksreadonly-group-membership",
            "users": [
              "eksdeveloper1",
              "eksreadonly1"
            ]
          },
          "sensitive_attributes": [],
          "private": "bnVsbA==",
          "dependencies": [
            "module.eks_cluster_admin_with_role.aws_iam_group.eksreadonly_iam_group",
            "module.eks_cluster_admin_with_role.aws_iam_user.eks_developer_user",
            "module.eks_cluster_admin_with_role.aws_iam_user.eksreadonly_user"
          ]
        }
      ]
    },
    {
      "module": "module.eks_cluster_admin_with_role",
      "mode": "managed",
      "type": "aws_iam_group_policy",
      "name": "eksadmins_iam_group_assumerole_policy",
      "provider": "module.eks_cluster_admin_with_role.provider[\"registry.terraform.io/hashicorp/aws\"]",
      "instances": [
        {
          "schema_version": 0,
          "attributes": {
            "group": "eksadmins",
            "id": "eksadmins:eksadmins-group-policy",
            "name": "eksadmins-group-policy",
            "name_prefix": "",
            "policy": "{\"Version\":\"2012-10-17\",\"Statement\":[{\"Action\":[\"sts:AssumeRole\"],\"Effect\":\"Allow\",\"Resource\":\"arn:aws:iam::466649784722:role/eks-admin-role\",\"Sid\":\"AllowAssumeOrganizationAccountRole\"}]}"
          },
          "sensitive_attributes": [],
          "private": "bnVsbA==",
          "dependencies": [
            "module.eks_cluster_admin_with_role.aws_iam_group.eks_admin_group",
            "module.eks_cluster_admin_with_role.aws_iam_role.eks_admin_role",
            "module.eks_cluster_admin_with_role.data.aws_caller_identity.current",
            "module.eks_cluster_admin_with_role.data.aws_iam_policy_document.iam_trust_policy_document"
          ]
        }
      ]
    },
    {
      "module": "module.eks_cluster_admin_with_role",
      "mode": "managed",
      "type": "aws_iam_group_policy",
      "name": "eksreadonly_iam_group_assumerole_policy",
      "provider": "module.eks_cluster_admin_with_role.provider[\"registry.terraform.io/hashicorp/aws\"]",
      "instances": [
        {
          "schema_version": 0,
          "attributes": {
            "group": "eksreadonly",
            "id": "eksreadonly:eksreadonly-group-policy",
            "name": "eksreadonly-group-policy",
            "name_prefix": "",
            "policy": "{\"Version\":\"2012-10-17\",\"Statement\":[{\"Action\":[\"sts:AssumeRole\"],\"Effect\":\"Allow\",\"Resource\":\"arn:aws:iam::466649784722:role/eks_readonly_role\",\"Sid\":\"AllowAssumeOrganizationAccountRole\"}]}"
          },
          "sensitive_attributes": [],
          "private": "bnVsbA==",
          "dependencies": [
            "module.eks_cluster_admin_with_role.aws_iam_group.eksreadonly_iam_group",
            "module.eks_cluster_admin_with_role.aws_iam_role.eks_readonly_role",
            "module.eks_cluster_admin_with_role.data.aws_caller_identity.current"
          ]
        }
      ]
    },
    {
      "module": "module.eks_cluster_admin_with_role",
      "mode": "managed",
      "type": "aws_iam_policy",
      "name": "eks_admin_policy",
      "provider": "module.eks_cluster_admin_with_role.provider[\"registry.terraform.io/hashicorp/aws\"]",
      "instances": [
        {
          "schema_version": 0,
          "attributes": {
            "arn": "arn:aws:iam::466649784722:policy/eks-admin-policy",
            "attachment_count": 1,
            "description": "eks admin policy",
            "id": "arn:aws:iam::466649784722:policy/eks-admin-policy",
            "name": "eks-admin-policy",
            "name_prefix": "",
            "path": "/",
            "policy": "{\"Statement\":[{\"Action\":[\"ssm:GetParameter\",\"iam:ListRoles\",\"eks:*\"],\"Effect\":\"Allow\",\"Resource\":\"*\"}],\"Version\":\"2012-10-17\"}",
            "policy_id": "ANPAWZJT6UGJL65MGROAX",
            "tags": {},
            "tags_all": {}
          },
          "sensitive_attributes": [],
          "private": "bnVsbA==",
          "dependencies": [
            "module.eks_cluster_admin_with_role.data.aws_iam_policy_document.eks_admin_policy_document"
          ]
        }
      ]
    },
    {
      "module": "module.eks_cluster_admin_with_role",
      "mode": "managed",
      "type": "aws_iam_role",
      "name": "eks_admin_role",
      "provider": "module.eks_cluster_admin_with_role.provider[\"registry.terraform.io/hashicorp/aws\"]",
      "instances": [
        {
          "schema_version": 0,
          "attributes": {
            "arn": "arn:aws:iam::466649784722:role/eks-admin-role",
            "assume_role_policy": "{\"Statement\":[{\"Action\":\"sts:AssumeRole\",\"Effect\":\"Allow\",\"Principal\":{\"AWS\":\"arn:aws:iam::466649784722:root\"}}],\"Version\":\"2012-10-17\"}",
            "create_date": "2025-06-01T04:15:27Z",
            "description": "",
            "force_detach_policies": false,
            "id": "eks-admin-role",
            "inline_policy": [],
            "managed_policy_arns": [
              "arn:aws:iam::466649784722:policy/eks-admin-policy"
            ],
            "max_session_duration": 3600,
            "name": "eks-admin-role",
            "name_prefix": "",
            "path": "/",
            "permissions_boundary": "",
            "tags": {
              "Name": "demo-dev-eks-admin-role",
              "company": "CT",
              "createdBy": "Terraform",
              "environment": "dev",
              "project": "CT-Project"
            },
            "tags_all": {
              "Name": "demo-dev-eks-admin-role",
              "company": "CT",
              "createdBy": "Terraform",
              "environment": "dev",
              "project": "CT-Project"
            },
            "unique_id": "AROAWZJT6UGJH2RWWLNGY"
          },
          "sensitive_attributes": [],
          "private": "bnVsbA==",
          "dependencies": [
            "module.eks_cluster_admin_with_role.data.aws_caller_identity.current",
            "module.eks_cluster_admin_with_role.data.aws_iam_policy_document.iam_trust_policy_document"
          ]
        }
      ]
    },
    {
      "module": "module.eks_cluster_admin_with_role",
      "mode": "managed",
      "type": "aws_iam_role",
      "name": "eks_readonly_role",
      "provider": "module.eks_cluster_admin_with_role.provider[\"registry.terraform.io/hashicorp/aws\"]",
      "instances": [
        {
          "schema_version": 0,
          "attributes": {
            "arn": "arn:aws:iam::466649784722:role/eks_readonly_role",
            "assume_role_policy": "{\"Statement\":[{\"Action\":\"sts:AssumeRole\",\"Effect\":\"Allow\",\"Principal\":{\"AWS\":\"arn:aws:iam::466649784722:root\"},\"Sid\":\"\"}],\"Version\":\"2012-10-17\"}",
            "create_date": "2025-06-01T04:15:26Z",
            "description": "",
            "force_detach_policies": false,
            "id": "eks_readonly_role",
            "inline_policy": [
              {
                "name": "eks-readonly-access-policy",
                "policy": "{\"Version\":\"2012-10-17\",\"Statement\":[{\"Action\":[\"iam:ListRoles\",\"ssm:GetParameter\",\"eks:DescribeNodegroup\",\"eks:ListNodegroups\",\"eks:DescribeCluster\",\"eks:ListClusters\",\"eks:AccessKubernetesApi\",\"eks:ListUpdates\",\"eks:ListFargateProfiles\",\"eks:ListIdentityProviderConfigs\",\"eks:ListAddons\",\"eks:DescribeAddonVersions\"],\"Effect\":\"Allow\",\"Resource\":\"*\"}]}"
              }
            ],
            "managed_policy_arns": [],
            "max_session_duration": 3600,
            "name": "eks_readonly_role",
            "name_prefix": "",
            "path": "/",
            "permissions_boundary": "",
            "tags": {
              "Name": "eks_readonly_role",
              "company": "CT",
              "createdBy": "Terraform",
              "environment": "dev",
              "project": "CT-Project"
            },
            "tags_all": {
              "Name": "eks_readonly_role",
              "company": "CT",
              "createdBy": "Terraform",
              "environment": "dev",
              "project": "CT-Project"
            },
            "unique_id": "AROAWZJT6UGJNRZ3L6ODT"
          },
          "sensitive_attributes": [],
          "private": "bnVsbA==",
          "dependencies": [
            "module.eks_cluster_admin_with_role.data.aws_caller_identity.current"
          ]
        }
      ]
    },
    {
      "module": "module.eks_cluster_admin_with_role",
      "mode": "managed",
      "type": "aws_iam_role_policy_attachment",
      "name": "eks_admin_role_attachment",
      "provider": "module.eks_cluster_admin_with_role.provider[\"registry.terraform.io/hashicorp/aws\"]",
      "instances": [
        {
          "schema_version": 0,
          "attributes": {
            "id": "eks-admin-role-20250601041529086700000002",
            "policy_arn": "arn:aws:iam::466649784722:policy/eks-admin-policy",
            "role": "eks-admin-role"
          },
          "sensitive_attributes": [],
          "private": "bnVsbA==",
          "dependencies": [
            "module.eks_cluster_admin_with_role.aws_iam_policy.eks_admin_policy",
            "module.eks_cluster_admin_with_role.aws_iam_role.eks_admin_role",
            "module.eks_cluster_admin_with_role.data.aws_caller_identity.current",
            "module.eks_cluster_admin_with_role.data.aws_iam_policy_document.eks_admin_policy_document",
            "module.eks_cluster_admin_with_role.data.aws_iam_policy_document.iam_trust_policy_document"
          ]
        }
      ]
    },
    {
      "module": "module.eks_cluster_admin_with_role",
      "mode": "managed",
      "type": "aws_iam_user",
      "name": "admin_user",
      "provider": "module.eks_cluster_admin_with_role.provider[\"registry.terraform.io/hashicorp/aws\"]",
      "instances": [
        {
          "schema_version": 0,
          "attributes": {
            "arn": "arn:aws:iam::466649784722:user/eksadmin",
            "force_destroy": true,
            "id": "eksadmin",
            "name": "eksadmin",
            "path": "/",
            "permissions_boundary": "",
            "tags": {
              "Name": "demo-dev-eksadmin",
              "company": "CT",
              "createdBy": "Terraform",
              "environment": "dev",
              "project": "CT-Project"
            },
            "tags_all": {
              "Name": "demo-dev-eksadmin",
              "company": "CT",
              "createdBy": "Terraform",
              "environment": "dev",
              "project": "CT-Project"
            },
            "unique_id": "AIDAWZJT6UGJBRGUXLOR4"
          },
          "sensitive_attributes": [],
          "private": "bnVsbA=="
        }
      ]
    },
    {
      "module": "module.eks_cluster_admin_with_role",
      "mode": "managed",
      "type": "aws_iam_user",
      "name": "basic_user",
      "provider": "module.eks_cluster_admin_with_role.provider[\"registry.terraform.io/hashicorp/aws\"]",
      "instances": [
        {
          "schema_version": 0,
          "attributes": {
            "arn": "arn:aws:iam::466649784722:user/eksadmin1",
            "force_destroy": true,
            "id": "eksadmin1",
            "name": "eksadmin1",
            "path": "/",
            "permissions_boundary": "",
            "tags": {
              "Name": "demo-dev-eksadmin1",
              "company": "CT",
              "createdBy": "Terraform",
              "environment": "dev",
              "project": "CT-Project"
            },
            "tags_all": {
              "Name": "demo-dev-eksadmin1",
              "company": "CT",
              "createdBy": "Terraform",
              "environment": "dev",
              "project": "CT-Project"
            },
            "unique_id": "AIDAWZJT6UGJJCTZDITSA"
          },
          "sensitive_attributes": [],
          "private": "bnVsbA=="
        }
      ]
    },
    {
      "module": "module.eks_cluster_admin_with_role",
      "mode": "managed",
      "type": "aws_iam_user",
      "name": "eks_developer_user",
      "provider": "module.eks_cluster_admin_with_role.provider[\"registry.terraform.io/hashicorp/aws\"]",
      "instances": [
        {
          "schema_version": 0,
          "attributes": {
            "arn": "arn:aws:iam::466649784722:user/eksdeveloper1",
            "force_destroy": true,
            "id": "eksdeveloper1",
            "name": "eksdeveloper1",
            "path": "/",
            "permissions_boundary": "",
            "tags": {
              "Name": "eksdeveloper1",
              "company": "CT",
              "createdBy": "Terraform",
              "environment": "dev",
              "project": "CT-Project"
            },
            "tags_all": {
              "Name": "eksdeveloper1",
              "company": "CT",
              "createdBy": "Terraform",
              "environment": "dev",
              "project": "CT-Project"
            },
            "unique_id": "AIDAWZJT6UGJMLF4DFYHV"
          },
          "sensitive_attributes": [],
          "private": "bnVsbA=="
        }
      ]
    },
    {
      "module": "module.eks_cluster_admin_with_role",
      "mode": "managed",
      "type": "aws_iam_user",
      "name": "eks_role_admin_user",
      "provider": "module.eks_cluster_admin_with_role.provider[\"registry.terraform.io/hashicorp/aws\"]",
      "instances": [
        {
          "schema_version": 0,
          "attributes": {
            "arn": "arn:aws:iam::466649784722:user/eksadmin2",
            "force_destroy": true,
            "id": "eksadmin2",
            "name": "eksadmin2",
            "path": "/",
            "permissions_boundary": "",
            "tags": {
              "Name": "eksadmin2",
              "company": "CT",
              "createdBy": "Terraform",
              "environment": "dev",
              "project": "CT-Project"
            },
            "tags_all": {
              "Name": "eksadmin2",
              "company": "CT",
              "createdBy": "Terraform",
              "environment": "dev",
              "project": "CT-Project"
            },
            "unique_id": "AIDAWZJT6UGJPN43Z7ZMM"
          },
          "sensitive_attributes": [],
          "private": "bnVsbA=="
        }
      ]
    },
    {
      "module": "module.eks_cluster_admin_with_role",
      "mode": "managed",
      "type": "aws_iam_user",
      "name": "eksreadonly_user",
      "provider": "module.eks_cluster_admin_with_role.provider[\"registry.terraform.io/hashicorp/aws\"]",
      "instances": [
        {
          "schema_version": 0,
          "attributes": {
            "arn": "arn:aws:iam::466649784722:user/eksreadonly1",
            "force_destroy": true,
            "id": "eksreadonly1",
            "name": "eksreadonly1",
            "path": "/",
            "permissions_boundary": "",
            "tags": {
              "Name": "eksreadonly1",
              "company": "CT",
              "createdBy": "Terraform",
              "environment": "dev",
              "project": "CT-Project"
            },
            "tags_all": {
              "Name": "eksreadonly1",
              "company": "CT",
              "createdBy": "Terraform",
              "environment": "dev",
              "project": "CT-Project"
            },
            "unique_id": "AIDAWZJT6UGJDXDQUD37R"
          },
          "sensitive_attributes": [],
          "private": "bnVsbA=="
        }
      ]
    },
    {
      "module": "module.eks_cluster_admin_with_role",
      "mode": "managed",
      "type": "aws_iam_user_policy",
      "name": "basic_user_eks_policy",
      "provider": "module.eks_cluster_admin_with_role.provider[\"registry.terraform.io/hashicorp/aws\"]",
      "instances": [
        {
          "schema_version": 0,
          "attributes": {
            "id": "eksadmin1:demo-dev-eks-full-access-policy",
            "name": "demo-dev-eks-full-access-policy",
            "name_prefix": "",
            "policy": "{\"Version\":\"2012-10-17\",\"Statement\":[{\"Action\":[\"iam:ListRoles\",\"eks:*\",\"ssm:GetParameter\"],\"Effect\":\"Allow\",\"Resource\":\"*\"}]}",
            "user": "eksadmin1"
          },
          "sensitive_attributes": [],
          "private": "bnVsbA==",
          "dependencies": [
            "module.eks_cluster_admin_with_role.aws_iam_user.basic_user"
          ]
        }
      ]
    },
    {
      "module": "module.eks_cluster_admin_with_role",
      "mode": "managed",
      "type": "aws_iam_user_policy_attachment",
      "name": "admin_user_policy",
      "provider": "module.eks_cluster_admin_with_role.provider[\"registry.terraform.io/hashicorp/aws\"]",
      "instances": [
        {
          "schema_version": 0,
          "attributes": {
            "id": "eksadmin-20250601041527689100000001",
            "policy_arn": "arn:aws:iam::aws:policy/AdministratorAccess",
            "user": "eksadmin"
          },
          "sensitive_attributes": [],
          "private": "bnVsbA==",
          "dependencies": [
            "module.eks_cluster_admin_with_role.aws_iam_user.admin_user",
            "module.eks_cluster_admin_with_role.data.aws_iam_policy.administrator_policy"
          ]
        }
      ]
    },
    {
      "module": "module.eks_cluster_admin_with_role",
      "mode": "managed",
      "type": "kubernetes_cluster_role_binding_v1",
      "name": "eksreadonly_clusterrolebinding",
      "provider": "module.eks_cluster_admin_with_role.provider[\"registry.terraform.io/hashicorp/kubernetes\"]",
      "instances": [
        {
          "schema_version": 0,
          "attributes": {
            "id": "eksreadonly-clusterrolebinding",
            "metadata": [
              {
                "annotations": null,
                "generate_name": "",
                "generation": 0,
                "labels": null,
                "name": "eksreadonly-clusterrolebinding",
                "resource_version": "672",
                "uid": "587153c4-676e-43eb-ba80-b5089e50e3f0"
              }
            ],
            "role_ref": [
              {
                "api_group": "rbac.authorization.k8s.io",
                "kind": "ClusterRole",
                "name": "eksreadonly-clusterrole"
              }
            ],
            "subject": [
              {
                "api_group": "rbac.authorization.k8s.io",
                "kind": "Group",
                "name": "eks-readonly-group",
                "namespace": "default"
              }
            ]
          },
          "sensitive_attributes": [],
          "private": "bnVsbA==",
          "dependencies": [
            "module.eks_cluester.aws_eks_cluster.eks_cluester",
            "module.eks_cluester.aws_iam_role.eks_cluster_master_role",
            "module.eks_cluester.aws_iam_role_policy_attachment.iam_role_eks_vpc_policy_attachment",
            "module.eks_cluester.aws_iam_role_policy_attachment.iam_role_policy_attachment",
            "module.eks_cluester.data.aws_iam_policy.eks_cluster_master_policy",
            "module.eks_cluester.data.aws_iam_policy.eks_cluster_vpc_policy",
            "module.eks_cluester.data.aws_iam_policy_document.iam_policy_document",
            "module.eks_cluster_admin_with_role.data.aws_eks_cluster_auth.cluster_auth",
            "module.eks_cluster_admin_with_role.kubernetes_cluster_role_v1.eksreadonly_clusterrole",
            "module.vpc.aws_eip.eip",
            "module.vpc.aws_internet_gateway.igw",
            "module.vpc.aws_nat_gateway.public",
            "module.vpc.aws_route_table.private_route_table",
            "module.vpc.aws_route_table.public_route_table",
            "module.vpc.aws_route_table_association.private_rt_asso",
            "module.vpc.aws_route_table_association.public_rt_asso",
            "module.vpc.aws_subnet.private_subnet",
            "module.vpc.aws_subnet.public_subnet",
            "module.vpc.aws_vpc.this",
            "module.vpc.data.aws_availability_zones.azs"
          ]
        }
      ]
    },
    {
      "module": "module.eks_cluster_admin_with_role",
      "mode": "managed",
      "type": "kubernetes_cluster_role_v1",
      "name": "eksreadonly_clusterrole",
      "provider": "module.eks_cluster_admin_with_role.provider[\"registry.terraform.io/hashicorp/kubernetes\"]",
      "instances": [
        {
          "schema_version": 0,
          "attributes": {
            "aggregation_rule": [],
            "id": "eksreadonly-clusterrole",
            "metadata": [
              {
                "annotations": null,
                "generate_name": "",
                "generation": 0,
                "labels": null,
                "name": "eksreadonly-clusterrole",
                "resource_version": "660",
                "uid": "64408ca5-d130-4000-8c4f-9df170158dbd"
              }
            ],
            "rule": [
              {
                "api_groups": [
                  ""
                ],
                "non_resource_urls": null,
                "resource_names": null,
                "resources": [
                  "nodes",
                  "namespaces",
                  "pods",
                  "events",
                  "services"
                ],
                "verbs": [
                  "get",
                  "list"
                ]
              },
              {
                "api_groups": [
                  "apps"
                ],
                "non_resource_urls": null,
                "resource_names": null,
                "resources": [
                  "deployments",
                  "daemonsets",
                  "statefulsets",
                  "replicasets"
                ],
                "verbs": [
                  "get",
                  "list"
                ]
              },
              {
                "api_groups": [
                  "batch"
                ],
                "non_resource_urls": null,
                "resource_names": null,
                "resources": [
                  "jobs"
                ],
                "verbs": [
                  "get",
                  "list"
                ]
              }
            ]
          },
          "sensitive_attributes": [],
          "private": "bnVsbA==",
          "dependencies": [
            "module.eks_cluester.aws_eks_cluster.eks_cluester",
            "module.eks_cluester.aws_iam_role.eks_cluster_master_role",
            "module.eks_cluester.aws_iam_role_policy_attachment.iam_role_eks_vpc_policy_attachment",
            "module.eks_cluester.aws_iam_role_policy_attachment.iam_role_policy_attachment",
            "module.eks_cluester.data.aws_iam_policy.eks_cluster_master_policy",
            "module.eks_cluester.data.aws_iam_policy.eks_cluster_vpc_policy",
            "module.eks_cluester.data.aws_iam_policy_document.iam_policy_document",
            "module.eks_cluster_admin_with_role.data.aws_eks_cluster_auth.cluster_auth",
            "module.vpc.aws_eip.eip",
            "module.vpc.aws_internet_gateway.igw",
            "module.vpc.aws_nat_gateway.public",
            "module.vpc.aws_route_table.private_route_table",
            "module.vpc.aws_route_table.public_route_table",
            "module.vpc.aws_route_table_association.private_rt_asso",
            "module.vpc.aws_route_table_association.public_rt_asso",
            "module.vpc.aws_subnet.private_subnet",
            "module.vpc.aws_subnet.public_subnet",
            "module.vpc.aws_vpc.this",
            "module.vpc.data.aws_availability_zones.azs"
          ]
        }
      ]
    },
    {
      "module": "module.eks_cluster_admin_with_role",
      "mode": "managed",
      "type": "kubernetes_config_map_v1",
      "name": "aws_auth_config_map",
      "provider": "module.eks_cluster_admin_with_role.provider[\"registry.terraform.io/hashicorp/kubernetes\"]",
      "instances": [
        {
          "schema_version": 0,
          "attributes": {
            "binary_data": null,
            "data": {
              "mapRoles": "- \"groups\":\n  - \"system:bootstrappers\"\n  - \"system:nodes\"\n  \"rolearn\": \"arn:aws:iam::466649784722:role/eks_worker_node_role\"\n  \"username\": \"system:node:{{EC2PrivateDNSName}}\"\n- \"groups\":\n  - \"system:masters\"\n  \"rolearn\": \"arn:aws:iam::466649784722:role/eks-admin-role\"\n  \"username\": \"eks-admin\"\n- \"groups\":\n  - \"eks-readonly-group\"\n  - \"eks-readonly-group\"\n  \"rolearn\": \"arn:aws:iam::466649784722:role/eks_readonly_role\"\n  \"username\": \"eks-readonly\"\n",
              "mapUsers": "- \"groups\":\n  - \"system:masters\"\n  \"userarn\": \"arn:aws:iam::466649784722:user/eksadmin\"\n  \"username\": \"eksadmin\"\n- \"groups\":\n  - \"system:masters\"\n  \"userarn\": \"arn:aws:iam::466649784722:user/eksadmin1\"\n  \"username\": \"eksadmin1\"\n"
            },
            "id": "kube-system/aws-auth",
            "immutable": false,
            "metadata": [
              {
                "annotations": null,
                "generate_name": "",
                "generation": 0,
                "labels": null,
                "name": "aws-auth",
                "namespace": "kube-system",
                "resource_version": "698",
                "uid": "6317a5f1-85c7-4dc6-9d20-16765d24794e"
              }
            ]
          },
          "sensitive_attributes": [],
          "private": "bnVsbA==",
          "dependencies": [
            "module.eks_cluester.aws_eks_cluster.eks_cluester",
            "module.eks_cluester.aws_iam_role.eks_cluster_master_role",
            "module.eks_cluester.aws_iam_role_policy_attachment.iam_role_eks_vpc_policy_attachment",
            "module.eks_cluester.aws_iam_role_policy_attachment.iam_role_policy_attachment",
            "module.eks_cluester.data.aws_iam_policy.eks_cluster_master_policy",
            "module.eks_cluester.data.aws_iam_policy.eks_cluster_vpc_policy",
            "module.eks_cluester.data.aws_iam_policy_document.iam_policy_document",
            "module.eks_cluster_admin_with_role.aws_iam_role.eks_admin_role",
            "module.eks_cluster_admin_with_role.aws_iam_role.eks_readonly_role",
            "module.eks_cluster_admin_with_role.aws_iam_user.admin_user",
            "module.eks_cluster_admin_with_role.aws_iam_user.basic_user",
            "module.eks_cluster_admin_with_role.data.aws_caller_identity.caller_identity",
            "module.eks_cluster_admin_with_role.data.aws_caller_identity.current",
            "module.eks_cluster_admin_with_role.data.aws_eks_cluster_auth.cluster_auth",
            "module.eks_cluster_admin_with_role.data.aws_iam_policy_document.iam_trust_policy_document",
            "module.eks_cluster_admin_with_role.kubernetes_cluster_role_binding_v1.eksreadonly_clusterrolebinding",
            "module.eks_cluster_admin_with_role.kubernetes_cluster_role_v1.eksreadonly_clusterrole",
            "module.eks_cluster_admin_with_role.kubernetes_namespace_v1.k8s_dev",
            "module.eks_cluster_admin_with_role.kubernetes_role_binding_v1.eksdeveloper_rolebinding",
            "module.vpc.aws_eip.eip",
            "module.vpc.aws_internet_gateway.igw",
            "module.vpc.aws_nat_gateway.public",
            "module.vpc.aws_route_table.private_route_table",
            "module.vpc.aws_route_table.public_route_table",
            "module.vpc.aws_route_table_association.private_rt_asso",
            "module.vpc.aws_route_table_association.public_rt_asso",
            "module.vpc.aws_subnet.private_subnet",
            "module.vpc.aws_subnet.public_subnet",
            "module.vpc.aws_vpc.this",
            "module.vpc.data.aws_availability_zones.azs"
          ]
        }
      ]
    },
    {
      "module": "module.eks_cluster_admin_with_role",
      "mode": "managed",
      "type": "kubernetes_namespace_v1",
      "name": "k8s_dev",
      "provider": "module.eks_cluster_admin_with_role.provider[\"registry.terraform.io/hashicorp/kubernetes\"]",
      "instances": [
        {
          "schema_version": 0,
          "attributes": {
            "id": "dev",
            "metadata": [
              {
                "annotations": null,
                "generate_name": "",
                "generation": 0,
                "labels": null,
                "name": "dev",
                "resource_version": "661",
                "uid": "15d18d3d-6208-429c-a05e-36ce78c916cc"
              }
            ],
            "timeouts": null,
            "wait_for_default_service_account": false
          },
          "sensitive_attributes": [],
          "private": "eyJlMmJmYjczMC1lY2FhLTExZTYtOGY4OC0zNDM2M2JjN2M0YzAiOnsiZGVsZXRlIjozMDAwMDAwMDAwMDB9fQ==",
          "dependencies": [
            "module.eks_cluester.aws_eks_cluster.eks_cluester",
            "module.eks_cluester.aws_iam_role.eks_cluster_master_role",
            "module.eks_cluester.aws_iam_role_policy_attachment.iam_role_eks_vpc_policy_attachment",
            "module.eks_cluester.aws_iam_role_policy_attachment.iam_role_policy_attachment",
            "module.eks_cluester.data.aws_iam_policy.eks_cluster_master_policy",
            "module.eks_cluester.data.aws_iam_policy.eks_cluster_vpc_policy",
            "module.eks_cluester.data.aws_iam_policy_document.iam_policy_document",
            "module.eks_cluster_admin_with_role.data.aws_eks_cluster_auth.cluster_auth",
            "module.vpc.aws_eip.eip",
            "module.vpc.aws_internet_gateway.igw",
            "module.vpc.aws_nat_gateway.public",
            "module.vpc.aws_route_table.private_route_table",
            "module.vpc.aws_route_table.public_route_table",
            "module.vpc.aws_route_table_association.private_rt_asso",
            "module.vpc.aws_route_table_association.public_rt_asso",
            "module.vpc.aws_subnet.private_subnet",
            "module.vpc.aws_subnet.public_subnet",
            "module.vpc.aws_vpc.this",
            "module.vpc.data.aws_availability_zones.azs"
          ]
        }
      ]
    },
    {
      "module": "module.eks_cluster_admin_with_role",
      "mode": "managed",
      "type": "kubernetes_role_binding_v1",
      "name": "eksdeveloper_rolebinding",
      "provider": "module.eks_cluster_admin_with_role.provider[\"registry.terraform.io/hashicorp/kubernetes\"]",
      "instances": [
        {
          "schema_version": 0,
          "attributes": {
            "id": "dev/eksdeveloper-rolebinding",
            "metadata": [
              {
                "annotations": null,
                "generate_name": "",
                "generation": 0,
                "labels": null,
                "name": "eksdeveloper-rolebinding",
                "namespace": "dev",
                "resource_version": "681",
                "uid": "bb72f987-7478-4b8f-9ebf-ec566945e56b"
              }
            ],
            "role_ref": [
              {
                "api_group": "rbac.authorization.k8s.io",
                "kind": "Role",
                "name": "eksreadonly-clusterrole"
              }
            ],
            "subject": [
              {
                "api_group": "rbac.authorization.k8s.io",
                "kind": "Group",
                "name": "eks-readonly-group",
                "namespace": "default"
              }
            ]
          },
          "sensitive_attributes": [],
          "private": "bnVsbA==",
          "dependencies": [
            "module.eks_cluester.aws_eks_cluster.eks_cluester",
            "module.eks_cluester.aws_iam_role.eks_cluster_master_role",
            "module.eks_cluester.aws_iam_role_policy_attachment.iam_role_eks_vpc_policy_attachment",
            "module.eks_cluester.aws_iam_role_policy_attachment.iam_role_policy_attachment",
            "module.eks_cluester.data.aws_iam_policy.eks_cluster_master_policy",
            "module.eks_cluester.data.aws_iam_policy.eks_cluster_vpc_policy",
            "module.eks_cluester.data.aws_iam_policy_document.iam_policy_document",
            "module.eks_cluster_admin_with_role.data.aws_eks_cluster_auth.cluster_auth",
            "module.eks_cluster_admin_with_role.kubernetes_cluster_role_v1.eksreadonly_clusterrole",
            "module.eks_cluster_admin_with_role.kubernetes_namespace_v1.k8s_dev",
            "module.vpc.aws_eip.eip",
            "module.vpc.aws_internet_gateway.igw",
            "module.vpc.aws_nat_gateway.public",
            "module.vpc.aws_route_table.private_route_table",
            "module.vpc.aws_route_table.public_route_table",
            "module.vpc.aws_route_table_association.private_rt_asso",
            "module.vpc.aws_route_table_association.public_rt_asso",
            "module.vpc.aws_subnet.private_subnet",
            "module.vpc.aws_subnet.public_subnet",
            "module.vpc.aws_vpc.this",
            "module.vpc.data.aws_availability_zones.azs"
          ]
        }
      ]
    },
    {
      "module": "module.eks_cluster_admin_with_role",
      "mode": "managed",
      "type": "kubernetes_role_v1",
      "name": "eksdeveloper_role",
      "provider": "module.eks_cluster_admin_with_role.provider[\"registry.terraform.io/hashicorp/kubernetes\"]",
      "instances": [
        {
          "schema_version": 0,
          "attributes": {
            "id": "dev/eksdeveloper-role",
            "metadata": [
              {
                "annotations": null,
                "generate_name": "",
                "generation": 0,
                "labels": null,
                "name": "eksdeveloper-role",
                "namespace": "dev",
                "resource_version": "682",
                "uid": "788f4a6e-1cea-4e8a-b500-4b9d35f2c82a"
              }
            ],
            "rule": [
              {
                "api_groups": [
                  "",
                  "apps",
                  "extensions"
                ],
                "resource_names": null,
                "resources": [
                  "*"
                ],
                "verbs": [
                  "*"
                ]
              },
              {
                "api_groups": [
                  "batch"
                ],
                "resource_names": null,
                "resources": [
                  "cronjobs",
                  "jobs"
                ],
                "verbs": [
                  "*"
                ]
              }
            ]
          },
          "sensitive_attributes": [],
          "private": "bnVsbA==",
          "dependencies": [
            "module.eks_cluester.aws_eks_cluster.eks_cluester",
            "module.eks_cluester.aws_iam_role.eks_cluster_master_role",
            "module.eks_cluester.aws_iam_role_policy_attachment.iam_role_eks_vpc_policy_attachment",
            "module.eks_cluester.aws_iam_role_policy_attachment.iam_role_policy_attachment",
            "module.eks_cluester.data.aws_iam_policy.eks_cluster_master_policy",
            "module.eks_cluester.data.aws_iam_policy.eks_cluster_vpc_policy",
            "module.eks_cluester.data.aws_iam_policy_document.iam_policy_document",
            "module.eks_cluster_admin_with_role.data.aws_eks_cluster_auth.cluster_auth",
            "module.eks_cluster_admin_with_role.kubernetes_namespace_v1.k8s_dev",
            "module.vpc.aws_eip.eip",
            "module.vpc.aws_internet_gateway.igw",
            "module.vpc.aws_nat_gateway.public",
            "module.vpc.aws_route_table.private_route_table",
            "module.vpc.aws_route_table.public_route_table",
            "module.vpc.aws_route_table_association.private_rt_asso",
            "module.vpc.aws_route_table_association.public_rt_asso",
            "module.vpc.aws_subnet.private_subnet",
            "module.vpc.aws_subnet.public_subnet",
            "module.vpc.aws_vpc.this",
            "module.vpc.data.aws_availability_zones.azs"
          ]
        }
      ]
    },
    {
      "module": "module.eks_node_group_public_private",
      "mode": "data",
      "type": "aws_iam_policy",
      "name": "eks_worker_node_cni_policy",
      "provider": "provider[\"registry.terraform.io/hashicorp/aws\"]",
      "instances": [
        {
          "schema_version": 0,
          "attributes": {
            "arn": "arn:aws:iam::aws:policy/AmazonEKS_CNI_Policy",
            "attachment_count": 0,
            "description": "This policy provides the Amazon VPC CNI Plugin (amazon-vpc-cni-k8s) the permissions it requires to modify the IP address configuration on your EKS worker nodes. This permission set allows the CNI to list, describe, and modify Elastic Network Interfaces on your behalf. More information on the AWS VPC CNI Plugin is available here: https://github.com/aws/amazon-vpc-cni-k8s",
            "id": "arn:aws:iam::aws:policy/AmazonEKS_CNI_Policy",
            "name": "AmazonEKS_CNI_Policy",
            "path": "/",
            "path_prefix": null,
            "policy": "{\n\t\"Version\": \"2012-10-17\",\n\t\"Statement\": [\n\t\t{\n\t\t\t\"Sid\": \"AmazonEKSCNIPolicy\",\n\t\t\t\"Effect\": \"Allow\",\n\t\t\t\"Action\": [\n\t\t\t\t\"ec2:AssignPrivateIpAddresses\",\n\t\t\t\t\"ec2:AttachNetworkInterface\",\n\t\t\t\t\"ec2:CreateNetworkInterface\",\n\t\t\t\t\"ec2:DeleteNetworkInterface\",\n\t\t\t\t\"ec2:DescribeInstances\",\n\t\t\t\t\"ec2:DescribeTags\",\n\t\t\t\t\"ec2:DescribeNetworkInterfaces\",\n\t\t\t\t\"ec2:DescribeInstanceTypes\",\n\t\t\t\t\"ec2:DescribeSubnets\",\n\t\t\t\t\"ec2:DetachNetworkInterface\",\n\t\t\t\t\"ec2:ModifyNetworkInterfaceAttribute\",\n\t\t\t\t\"ec2:UnassignPrivateIpAddresses\"\n\t\t\t],\n\t\t\t\"Resource\": \"*\"\n\t\t},\n\t\t{\n\t\t\t\"Sid\": \"AmazonEKSCNIPolicyENITag\",\n\t\t\t\"Effect\": \"Allow\",\n\t\t\t\"Action\": [\n\t\t\t\t\"ec2:CreateTags\"\n\t\t\t],\n\t\t\t\"Resource\": [\n\t\t\t\t\"arn:aws:ec2:*:*:network-interface/*\"\n\t\t\t]\n\t\t}\n\t]\n}",
            "policy_id": "ANPAJWLAS474LDBXNNTM4",
            "tags": {}
          },
          "sensitive_attributes": []
        }
      ]
    },
    {
      "module": "module.eks_node_group_public_private",
      "mode": "data",
      "type": "aws_iam_policy",
      "name": "eks_worker_node_container_ecr_policy",
      "provider": "provider[\"registry.terraform.io/hashicorp/aws\"]",
      "instances": [
        {
          "schema_version": 0,
          "attributes": {
            "arn": "arn:aws:iam::aws:policy/AmazonEC2ContainerRegistryReadOnly",
            "attachment_count": 0,
            "description": "Provides read-only access to Amazon EC2 Container Registry repositories.",
            "id": "arn:aws:iam::aws:policy/AmazonEC2ContainerRegistryReadOnly",
            "name": "AmazonEC2ContainerRegistryReadOnly",
            "path": "/",
            "path_prefix": null,
            "policy": "{\n\t\"Version\": \"2012-10-17\",\n\t\"Statement\": [{\n\t\t\"Effect\": \"Allow\",\n\t\t\"Action\": [\n\t\t\t\"ecr:GetAuthorizationToken\",\n\t\t\t\"ecr:BatchCheckLayerAvailability\",\n\t\t\t\"ecr:GetDownloadUrlForLayer\",\n\t\t\t\"ecr:GetRepositoryPolicy\",\n\t\t\t\"ecr:DescribeRepositories\",\n\t\t\t\"ecr:ListImages\",\n\t\t\t\"ecr:DescribeImages\",\n\t\t\t\"ecr:BatchGetImage\",\n\t\t\t\"ecr:GetLifecyclePolicy\",\n\t\t\t\"ecr:GetLifecyclePolicyPreview\",\n\t\t\t\"ecr:ListTagsForResource\",\n\t\t\t\"ecr:DescribeImageScanFindings\"\n\t\t],\n\t\t\"Resource\": \"*\"\n\t}]\n}\n",
            "policy_id": "ANPAIFYZPA37OOHVIH7KQ",
            "tags": {}
          },
          "sensitive_attributes": []
        }
      ]
    },
    {
      "module": "module.eks_node_group_public_private",
      "mode": "data",
      "type": "aws_iam_policy",
      "name": "eks_worker_node_policy",
      "provider": "provider[\"registry.terraform.io/hashicorp/aws\"]",
      "instances": [
        {
          "schema_version": 0,
          "attributes": {
            "arn": "arn:aws:iam::aws:policy/AmazonEKSWorkerNodePolicy",
            "attachment_count": 0,
            "description": "This policy allows Amazon EKS worker nodes to connect to Amazon EKS Clusters.",
            "id": "arn:aws:iam::aws:policy/AmazonEKSWorkerNodePolicy",
            "name": "AmazonEKSWorkerNodePolicy",
            "path": "/",
            "path_prefix": null,
            "policy": "{\n\t\"Version\": \"2012-10-17\",\n\t\"Statement\": [\n\t\t{\n\t\t\t\"Sid\": \"WorkerNodePermissions\",\n\t\t\t\"Effect\": \"Allow\",\n\t\t\t\"Action\": [\n\t\t\t\t\"ec2:DescribeInstances\",\n\t\t\t\t\"ec2:DescribeInstanceTypes\",\n\t\t\t\t\"ec2:DescribeRouteTables\",\n\t\t\t\t\"ec2:DescribeSecurityGroups\",\n\t\t\t\t\"ec2:DescribeSubnets\",\n\t\t\t\t\"ec2:DescribeVolumes\",\n\t\t\t\t\"ec2:DescribeVolumesModifications\",\n\t\t\t\t\"ec2:DescribeVpcs\",\n\t\t\t\t\"eks:DescribeCluster\",\n\t\t\t\t\"eks-auth:AssumeRoleForPodIdentity\"\n\t\t\t],\n\t\t\t\"Resource\": \"*\"\n\t\t}\n\t]\n}",
            "policy_id": "ANPAIBVMOY52IPQ6HD3PO",
            "tags": {}
          },
          "sensitive_attributes": []
        }
      ]
    },
    {
      "module": "module.eks_node_group_public_private",
      "mode": "data",
      "type": "aws_iam_policy_document",
      "name": "eks_worker_node_policy_doc",
      "provider": "provider[\"registry.terraform.io/hashicorp/aws\"]",
      "instances": [
        {
          "schema_version": 0,
          "attributes": {
            "id": "2851119427",
            "json": "{\n  \"Version\": \"2012-10-17\",\n  \"Statement\": [\n    {\n      \"Effect\": \"Allow\",\n      \"Action\": \"sts:AssumeRole\",\n      \"Principal\": {\n        \"Service\": \"ec2.amazonaws.com\"\n      }\n    }\n  ]\n}",
            "minified_json": "{\"Version\":\"2012-10-17\",\"Statement\":[{\"Effect\":\"Allow\",\"Action\":\"sts:AssumeRole\",\"Principal\":{\"Service\":\"ec2.amazonaws.com\"}}]}",
            "override_json": null,
            "override_policy_documents": null,
            "policy_id": null,
            "source_json": null,
            "source_policy_documents": null,
            "statement": [
              {
                "actions": [
                  "sts:AssumeRole"
                ],
                "condition": [],
                "effect": "Allow",
                "not_actions": [],
                "not_principals": [],
                "not_resources": [],
                "principals": [
                  {
                    "identifiers": [
                      "ec2.amazonaws.com"
                    ],
                    "type": "Service"
                  }
                ],
                "resources": [],
                "sid": ""
              }
            ],
            "version": "2012-10-17"
          },
          "sensitive_attributes": []
        }
      ]
    },
    {
      "module": "module.eks_node_group_public_private",
      "mode": "managed",
      "type": "aws_eks_node_group",
      "name": "eks_private_node_group",
      "provider": "provider[\"registry.terraform.io/hashicorp/aws\"]",
      "instances": [
        {
          "schema_version": 0,
          "attributes": {
            "ami_type": "AL2_x86_64",
            "arn": "arn:aws:eks:us-east-1:466649784722:nodegroup/demo-eks/demo-dev-demo-eks-private-node-group/0ccb94de-c5c4-bf72-c65c-9fc6a90c86f8",
            "capacity_type": "ON_DEMAND",
            "cluster_name": "demo-eks",
            "disk_size": 20,
            "force_update_version": null,
            "id": "demo-eks:demo-dev-demo-eks-private-node-group",
            "instance_types": [
              "t3.medium"
            ],
            "labels": null,
            "launch_template": [],
            "node_group_name": "demo-dev-demo-eks-private-node-group",
            "node_group_name_prefix": "",
            "node_repair_config": [],
            "node_role_arn": "arn:aws:iam::466649784722:role/eks_worker_node_role",
            "release_version": "1.32.3-20250519",
            "remote_access": [
              {
                "ec2_ssh_key": "tf-key",
                "source_security_group_ids": null
              }
            ],
            "resources": [
              {
                "autoscaling_groups": [
                  {
                    "name": "eks-demo-dev-demo-eks-private-node-group-0ccb94de-c5c4-bf72-c65c-9fc6a90c86f8"
                  }
                ],
                "remote_access_security_group_id": "sg-09706eff395d67374"
              }
            ],
            "scaling_config": [
              {
                "desired_size": 1,
                "max_size": 2,
                "min_size": 1
              }
            ],
            "status": "ACTIVE",
            "subnet_ids": [
              "subnet-00e7fa2be956f73c7",
              "subnet-05e9a55f3945009f6"
            ],
            "tags": {
              "Name": "demo-dev-demo-eks-private-node-group",
              "company": "CT",
              "createdBy": "Terraform",
              "environment": "dev",
              "project": "CT-Project"
            },
            "tags_all": {
              "Name": "demo-dev-demo-eks-private-node-group",
              "company": "CT",
              "createdBy": "Terraform",
              "environment": "dev",
              "project": "CT-Project"
            },
            "taint": [],
            "timeouts": null,
            "update_config": [
              {
                "max_unavailable": 1,
                "max_unavailable_percentage": 0
              }
            ],
            "version": "1.32"
          },
          "sensitive_attributes": [],
          "private": "eyJlMmJmYjczMC1lY2FhLTExZTYtOGY4OC0zNDM2M2JjN2M0YzAiOnsiY3JlYXRlIjozNjAwMDAwMDAwMDAwLCJkZWxldGUiOjM2MDAwMDAwMDAwMDAsInVwZGF0ZSI6MzYwMDAwMDAwMDAwMH19",
          "dependencies": [
            "module.eks_cluester.aws_eks_cluster.eks_cluester",
            "module.eks_cluester.aws_iam_role.eks_cluster_master_role",
            "module.eks_cluester.aws_iam_role_policy_attachment.iam_role_eks_vpc_policy_attachment",
            "module.eks_cluester.aws_iam_role_policy_attachment.iam_role_policy_attachment",
            "module.eks_cluester.data.aws_iam_policy.eks_cluster_master_policy",
            "module.eks_cluester.data.aws_iam_policy.eks_cluster_vpc_policy",
            "module.eks_cluester.data.aws_iam_policy_document.iam_policy_document",
            "module.eks_cluster_admin_with_role.aws_iam_group.eks_admin_group",
            "module.eks_cluster_admin_with_role.aws_iam_group.eksreadonly_iam_group",
            "module.eks_cluster_admin_with_role.aws_iam_group_membership.eksadmins",
            "module.eks_cluster_admin_with_role.aws_iam_group_membership.eksreadonly",
            "module.eks_cluster_admin_with_role.aws_iam_group_policy.eksadmins_iam_group_assumerole_policy",
            "module.eks_cluster_admin_with_role.aws_iam_group_policy.eksreadonly_iam_group_assumerole_policy",
            "module.eks_cluster_admin_with_role.aws_iam_policy.eks_admin_policy",
            "module.eks_cluster_admin_with_role.aws_iam_role.eks_admin_role",
            "module.eks_cluster_admin_with_role.aws_iam_role.eks_readonly_role",
            "module.eks_cluster_admin_with_role.aws_iam_role_policy_attachment.eks_admin_role_attachment",
            "module.eks_cluster_admin_with_role.aws_iam_user.admin_user",
            "module.eks_cluster_admin_with_role.aws_iam_user.basic_user",
            "module.eks_cluster_admin_with_role.aws_iam_user.eks_developer_user",
            "module.eks_cluster_admin_with_role.aws_iam_user.eks_role_admin_user",
            "module.eks_cluster_admin_with_role.aws_iam_user.eksreadonly_user",
            "module.eks_cluster_admin_with_role.aws_iam_user_policy.basic_user_eks_policy",
            "module.eks_cluster_admin_with_role.aws_iam_user_policy_attachment.admin_user_policy",
            "module.eks_cluster_admin_with_role.data.aws_caller_identity.caller_identity",
            "module.eks_cluster_admin_with_role.data.aws_caller_identity.current",
            "module.eks_cluster_admin_with_role.data.aws_eks_cluster.cluster_name",
            "module.eks_cluster_admin_with_role.data.aws_eks_cluster_auth.cluster_auth",
            "module.eks_cluster_admin_with_role.data.aws_iam_policy.administrator_policy",
            "module.eks_cluster_admin_with_role.data.aws_iam_policy_document.eks_admin_policy_document",
            "module.eks_cluster_admin_with_role.data.aws_iam_policy_document.iam_trust_policy_document",
            "module.eks_cluster_admin_with_role.kubernetes_cluster_role_binding_v1.eksreadonly_clusterrolebinding",
            "module.eks_cluster_admin_with_role.kubernetes_cluster_role_v1.eksreadonly_clusterrole",
            "module.eks_cluster_admin_with_role.kubernetes_config_map_v1.aws_auth_config_map",
            "module.eks_cluster_admin_with_role.kubernetes_namespace_v1.k8s_dev",
            "module.eks_cluster_admin_with_role.kubernetes_role_binding_v1.eksdeveloper_rolebinding",
            "module.eks_cluster_admin_with_role.kubernetes_role_v1.eksdeveloper_role",
            "module.eks_node_group_public_private.aws_iam_role.eks_worker_node_role",
            "module.eks_node_group_public_private.data.aws_iam_policy_document.eks_worker_node_policy_doc",
            "module.vpc.aws_eip.eip",
            "module.vpc.aws_internet_gateway.igw",
            "module.vpc.aws_nat_gateway.public",
            "module.vpc.aws_route_table.private_route_table",
            "module.vpc.aws_route_table.public_route_table",
            "module.vpc.aws_route_table_association.private_rt_asso",
            "module.vpc.aws_route_table_association.public_rt_asso",
            "module.vpc.aws_subnet.private_subnet",
            "module.vpc.aws_subnet.public_subnet",
            "module.vpc.aws_vpc.this",
            "module.vpc.data.aws_availability_zones.azs"
          ]
        }
      ]
    },
    {
      "module": "module.eks_node_group_public_private",
      "mode": "managed",
      "type": "aws_iam_role",
      "name": "eks_worker_node_role",
      "provider": "provider[\"registry.terraform.io/hashicorp/aws\"]",
      "instances": [
        {
          "schema_version": 0,
          "attributes": {
            "arn": "arn:aws:iam::466649784722:role/eks_worker_node_role",
            "assume_role_policy": "{\"Statement\":[{\"Action\":\"sts:AssumeRole\",\"Effect\":\"Allow\",\"Principal\":{\"Service\":\"ec2.amazonaws.com\"}}],\"Version\":\"2012-10-17\"}",
            "create_date": "2025-06-01T04:26:14Z",
            "description": "",
            "force_detach_policies": false,
            "id": "eks_worker_node_role",
            "inline_policy": [],
            "managed_policy_arns": [],
            "max_session_duration": 3600,
            "name": "eks_worker_node_role",
            "name_prefix": "",
            "path": "/",
            "permissions_boundary": "",
            "tags": {
              "Name": "demo-dev-eks-worker-node-role",
              "company": "CT",
              "createdBy": "Terraform",
              "environment": "dev",
              "project": "CT-Project"
            },
            "tags_all": {
              "Name": "demo-dev-eks-worker-node-role",
              "company": "CT",
              "createdBy": "Terraform",
              "environment": "dev",
              "project": "CT-Project"
            },
            "unique_id": "AROAWZJT6UGJJBFLHJH2F"
          },
          "sensitive_attributes": [],
          "private": "bnVsbA==",
          "dependencies": [
            "module.eks_cluester.aws_eks_cluster.eks_cluester",
            "module.eks_cluester.aws_iam_role.eks_cluster_master_role",
            "module.eks_cluester.aws_iam_role_policy_attachment.iam_role_eks_vpc_policy_attachment",
            "module.eks_cluester.aws_iam_role_policy_attachment.iam_role_policy_attachment",
            "module.eks_cluester.data.aws_iam_policy.eks_cluster_master_policy",
            "module.eks_cluester.data.aws_iam_policy.eks_cluster_vpc_policy",
            "module.eks_cluester.data.aws_iam_policy_document.iam_policy_document",
            "module.eks_cluster_admin_with_role.aws_iam_group.eks_admin_group",
            "module.eks_cluster_admin_with_role.aws_iam_group.eksreadonly_iam_group",
            "module.eks_cluster_admin_with_role.aws_iam_group_membership.eksadmins",
            "module.eks_cluster_admin_with_role.aws_iam_group_membership.eksreadonly",
            "module.eks_cluster_admin_with_role.aws_iam_group_policy.eksadmins_iam_group_assumerole_policy",
            "module.eks_cluster_admin_with_role.aws_iam_group_policy.eksreadonly_iam_group_assumerole_policy",
            "module.eks_cluster_admin_with_role.aws_iam_policy.eks_admin_policy",
            "module.eks_cluster_admin_with_role.aws_iam_role.eks_admin_role",
            "module.eks_cluster_admin_with_role.aws_iam_role.eks_readonly_role",
            "module.eks_cluster_admin_with_role.aws_iam_role_policy_attachment.eks_admin_role_attachment",
            "module.eks_cluster_admin_with_role.aws_iam_user.admin_user",
            "module.eks_cluster_admin_with_role.aws_iam_user.basic_user",
            "module.eks_cluster_admin_with_role.aws_iam_user.eks_developer_user",
            "module.eks_cluster_admin_with_role.aws_iam_user.eks_role_admin_user",
            "module.eks_cluster_admin_with_role.aws_iam_user.eksreadonly_user",
            "module.eks_cluster_admin_with_role.aws_iam_user_policy.basic_user_eks_policy",
            "module.eks_cluster_admin_with_role.aws_iam_user_policy_attachment.admin_user_policy",
            "module.eks_cluster_admin_with_role.data.aws_caller_identity.caller_identity",
            "module.eks_cluster_admin_with_role.data.aws_caller_identity.current",
            "module.eks_cluster_admin_with_role.data.aws_eks_cluster.cluster_name",
            "module.eks_cluster_admin_with_role.data.aws_eks_cluster_auth.cluster_auth",
            "module.eks_cluster_admin_with_role.data.aws_iam_policy.administrator_policy",
            "module.eks_cluster_admin_with_role.data.aws_iam_policy_document.eks_admin_policy_document",
            "module.eks_cluster_admin_with_role.data.aws_iam_policy_document.iam_trust_policy_document",
            "module.eks_cluster_admin_with_role.kubernetes_cluster_role_binding_v1.eksreadonly_clusterrolebinding",
            "module.eks_cluster_admin_with_role.kubernetes_cluster_role_v1.eksreadonly_clusterrole",
            "module.eks_cluster_admin_with_role.kubernetes_config_map_v1.aws_auth_config_map",
            "module.eks_cluster_admin_with_role.kubernetes_namespace_v1.k8s_dev",
            "module.eks_cluster_admin_with_role.kubernetes_role_binding_v1.eksdeveloper_rolebinding",
            "module.eks_cluster_admin_with_role.kubernetes_role_v1.eksdeveloper_role",
            "module.eks_node_group_public_private.data.aws_iam_policy_document.eks_worker_node_policy_doc",
            "module.vpc.aws_eip.eip",
            "module.vpc.aws_internet_gateway.igw",
            "module.vpc.aws_nat_gateway.public",
            "module.vpc.aws_route_table.private_route_table",
            "module.vpc.aws_route_table.public_route_table",
            "module.vpc.aws_route_table_association.private_rt_asso",
            "module.vpc.aws_route_table_association.public_rt_asso",
            "module.vpc.aws_subnet.private_subnet",
            "module.vpc.aws_subnet.public_subnet",
            "module.vpc.aws_vpc.this",
            "module.vpc.data.aws_availability_zones.azs"
          ]
        }
      ]
    },
    {
      "module": "module.eks_node_group_public_private",
      "mode": "managed",
      "type": "aws_iam_role_policy_attachment",
      "name": "eks_worker_node_role_att",
      "provider": "provider[\"registry.terraform.io/hashicorp/aws\"]",
      "instances": [
        {
          "schema_version": 0,
          "attributes": {
            "id": "eks_worker_node_role-20250601042616212200000005",
            "policy_arn": "arn:aws:iam::aws:policy/AmazonEKSWorkerNodePolicy",
            "role": "eks_worker_node_role"
          },
          "sensitive_attributes": [],
          "private": "bnVsbA==",
          "dependencies": [
            "module.eks_cluester.aws_eks_cluster.eks_cluester",
            "module.eks_cluester.aws_iam_role.eks_cluster_master_role",
            "module.eks_cluester.aws_iam_role_policy_attachment.iam_role_eks_vpc_policy_attachment",
            "module.eks_cluester.aws_iam_role_policy_attachment.iam_role_policy_attachment",
            "module.eks_cluester.data.aws_iam_policy.eks_cluster_master_policy",
            "module.eks_cluester.data.aws_iam_policy.eks_cluster_vpc_policy",
            "module.eks_cluester.data.aws_iam_policy_document.iam_policy_document",
            "module.eks_cluster_admin_with_role.aws_iam_group.eks_admin_group",
            "module.eks_cluster_admin_with_role.aws_iam_group.eksreadonly_iam_group",
            "module.eks_cluster_admin_with_role.aws_iam_group_membership.eksadmins",
            "module.eks_cluster_admin_with_role.aws_iam_group_membership.eksreadonly",
            "module.eks_cluster_admin_with_role.aws_iam_group_policy.eksadmins_iam_group_assumerole_policy",
            "module.eks_cluster_admin_with_role.aws_iam_group_policy.eksreadonly_iam_group_assumerole_policy",
            "module.eks_cluster_admin_with_role.aws_iam_policy.eks_admin_policy",
            "module.eks_cluster_admin_with_role.aws_iam_role.eks_admin_role",
            "module.eks_cluster_admin_with_role.aws_iam_role.eks_readonly_role",
            "module.eks_cluster_admin_with_role.aws_iam_role_policy_attachment.eks_admin_role_attachment",
            "module.eks_cluster_admin_with_role.aws_iam_user.admin_user",
            "module.eks_cluster_admin_with_role.aws_iam_user.basic_user",
            "module.eks_cluster_admin_with_role.aws_iam_user.eks_developer_user",
            "module.eks_cluster_admin_with_role.aws_iam_user.eks_role_admin_user",
            "module.eks_cluster_admin_with_role.aws_iam_user.eksreadonly_user",
            "module.eks_cluster_admin_with_role.aws_iam_user_policy.basic_user_eks_policy",
            "module.eks_cluster_admin_with_role.aws_iam_user_policy_attachment.admin_user_policy",
            "module.eks_cluster_admin_with_role.data.aws_caller_identity.caller_identity",
            "module.eks_cluster_admin_with_role.data.aws_caller_identity.current",
            "module.eks_cluster_admin_with_role.data.aws_eks_cluster.cluster_name",
            "module.eks_cluster_admin_with_role.data.aws_eks_cluster_auth.cluster_auth",
            "module.eks_cluster_admin_with_role.data.aws_iam_policy.administrator_policy",
            "module.eks_cluster_admin_with_role.data.aws_iam_policy_document.eks_admin_policy_document",
            "module.eks_cluster_admin_with_role.data.aws_iam_policy_document.iam_trust_policy_document",
            "module.eks_cluster_admin_with_role.kubernetes_cluster_role_binding_v1.eksreadonly_clusterrolebinding",
            "module.eks_cluster_admin_with_role.kubernetes_cluster_role_v1.eksreadonly_clusterrole",
            "module.eks_cluster_admin_with_role.kubernetes_config_map_v1.aws_auth_config_map",
            "module.eks_cluster_admin_with_role.kubernetes_namespace_v1.k8s_dev",
            "module.eks_cluster_admin_with_role.kubernetes_role_binding_v1.eksdeveloper_rolebinding",
            "module.eks_cluster_admin_with_role.kubernetes_role_v1.eksdeveloper_role",
            "module.eks_node_group_public_private.aws_iam_role.eks_worker_node_role",
            "module.eks_node_group_public_private.data.aws_iam_policy.eks_worker_node_policy",
            "module.eks_node_group_public_private.data.aws_iam_policy_document.eks_worker_node_policy_doc",
            "module.vpc.aws_eip.eip",
            "module.vpc.aws_internet_gateway.igw",
            "module.vpc.aws_nat_gateway.public",
            "module.vpc.aws_route_table.private_route_table",
            "module.vpc.aws_route_table.public_route_table",
            "module.vpc.aws_route_table_association.private_rt_asso",
            "module.vpc.aws_route_table_association.public_rt_asso",
            "module.vpc.aws_subnet.private_subnet",
            "module.vpc.aws_subnet.public_subnet",
            "module.vpc.aws_vpc.this",
            "module.vpc.data.aws_availability_zones.azs"
          ]
        }
      ]
    },
    {
      "module": "module.eks_node_group_public_private",
      "mode": "managed",
      "type": "aws_iam_role_policy_attachment",
      "name": "eks_worker_node_role_cni_att",
      "provider": "provider[\"registry.terraform.io/hashicorp/aws\"]",
      "instances": [
        {
          "schema_version": 0,
          "attributes": {
            "id": "eks_worker_node_role-20250601042616217900000006",
            "policy_arn": "arn:aws:iam::aws:policy/AmazonEKS_CNI_Policy",
            "role": "eks_worker_node_role"
          },
          "sensitive_attributes": [],
          "private": "bnVsbA==",
          "dependencies": [
            "module.eks_cluester.aws_eks_cluster.eks_cluester",
            "module.eks_cluester.aws_iam_role.eks_cluster_master_role",
            "module.eks_cluester.aws_iam_role_policy_attachment.iam_role_eks_vpc_policy_attachment",
            "module.eks_cluester.aws_iam_role_policy_attachment.iam_role_policy_attachment",
            "module.eks_cluester.data.aws_iam_policy.eks_cluster_master_policy",
            "module.eks_cluester.data.aws_iam_policy.eks_cluster_vpc_policy",
            "module.eks_cluester.data.aws_iam_policy_document.iam_policy_document",
            "module.eks_cluster_admin_with_role.aws_iam_group.eks_admin_group",
            "module.eks_cluster_admin_with_role.aws_iam_group.eksreadonly_iam_group",
            "module.eks_cluster_admin_with_role.aws_iam_group_membership.eksadmins",
            "module.eks_cluster_admin_with_role.aws_iam_group_membership.eksreadonly",
            "module.eks_cluster_admin_with_role.aws_iam_group_policy.eksadmins_iam_group_assumerole_policy",
            "module.eks_cluster_admin_with_role.aws_iam_group_policy.eksreadonly_iam_group_assumerole_policy",
            "module.eks_cluster_admin_with_role.aws_iam_policy.eks_admin_policy",
            "module.eks_cluster_admin_with_role.aws_iam_role.eks_admin_role",
            "module.eks_cluster_admin_with_role.aws_iam_role.eks_readonly_role",
            "module.eks_cluster_admin_with_role.aws_iam_role_policy_attachment.eks_admin_role_attachment",
            "module.eks_cluster_admin_with_role.aws_iam_user.admin_user",
            "module.eks_cluster_admin_with_role.aws_iam_user.basic_user",
            "module.eks_cluster_admin_with_role.aws_iam_user.eks_developer_user",
            "module.eks_cluster_admin_with_role.aws_iam_user.eks_role_admin_user",
            "module.eks_cluster_admin_with_role.aws_iam_user.eksreadonly_user",
            "module.eks_cluster_admin_with_role.aws_iam_user_policy.basic_user_eks_policy",
            "module.eks_cluster_admin_with_role.aws_iam_user_policy_attachment.admin_user_policy",
            "module.eks_cluster_admin_with_role.data.aws_caller_identity.caller_identity",
            "module.eks_cluster_admin_with_role.data.aws_caller_identity.current",
            "module.eks_cluster_admin_with_role.data.aws_eks_cluster.cluster_name",
            "module.eks_cluster_admin_with_role.data.aws_eks_cluster_auth.cluster_auth",
            "module.eks_cluster_admin_with_role.data.aws_iam_policy.administrator_policy",
            "module.eks_cluster_admin_with_role.data.aws_iam_policy_document.eks_admin_policy_document",
            "module.eks_cluster_admin_with_role.data.aws_iam_policy_document.iam_trust_policy_document",
            "module.eks_cluster_admin_with_role.kubernetes_cluster_role_binding_v1.eksreadonly_clusterrolebinding",
            "module.eks_cluster_admin_with_role.kubernetes_cluster_role_v1.eksreadonly_clusterrole",
            "module.eks_cluster_admin_with_role.kubernetes_config_map_v1.aws_auth_config_map",
            "module.eks_cluster_admin_with_role.kubernetes_namespace_v1.k8s_dev",
            "module.eks_cluster_admin_with_role.kubernetes_role_binding_v1.eksdeveloper_rolebinding",
            "module.eks_cluster_admin_with_role.kubernetes_role_v1.eksdeveloper_role",
            "module.eks_node_group_public_private.aws_iam_role.eks_worker_node_role",
            "module.eks_node_group_public_private.data.aws_iam_policy.eks_worker_node_cni_policy",
            "module.eks_node_group_public_private.data.aws_iam_policy_document.eks_worker_node_policy_doc",
            "module.vpc.aws_eip.eip",
            "module.vpc.aws_internet_gateway.igw",
            "module.vpc.aws_nat_gateway.public",
            "module.vpc.aws_route_table.private_route_table",
            "module.vpc.aws_route_table.public_route_table",
            "module.vpc.aws_route_table_association.private_rt_asso",
            "module.vpc.aws_route_table_association.public_rt_asso",
            "module.vpc.aws_subnet.private_subnet",
            "module.vpc.aws_subnet.public_subnet",
            "module.vpc.aws_vpc.this",
            "module.vpc.data.aws_availability_zones.azs"
          ]
        }
      ]
    },
    {
      "module": "module.eks_node_group_public_private",
      "mode": "managed",
      "type": "aws_iam_role_policy_attachment",
      "name": "eks_worker_node_role_cni_ecr",
      "provider": "provider[\"registry.terraform.io/hashicorp/aws\"]",
      "instances": [
        {
          "schema_version": 0,
          "attributes": {
            "id": "eks_worker_node_role-20250601042616208500000004",
            "policy_arn": "arn:aws:iam::aws:policy/AmazonEC2ContainerRegistryReadOnly",
            "role": "eks_worker_node_role"
          },
          "sensitive_attributes": [],
          "private": "bnVsbA==",
          "dependencies": [
            "module.eks_cluester.aws_eks_cluster.eks_cluester",
            "module.eks_cluester.aws_iam_role.eks_cluster_master_role",
            "module.eks_cluester.aws_iam_role_policy_attachment.iam_role_eks_vpc_policy_attachment",
            "module.eks_cluester.aws_iam_role_policy_attachment.iam_role_policy_attachment",
            "module.eks_cluester.data.aws_iam_policy.eks_cluster_master_policy",
            "module.eks_cluester.data.aws_iam_policy.eks_cluster_vpc_policy",
            "module.eks_cluester.data.aws_iam_policy_document.iam_policy_document",
            "module.eks_cluster_admin_with_role.aws_iam_group.eks_admin_group",
            "module.eks_cluster_admin_with_role.aws_iam_group.eksreadonly_iam_group",
            "module.eks_cluster_admin_with_role.aws_iam_group_membership.eksadmins",
            "module.eks_cluster_admin_with_role.aws_iam_group_membership.eksreadonly",
            "module.eks_cluster_admin_with_role.aws_iam_group_policy.eksadmins_iam_group_assumerole_policy",
            "module.eks_cluster_admin_with_role.aws_iam_group_policy.eksreadonly_iam_group_assumerole_policy",
            "module.eks_cluster_admin_with_role.aws_iam_policy.eks_admin_policy",
            "module.eks_cluster_admin_with_role.aws_iam_role.eks_admin_role",
            "module.eks_cluster_admin_with_role.aws_iam_role.eks_readonly_role",
            "module.eks_cluster_admin_with_role.aws_iam_role_policy_attachment.eks_admin_role_attachment",
            "module.eks_cluster_admin_with_role.aws_iam_user.admin_user",
            "module.eks_cluster_admin_with_role.aws_iam_user.basic_user",
            "module.eks_cluster_admin_with_role.aws_iam_user.eks_developer_user",
            "module.eks_cluster_admin_with_role.aws_iam_user.eks_role_admin_user",
            "module.eks_cluster_admin_with_role.aws_iam_user.eksreadonly_user",
            "module.eks_cluster_admin_with_role.aws_iam_user_policy.basic_user_eks_policy",
            "module.eks_cluster_admin_with_role.aws_iam_user_policy_attachment.admin_user_policy",
            "module.eks_cluster_admin_with_role.data.aws_caller_identity.caller_identity",
            "module.eks_cluster_admin_with_role.data.aws_caller_identity.current",
            "module.eks_cluster_admin_with_role.data.aws_eks_cluster.cluster_name",
            "module.eks_cluster_admin_with_role.data.aws_eks_cluster_auth.cluster_auth",
            "module.eks_cluster_admin_with_role.data.aws_iam_policy.administrator_policy",
            "module.eks_cluster_admin_with_role.data.aws_iam_policy_document.eks_admin_policy_document",
            "module.eks_cluster_admin_with_role.data.aws_iam_policy_document.iam_trust_policy_document",
            "module.eks_cluster_admin_with_role.kubernetes_cluster_role_binding_v1.eksreadonly_clusterrolebinding",
            "module.eks_cluster_admin_with_role.kubernetes_cluster_role_v1.eksreadonly_clusterrole",
            "module.eks_cluster_admin_with_role.kubernetes_config_map_v1.aws_auth_config_map",
            "module.eks_cluster_admin_with_role.kubernetes_namespace_v1.k8s_dev",
            "module.eks_cluster_admin_with_role.kubernetes_role_binding_v1.eksdeveloper_rolebinding",
            "module.eks_cluster_admin_with_role.kubernetes_role_v1.eksdeveloper_role",
            "module.eks_node_group_public_private.aws_iam_role.eks_worker_node_role",
            "module.eks_node_group_public_private.data.aws_iam_policy.eks_worker_node_container_ecr_policy",
            "module.eks_node_group_public_private.data.aws_iam_policy_document.eks_worker_node_policy_doc",
            "module.vpc.aws_eip.eip",
            "module.vpc.aws_internet_gateway.igw",
            "module.vpc.aws_nat_gateway.public",
            "module.vpc.aws_route_table.private_route_table",
            "module.vpc.aws_route_table.public_route_table",
            "module.vpc.aws_route_table_association.private_rt_asso",
            "module.vpc.aws_route_table_association.public_rt_asso",
            "module.vpc.aws_subnet.private_subnet",
            "module.vpc.aws_subnet.public_subnet",
            "module.vpc.aws_vpc.this",
            "module.vpc.data.aws_availability_zones.azs"
          ]
        }
      ]
    },
    {
      "module": "module.vpc",
      "mode": "data",
      "type": "aws_availability_zones",
      "name": "azs",
      "provider": "provider[\"registry.terraform.io/hashicorp/aws\"]",
      "instances": [
        {
          "schema_version": 0,
          "attributes": {
            "all_availability_zones": null,
            "exclude_names": null,
            "exclude_zone_ids": null,
            "filter": null,
            "group_names": [
              "us-east-1-zg-1"
            ],
            "id": "us-east-1",
            "names": [
              "us-east-1a",
              "us-east-1b",
              "us-east-1c",
              "us-east-1d",
              "us-east-1e",
              "us-east-1f"
            ],
            "state": "available",
            "timeouts": null,
            "zone_ids": [
              "use1-az2",
              "use1-az4",
              "use1-az6",
              "use1-az1",
              "use1-az3",
              "use1-az5"
            ]
          },
          "sensitive_attributes": []
        }
      ]
    },
    {
      "module": "module.vpc",
      "mode": "managed",
      "type": "aws_eip",
      "name": "eip",
      "provider": "provider[\"registry.terraform.io/hashicorp/aws\"]",
      "instances": [
        {
          "schema_version": 0,
          "attributes": {
            "address": null,
            "allocation_id": "eipalloc-00801bebf7d789551",
            "arn": "arn:aws:ec2:us-east-1:466649784722:elastic-ip/eipalloc-00801bebf7d789551",
            "associate_with_private_ip": null,
            "association_id": "eipassoc-00697b035a889e068",
            "carrier_ip": "",
            "customer_owned_ip": "",
            "customer_owned_ipv4_pool": "",
            "domain": "vpc",
            "id": "eipalloc-00801bebf7d789551",
            "instance": "",
            "ipam_pool_id": null,
            "network_border_group": "us-east-1",
            "network_interface": "eni-07c8b32e7e22efb80",
            "private_dns": "ip-10-0-0-63.ec2.internal",
            "private_ip": "10.0.0.63",
            "ptr_record": "",
            "public_dns": "ec2-44-214-246-105.compute-1.amazonaws.com",
            "public_ip": "44.214.246.105",
            "public_ipv4_pool": "amazon",
            "tags": {},
            "tags_all": {},
            "timeouts": null,
            "vpc": true
          },
          "sensitive_attributes": [],
          "private": "eyJlMmJmYjczMC1lY2FhLTExZTYtOGY4OC0zNDM2M2JjN2M0YzAiOnsiZGVsZXRlIjoxODAwMDAwMDAwMDAsInJlYWQiOjkwMDAwMDAwMDAwMCwidXBkYXRlIjozMDAwMDAwMDAwMDB9fQ==",
          "dependencies": [
            "module.vpc.aws_internet_gateway.igw",
            "module.vpc.aws_vpc.this"
          ]
        }
      ]
    },
    {
      "module": "module.vpc",
      "mode": "managed",
      "type": "aws_internet_gateway",
      "name": "igw",
      "provider": "provider[\"registry.terraform.io/hashicorp/aws\"]",
      "instances": [
        {
          "schema_version": 0,
          "attributes": {
            "arn": "arn:aws:ec2:us-east-1:466649784722:internet-gateway/igw-0c5a2851d5576d812",
            "id": "igw-0c5a2851d5576d812",
            "owner_id": "466649784722",
            "tags": {
              "Name": "demo-dev-igw",
              "company": "CT",
              "createdBy": "Terraform",
              "environment": "dev",
              "project": "CT-Project"
            },
            "tags_all": {
              "Name": "demo-dev-igw",
              "company": "CT",
              "createdBy": "Terraform",
              "environment": "dev",
              "project": "CT-Project"
            },
            "timeouts": null,
            "vpc_id": "vpc-0781eb576b2de18c3"
          },
          "sensitive_attributes": [],
          "private": "eyJlMmJmYjczMC1lY2FhLTExZTYtOGY4OC0zNDM2M2JjN2M0YzAiOnsiY3JlYXRlIjoxMjAwMDAwMDAwMDAwLCJkZWxldGUiOjEyMDAwMDAwMDAwMDAsInVwZGF0ZSI6MTIwMDAwMDAwMDAwMH19",
          "dependencies": [
            "module.vpc.aws_vpc.this"
          ]
        }
      ]
    },
    {
      "module": "module.vpc",
      "mode": "managed",
      "type": "aws_nat_gateway",
      "name": "public",
      "provider": "provider[\"registry.terraform.io/hashicorp/aws\"]",
      "instances": [
        {
          "schema_version": 0,
          "attributes": {
            "allocation_id": "eipalloc-00801bebf7d789551",
            "association_id": "eipassoc-00697b035a889e068",
            "connectivity_type": "public",
            "id": "nat-0af766328fdb734c0",
            "network_interface_id": "eni-07c8b32e7e22efb80",
            "private_ip": "10.0.0.63",
            "public_ip": "44.214.246.105",
            "secondary_allocation_ids": [],
            "secondary_private_ip_address_count": 0,
            "secondary_private_ip_addresses": [],
            "subnet_id": "subnet-0d5251fa6b5be92cc",
            "tags": {
              "Name": "demo-dev-natgw",
              "company": "CT",
              "createdBy": "Terraform",
              "environment": "dev",
              "project": "CT-Project"
            },
            "tags_all": {
              "Name": "demo-dev-natgw",
              "company": "CT",
              "createdBy": "Terraform",
              "environment": "dev",
              "project": "CT-Project"
            },
            "timeouts": null
          },
          "sensitive_attributes": [],
          "private": "eyJlMmJmYjczMC1lY2FhLTExZTYtOGY4OC0zNDM2M2JjN2M0YzAiOnsiY3JlYXRlIjo2MDAwMDAwMDAwMDAsImRlbGV0ZSI6MTgwMDAwMDAwMDAwMCwidXBkYXRlIjo2MDAwMDAwMDAwMDB9fQ==",
          "dependencies": [
            "module.vpc.aws_eip.eip",
            "module.vpc.aws_internet_gateway.igw",
            "module.vpc.aws_subnet.public_subnet",
            "module.vpc.aws_vpc.this",
            "module.vpc.data.aws_availability_zones.azs"
          ]
        }
      ]
    },
    {
      "module": "module.vpc",
      "mode": "managed",
      "type": "aws_route_table",
      "name": "private_route_table",
      "provider": "provider[\"registry.terraform.io/hashicorp/aws\"]",
      "instances": [
        {
          "schema_version": 0,
          "attributes": {
            "arn": "arn:aws:ec2:us-east-1:466649784722:route-table/rtb-0f476913be9be4562",
            "id": "rtb-0f476913be9be4562",
            "owner_id": "466649784722",
            "propagating_vgws": [],
            "route": [
              {
                "carrier_gateway_id": "",
                "cidr_block": "0.0.0.0/0",
                "core_network_arn": "",
                "destination_prefix_list_id": "",
                "egress_only_gateway_id": "",
                "gateway_id": "",
                "ipv6_cidr_block": "",
                "local_gateway_id": "",
                "nat_gateway_id": "nat-0af766328fdb734c0",
                "network_interface_id": "",
                "transit_gateway_id": "",
                "vpc_endpoint_id": "",
                "vpc_peering_connection_id": ""
              }
            ],
            "tags": {
              "Name": "demo-dev-priv-rtable",
              "company": "CT",
              "createdBy": "Terraform",
              "environment": "dev",
              "project": "CT-Project"
            },
            "tags_all": {
              "Name": "demo-dev-priv-rtable",
              "company": "CT",
              "createdBy": "Terraform",
              "environment": "dev",
              "project": "CT-Project"
            },
            "timeouts": null,
            "vpc_id": "vpc-0781eb576b2de18c3"
          },
          "sensitive_attributes": [],
          "private": "eyJlMmJmYjczMC1lY2FhLTExZTYtOGY4OC0zNDM2M2JjN2M0YzAiOnsiY3JlYXRlIjozMDAwMDAwMDAwMDAsImRlbGV0ZSI6MzAwMDAwMDAwMDAwLCJ1cGRhdGUiOjEyMDAwMDAwMDAwMH19",
          "dependencies": [
            "module.vpc.aws_eip.eip",
            "module.vpc.aws_internet_gateway.igw",
            "module.vpc.aws_nat_gateway.public",
            "module.vpc.aws_subnet.public_subnet",
            "module.vpc.aws_vpc.this",
            "module.vpc.data.aws_availability_zones.azs"
          ]
        }
      ]
    },
    {
      "module": "module.vpc",
      "mode": "managed",
      "type": "aws_route_table",
      "name": "public_route_table",
      "provider": "provider[\"registry.terraform.io/hashicorp/aws\"]",
      "instances": [
        {
          "schema_version": 0,
          "attributes": {
            "arn": "arn:aws:ec2:us-east-1:466649784722:route-table/rtb-08aa3d47bb7ba8d5a",
            "id": "rtb-08aa3d47bb7ba8d5a",
            "owner_id": "466649784722",
            "propagating_vgws": [],
            "route": [
              {
                "carrier_gateway_id": "",
                "cidr_block": "0.0.0.0/0",
                "core_network_arn": "",
                "destination_prefix_list_id": "",
                "egress_only_gateway_id": "",
                "gateway_id": "igw-0c5a2851d5576d812",
                "ipv6_cidr_block": "",
                "local_gateway_id": "",
                "nat_gateway_id": "",
                "network_interface_id": "",
                "transit_gateway_id": "",
                "vpc_endpoint_id": "",
                "vpc_peering_connection_id": ""
              }
            ],
            "tags": {
              "Name": "demo-dev-public-rt",
              "company": "CT",
              "createdBy": "Terraform",
              "environment": "dev",
              "project": "CT-Project"
            },
            "tags_all": {
              "Name": "demo-dev-public-rt",
              "company": "CT",
              "createdBy": "Terraform",
              "environment": "dev",
              "project": "CT-Project"
            },
            "timeouts": null,
            "vpc_id": "vpc-0781eb576b2de18c3"
          },
          "sensitive_attributes": [],
          "private": "eyJlMmJmYjczMC1lY2FhLTExZTYtOGY4OC0zNDM2M2JjN2M0YzAiOnsiY3JlYXRlIjozMDAwMDAwMDAwMDAsImRlbGV0ZSI6MzAwMDAwMDAwMDAwLCJ1cGRhdGUiOjEyMDAwMDAwMDAwMH19",
          "dependencies": [
            "module.vpc.aws_internet_gateway.igw",
            "module.vpc.aws_vpc.this"
          ]
        }
      ]
    },
    {
      "module": "module.vpc",
      "mode": "managed",
      "type": "aws_route_table_association",
      "name": "private_rt_asso",
      "provider": "provider[\"registry.terraform.io/hashicorp/aws\"]",
      "instances": [
        {
          "index_key": 0,
          "schema_version": 0,
          "attributes": {
            "gateway_id": "",
            "id": "rtbassoc-0980bda1fb190177f",
            "route_table_id": "rtb-0f476913be9be4562",
            "subnet_id": "subnet-00e7fa2be956f73c7",
            "timeouts": null
          },
          "sensitive_attributes": [],
          "private": "eyJlMmJmYjczMC1lY2FhLTExZTYtOGY4OC0zNDM2M2JjN2M0YzAiOnsiY3JlYXRlIjozMDAwMDAwMDAwMDAsImRlbGV0ZSI6MzAwMDAwMDAwMDAwLCJ1cGRhdGUiOjEyMDAwMDAwMDAwMH19",
          "dependencies": [
            "module.vpc.aws_eip.eip",
            "module.vpc.aws_internet_gateway.igw",
            "module.vpc.aws_nat_gateway.public",
            "module.vpc.aws_route_table.private_route_table",
            "module.vpc.aws_subnet.private_subnet",
            "module.vpc.aws_subnet.public_subnet",
            "module.vpc.aws_vpc.this",
            "module.vpc.data.aws_availability_zones.azs"
          ]
        },
        {
          "index_key": 1,
          "schema_version": 0,
          "attributes": {
            "gateway_id": "",
            "id": "rtbassoc-06055a9d901455810",
            "route_table_id": "rtb-0f476913be9be4562",
            "subnet_id": "subnet-05e9a55f3945009f6",
            "timeouts": null
          },
          "sensitive_attributes": [],
          "private": "eyJlMmJmYjczMC1lY2FhLTExZTYtOGY4OC0zNDM2M2JjN2M0YzAiOnsiY3JlYXRlIjozMDAwMDAwMDAwMDAsImRlbGV0ZSI6MzAwMDAwMDAwMDAwLCJ1cGRhdGUiOjEyMDAwMDAwMDAwMH19",
          "dependencies": [
            "module.vpc.aws_eip.eip",
            "module.vpc.aws_internet_gateway.igw",
            "module.vpc.aws_nat_gateway.public",
            "module.vpc.aws_route_table.private_route_table",
            "module.vpc.aws_subnet.private_subnet",
            "module.vpc.aws_subnet.public_subnet",
            "module.vpc.aws_vpc.this",
            "module.vpc.data.aws_availability_zones.azs"
          ]
        }
      ]
    },
    {
      "module": "module.vpc",
      "mode": "managed",
      "type": "aws_route_table_association",
      "name": "public_rt_asso",
      "provider": "provider[\"registry.terraform.io/hashicorp/aws\"]",
      "instances": [
        {
          "index_key": 0,
          "schema_version": 0,
          "attributes": {
            "gateway_id": "",
            "id": "rtbassoc-0183234de5e56c8af",
            "route_table_id": "rtb-08aa3d47bb7ba8d5a",
            "subnet_id": "subnet-0d5251fa6b5be92cc",
            "timeouts": null
          },
          "sensitive_attributes": [],
          "private": "eyJlMmJmYjczMC1lY2FhLTExZTYtOGY4OC0zNDM2M2JjN2M0YzAiOnsiY3JlYXRlIjozMDAwMDAwMDAwMDAsImRlbGV0ZSI6MzAwMDAwMDAwMDAwLCJ1cGRhdGUiOjEyMDAwMDAwMDAwMH19",
          "dependencies": [
            "module.vpc.aws_internet_gateway.igw",
            "module.vpc.aws_route_table.public_route_table",
            "module.vpc.aws_subnet.public_subnet",
            "module.vpc.aws_vpc.this",
            "module.vpc.data.aws_availability_zones.azs"
          ]
        },
        {
          "index_key": 1,
          "schema_version": 0,
          "attributes": {
            "gateway_id": "",
            "id": "rtbassoc-05d0e9ac2cf498fb8",
            "route_table_id": "rtb-08aa3d47bb7ba8d5a",
            "subnet_id": "subnet-0fb73c5332edb2962",
            "timeouts": null
          },
          "sensitive_attributes": [],
          "private": "eyJlMmJmYjczMC1lY2FhLTExZTYtOGY4OC0zNDM2M2JjN2M0YzAiOnsiY3JlYXRlIjozMDAwMDAwMDAwMDAsImRlbGV0ZSI6MzAwMDAwMDAwMDAwLCJ1cGRhdGUiOjEyMDAwMDAwMDAwMH19",
          "dependencies": [
            "module.vpc.aws_internet_gateway.igw",
            "module.vpc.aws_route_table.public_route_table",
            "module.vpc.aws_subnet.public_subnet",
            "module.vpc.aws_vpc.this",
            "module.vpc.data.aws_availability_zones.azs"
          ]
        }
      ]
    },
    {
      "module": "module.vpc",
      "mode": "managed",
      "type": "aws_subnet",
      "name": "private_subnet",
      "provider": "provider[\"registry.terraform.io/hashicorp/aws\"]",
      "instances": [
        {
          "index_key": 0,
          "schema_version": 1,
          "attributes": {
            "arn": "arn:aws:ec2:us-east-1:466649784722:subnet/subnet-00e7fa2be956f73c7",
            "assign_ipv6_address_on_creation": false,
            "availability_zone": "us-east-1a",
            "availability_zone_id": "use1-az2",
            "cidr_block": "10.0.2.0/24",
            "customer_owned_ipv4_pool": "",
            "enable_dns64": false,
            "enable_lni_at_device_index": 0,
            "enable_resource_name_dns_a_record_on_launch": false,
            "enable_resource_name_dns_aaaa_record_on_launch": false,
            "id": "subnet-00e7fa2be956f73c7",
            "ipv6_cidr_block": "",
            "ipv6_cidr_block_association_id": "",
            "ipv6_native": false,
            "map_customer_owned_ip_on_launch": false,
            "map_public_ip_on_launch": false,
            "outpost_arn": "",
            "owner_id": "466649784722",
            "private_dns_hostname_type_on_launch": "ip-name",
            "tags": {
              "Name": "demo-dev-private-1",
              "company": "CT",
              "createdBy": "Terraform",
              "environment": "dev",
              "project": "CT-Project"
            },
            "tags_all": {
              "Name": "demo-dev-private-1",
              "company": "CT",
              "createdBy": "Terraform",
              "environment": "dev",
              "project": "CT-Project"
            },
            "timeouts": null,
            "vpc_id": "vpc-0781eb576b2de18c3"
          },
          "sensitive_attributes": [],
          "private": "eyJlMmJmYjczMC1lY2FhLTExZTYtOGY4OC0zNDM2M2JjN2M0YzAiOnsiY3JlYXRlIjo2MDAwMDAwMDAwMDAsImRlbGV0ZSI6MTIwMDAwMDAwMDAwMH0sInNjaGVtYV92ZXJzaW9uIjoiMSJ9",
          "dependencies": [
            "module.vpc.aws_vpc.this",
            "module.vpc.data.aws_availability_zones.azs"
          ]
        },
        {
          "index_key": 1,
          "schema_version": 1,
          "attributes": {
            "arn": "arn:aws:ec2:us-east-1:466649784722:subnet/subnet-05e9a55f3945009f6",
            "assign_ipv6_address_on_creation": false,
            "availability_zone": "us-east-1b",
            "availability_zone_id": "use1-az4",
            "cidr_block": "10.0.3.0/24",
            "customer_owned_ipv4_pool": "",
            "enable_dns64": false,
            "enable_lni_at_device_index": 0,
            "enable_resource_name_dns_a_record_on_launch": false,
            "enable_resource_name_dns_aaaa_record_on_launch": false,
            "id": "subnet-05e9a55f3945009f6",
            "ipv6_cidr_block": "",
            "ipv6_cidr_block_association_id": "",
            "ipv6_native": false,
            "map_customer_owned_ip_on_launch": false,
            "map_public_ip_on_launch": false,
            "outpost_arn": "",
            "owner_id": "466649784722",
            "private_dns_hostname_type_on_launch": "ip-name",
            "tags": {
              "Name": "demo-dev-private-2",
              "company": "CT",
              "createdBy": "Terraform",
              "environment": "dev",
              "project": "CT-Project"
            },
            "tags_all": {
              "Name": "demo-dev-private-2",
              "company": "CT",
              "createdBy": "Terraform",
              "environment": "dev",
              "project": "CT-Project"
            },
            "timeouts": null,
            "vpc_id": "vpc-0781eb576b2de18c3"
          },
          "sensitive_attributes": [],
          "private": "eyJlMmJmYjczMC1lY2FhLTExZTYtOGY4OC0zNDM2M2JjN2M0YzAiOnsiY3JlYXRlIjo2MDAwMDAwMDAwMDAsImRlbGV0ZSI6MTIwMDAwMDAwMDAwMH0sInNjaGVtYV92ZXJzaW9uIjoiMSJ9",
          "dependencies": [
            "module.vpc.aws_vpc.this",
            "module.vpc.data.aws_availability_zones.azs"
          ]
        }
      ]
    },
    {
      "module": "module.vpc",
      "mode": "managed",
      "type": "aws_subnet",
      "name": "public_subnet",
      "provider": "provider[\"registry.terraform.io/hashicorp/aws\"]",
      "instances": [
        {
          "index_key": 0,
          "schema_version": 1,
          "attributes": {
            "arn": "arn:aws:ec2:us-east-1:466649784722:subnet/subnet-0d5251fa6b5be92cc",
            "assign_ipv6_address_on_creation": false,
            "availability_zone": "us-east-1a",
            "availability_zone_id": "use1-az2",
            "cidr_block": "10.0.0.0/24",
            "customer_owned_ipv4_pool": "",
            "enable_dns64": false,
            "enable_lni_at_device_index": 0,
            "enable_resource_name_dns_a_record_on_launch": false,
            "enable_resource_name_dns_aaaa_record_on_launch": false,
            "id": "subnet-0d5251fa6b5be92cc",
            "ipv6_cidr_block": "",
            "ipv6_cidr_block_association_id": "",
            "ipv6_native": false,
            "map_customer_owned_ip_on_launch": false,
            "map_public_ip_on_launch": true,
            "outpost_arn": "",
            "owner_id": "466649784722",
            "private_dns_hostname_type_on_launch": "ip-name",
            "tags": {
              "Name": "demo-dev-public-1",
              "company": "CT",
              "createdBy": "Terraform",
              "environment": "dev",
              "project": "CT-Project"
            },
            "tags_all": {
              "Name": "demo-dev-public-1",
              "company": "CT",
              "createdBy": "Terraform",
              "environment": "dev",
              "project": "CT-Project"
            },
            "timeouts": null,
            "vpc_id": "vpc-0781eb576b2de18c3"
          },
          "sensitive_attributes": [],
          "private": "eyJlMmJmYjczMC1lY2FhLTExZTYtOGY4OC0zNDM2M2JjN2M0YzAiOnsiY3JlYXRlIjo2MDAwMDAwMDAwMDAsImRlbGV0ZSI6MTIwMDAwMDAwMDAwMH0sInNjaGVtYV92ZXJzaW9uIjoiMSJ9",
          "dependencies": [
            "module.vpc.aws_vpc.this",
            "module.vpc.data.aws_availability_zones.azs"
          ]
        },
        {
          "index_key": 1,
          "schema_version": 1,
          "attributes": {
            "arn": "arn:aws:ec2:us-east-1:466649784722:subnet/subnet-0fb73c5332edb2962",
            "assign_ipv6_address_on_creation": false,
            "availability_zone": "us-east-1b",
            "availability_zone_id": "use1-az4",
            "cidr_block": "10.0.1.0/24",
            "customer_owned_ipv4_pool": "",
            "enable_dns64": false,
            "enable_lni_at_device_index": 0,
            "enable_resource_name_dns_a_record_on_launch": false,
            "enable_resource_name_dns_aaaa_record_on_launch": false,
            "id": "subnet-0fb73c5332edb2962",
            "ipv6_cidr_block": "",
            "ipv6_cidr_block_association_id": "",
            "ipv6_native": false,
            "map_customer_owned_ip_on_launch": false,
            "map_public_ip_on_launch": true,
            "outpost_arn": "",
            "owner_id": "466649784722",
            "private_dns_hostname_type_on_launch": "ip-name",
            "tags": {
              "Name": "demo-dev-public-2",
              "company": "CT",
              "createdBy": "Terraform",
              "environment": "dev",
              "project": "CT-Project"
            },
            "tags_all": {
              "Name": "demo-dev-public-2",
              "company": "CT",
              "createdBy": "Terraform",
              "environment": "dev",
              "project": "CT-Project"
            },
            "timeouts": null,
            "vpc_id": "vpc-0781eb576b2de18c3"
          },
          "sensitive_attributes": [],
          "private": "eyJlMmJmYjczMC1lY2FhLTExZTYtOGY4OC0zNDM2M2JjN2M0YzAiOnsiY3JlYXRlIjo2MDAwMDAwMDAwMDAsImRlbGV0ZSI6MTIwMDAwMDAwMDAwMH0sInNjaGVtYV92ZXJzaW9uIjoiMSJ9",
          "dependencies": [
            "module.vpc.aws_vpc.this",
            "module.vpc.data.aws_availability_zones.azs"
          ]
        }
      ]
    },
    {
      "module": "module.vpc",
      "mode": "managed",
      "type": "aws_vpc",
      "name": "this",
      "provider": "provider[\"registry.terraform.io/hashicorp/aws\"]",
      "instances": [
        {
          "schema_version": 1,
          "attributes": {
            "arn": "arn:aws:ec2:us-east-1:466649784722:vpc/vpc-0781eb576b2de18c3",
            "assign_generated_ipv6_cidr_block": false,
            "cidr_block": "10.0.0.0/16",
            "default_network_acl_id": "acl-0b7ba1972a3e8f40a",
            "default_route_table_id": "rtb-04b3c04de22914224",
            "default_security_group_id": "sg-01217fdd9bd741cf0",
            "dhcp_options_id": "dopt-06107f0c754d77483",
            "enable_dns_hostnames": true,
            "enable_dns_support": true,
            "enable_network_address_usage_metrics": false,
            "id": "vpc-0781eb576b2de18c3",
            "instance_tenancy": "default",
            "ipv4_ipam_pool_id": null,
            "ipv4_netmask_length": null,
            "ipv6_association_id": "",
            "ipv6_cidr_block": "",
            "ipv6_cidr_block_network_border_group": "",
            "ipv6_ipam_pool_id": "",
            "ipv6_netmask_length": 0,
            "main_route_table_id": "rtb-04b3c04de22914224",
            "owner_id": "466649784722",
            "tags": {
              "Name": "demo-dev-vpc-ecs",
              "company": "CT",
              "createdBy": "Terraform",
              "environment": "dev",
              "project": "CT-Project"
            },
            "tags_all": {
              "Name": "demo-dev-vpc-ecs",
              "company": "CT",
              "createdBy": "Terraform",
              "environment": "dev",
              "project": "CT-Project"
            }
          },
          "sensitive_attributes": [],
          "private": "eyJzY2hlbWFfdmVyc2lvbiI6IjEifQ=="
        }
      ]
    }
  ],
  "check_results": null
}
